// !$*UTF8*$!
{
	archiveVersion = 1;
	classes = {
	};
	objectVersion = 46;
	objects = {

/* Begin PBXBuildFile section */
		0F2870931FCF7936006230BF /* NBPhoneNumberUtil+ShortNumber.h in Headers */ = {isa = PBXBuildFile; fileRef = 0F2870911FCF7936006230BF /* NBPhoneNumberUtil+ShortNumber.h */; };
		0F2870941FCF7936006230BF /* NBPhoneNumberUtil+ShortNumber.m in Sources */ = {isa = PBXBuildFile; fileRef = 0F2870921FCF7936006230BF /* NBPhoneNumberUtil+ShortNumber.m */; };
		0F2870981FCF8F13006230BF /* NBRegExMatcher.h in Headers */ = {isa = PBXBuildFile; fileRef = 0F2870961FCF8F13006230BF /* NBRegExMatcher.h */; };
		0F2870991FCF8F13006230BF /* NBRegExMatcher.h in Headers */ = {isa = PBXBuildFile; fileRef = 0F2870961FCF8F13006230BF /* NBRegExMatcher.h */; };
		0F28709A1FCF8F13006230BF /* NBRegExMatcher.h in Headers */ = {isa = PBXBuildFile; fileRef = 0F2870961FCF8F13006230BF /* NBRegExMatcher.h */; };
		0F28709B1FCF8F13006230BF /* NBRegExMatcher.h in Headers */ = {isa = PBXBuildFile; fileRef = 0F2870961FCF8F13006230BF /* NBRegExMatcher.h */; };
		0F28709C1FCF8F13006230BF /* NBRegExMatcher.m in Sources */ = {isa = PBXBuildFile; fileRef = 0F2870971FCF8F13006230BF /* NBRegExMatcher.m */; };
		0F28709D1FCF8F13006230BF /* NBRegExMatcher.m in Sources */ = {isa = PBXBuildFile; fileRef = 0F2870971FCF8F13006230BF /* NBRegExMatcher.m */; };
		0F28709E1FCF8F13006230BF /* NBRegExMatcher.m in Sources */ = {isa = PBXBuildFile; fileRef = 0F2870971FCF8F13006230BF /* NBRegExMatcher.m */; };
		0F28709F1FCF8F13006230BF /* NBRegExMatcher.m in Sources */ = {isa = PBXBuildFile; fileRef = 0F2870971FCF8F13006230BF /* NBRegExMatcher.m */; };
		0F2870A21FCF9368006230BF /* NBRegularExpressionCache.h in Headers */ = {isa = PBXBuildFile; fileRef = 0F2870A01FCF9368006230BF /* NBRegularExpressionCache.h */; };
		0F2870A31FCF9368006230BF /* NBRegularExpressionCache.h in Headers */ = {isa = PBXBuildFile; fileRef = 0F2870A01FCF9368006230BF /* NBRegularExpressionCache.h */; };
		0F2870A41FCF9368006230BF /* NBRegularExpressionCache.h in Headers */ = {isa = PBXBuildFile; fileRef = 0F2870A01FCF9368006230BF /* NBRegularExpressionCache.h */; };
		0F2870A51FCF9368006230BF /* NBRegularExpressionCache.h in Headers */ = {isa = PBXBuildFile; fileRef = 0F2870A01FCF9368006230BF /* NBRegularExpressionCache.h */; };
		0F2870A61FCF9368006230BF /* NBRegularExpressionCache.m in Sources */ = {isa = PBXBuildFile; fileRef = 0F2870A11FCF9368006230BF /* NBRegularExpressionCache.m */; };
		0F2870A71FCF9368006230BF /* NBRegularExpressionCache.m in Sources */ = {isa = PBXBuildFile; fileRef = 0F2870A11FCF9368006230BF /* NBRegularExpressionCache.m */; };
		0F2870A81FCF9368006230BF /* NBRegularExpressionCache.m in Sources */ = {isa = PBXBuildFile; fileRef = 0F2870A11FCF9368006230BF /* NBRegularExpressionCache.m */; };
		0F2870A91FCF9368006230BF /* NBRegularExpressionCache.m in Sources */ = {isa = PBXBuildFile; fileRef = 0F2870A11FCF9368006230BF /* NBRegularExpressionCache.m */; };
		0F2870AA1FCF9612006230BF /* NBPhoneNumberUtil+ShortNumber.m in Sources */ = {isa = PBXBuildFile; fileRef = 0F2870921FCF7936006230BF /* NBPhoneNumberUtil+ShortNumber.m */; };
		0F2870AB1FCF9612006230BF /* NBPhoneNumberUtil+ShortNumber.m in Sources */ = {isa = PBXBuildFile; fileRef = 0F2870921FCF7936006230BF /* NBPhoneNumberUtil+ShortNumber.m */; };
		0F2870AC1FCF9612006230BF /* NBPhoneNumberUtil+ShortNumber.m in Sources */ = {isa = PBXBuildFile; fileRef = 0F2870921FCF7936006230BF /* NBPhoneNumberUtil+ShortNumber.m */; };
		0F2870AD1FCF9617006230BF /* NBPhoneNumberUtil+ShortNumber.m in Sources */ = {isa = PBXBuildFile; fileRef = 0F2870921FCF7936006230BF /* NBPhoneNumberUtil+ShortNumber.m */; };
		0F2870AF1FCF961C006230BF /* NBRegExMatcher.m in Sources */ = {isa = PBXBuildFile; fileRef = 0F2870971FCF8F13006230BF /* NBRegExMatcher.m */; };
		0F2870B11FCF9620006230BF /* NBRegularExpressionCache.m in Sources */ = {isa = PBXBuildFile; fileRef = 0F2870A11FCF9368006230BF /* NBRegularExpressionCache.m */; };
		0F4314DC203CA833005FE065 /* NBPhoneNumberParsingPerfTest.m in Sources */ = {isa = PBXBuildFile; fileRef = 0FAE11902037959800193503 /* NBPhoneNumberParsingPerfTest.m */; };
		0F4D824C1FCF60A5009F9C17 /* NBShortNumberInfoTest.m in Sources */ = {isa = PBXBuildFile; fileRef = 0F4D824B1FCF60A5009F9C17 /* NBShortNumberInfoTest.m */; };
		1485C5271E06F4890092F541 /* NBAsYouTypeFormatterTest.m in Sources */ = {isa = PBXBuildFile; fileRef = 1485C5231E06F4890092F541 /* NBAsYouTypeFormatterTest.m */; };
		1485C5291E06F4890092F541 /* NBPhoneNumberUtilTest.m in Sources */ = {isa = PBXBuildFile; fileRef = 1485C5251E06F4890092F541 /* NBPhoneNumberUtilTest.m */; };
		14B7A2AB1DE9BF160051AED7 /* NBMetadataHelper.m in Sources */ = {isa = PBXBuildFile; fileRef = FD12C2691A87401B00B53856 /* NBMetadataHelper.m */; };
		14B7A2B01DE9BF160051AED7 /* NBPhoneNumber.m in Sources */ = {isa = PBXBuildFile; fileRef = FD8B842D1934C35F00C350EB /* NBPhoneNumber.m */; };
		14B7A2B11DE9BF160051AED7 /* NBNumberFormat.m in Sources */ = {isa = PBXBuildFile; fileRef = FD8B84291934C35F00C350EB /* NBNumberFormat.m */; };
		14B7A2B21DE9BF160051AED7 /* NBPhoneNumberDesc.m in Sources */ = {isa = PBXBuildFile; fileRef = FD8B84301934C35F00C350EB /* NBPhoneNumberDesc.m */; };
		14B7A2B31DE9BF160051AED7 /* NBPhoneMetaData.m in Sources */ = {isa = PBXBuildFile; fileRef = FD8B842B1934C35F00C350EB /* NBPhoneMetaData.m */; };
		14B7A2B41DE9BF160051AED7 /* NBPhoneNumberDefines.m in Sources */ = {isa = PBXBuildFile; fileRef = A81D6A281BECC43A00F68F34 /* NBPhoneNumberDefines.m */; };
		14B7A2B51DE9BF160051AED7 /* NBPhoneNumberUtil.m in Sources */ = {isa = PBXBuildFile; fileRef = FD8B84321934C35F00C350EB /* NBPhoneNumberUtil.m */; };
		14B7A2B61DE9BF160051AED7 /* NBAsYouTypeFormatter.m in Sources */ = {isa = PBXBuildFile; fileRef = FD8B84271934C35F00C350EB /* NBAsYouTypeFormatter.m */; };
		1F31D52E1DDD46B100257818 /* libPhoneNumberwatchOS.h in Headers */ = {isa = PBXBuildFile; fileRef = 1F31D52C1DDD46B100257818 /* libPhoneNumberwatchOS.h */; settings = {ATTRIBUTES = (Public, ); }; };
		1F31D5321DDD46B900257818 /* NBMetadataHelper.h in Headers */ = {isa = PBXBuildFile; fileRef = FD12C2681A87401B00B53856 /* NBMetadataHelper.h */; settings = {ATTRIBUTES = (Public, ); }; };
		1F31D5331DDD46BD00257818 /* NBMetadataHelper.m in Sources */ = {isa = PBXBuildFile; fileRef = FD12C2691A87401B00B53856 /* NBMetadataHelper.m */; };
		1F31D5391DDD46E600257818 /* NBPhoneNumberDefines.h in Headers */ = {isa = PBXBuildFile; fileRef = FD8B842E1934C35F00C350EB /* NBPhoneNumberDefines.h */; settings = {ATTRIBUTES = (Public, ); }; };
		1F31D53A1DDD46EA00257818 /* NBPhoneNumberDefines.m in Sources */ = {isa = PBXBuildFile; fileRef = A81D6A281BECC43A00F68F34 /* NBPhoneNumberDefines.m */; };
		1F31D53B1DDD46ED00257818 /* NBPhoneNumberUtil.h in Headers */ = {isa = PBXBuildFile; fileRef = FD8B84311934C35F00C350EB /* NBPhoneNumberUtil.h */; settings = {ATTRIBUTES = (Public, ); }; };
		1F31D53C1DDD46F000257818 /* NBPhoneNumberUtil.m in Sources */ = {isa = PBXBuildFile; fileRef = FD8B84321934C35F00C350EB /* NBPhoneNumberUtil.m */; };
		1F31D53D1DDD46F300257818 /* NBAsYouTypeFormatter.h in Headers */ = {isa = PBXBuildFile; fileRef = FD8B84261934C35F00C350EB /* NBAsYouTypeFormatter.h */; settings = {ATTRIBUTES = (Public, ); }; };
		1F31D53E1DDD46F700257818 /* NBAsYouTypeFormatter.m in Sources */ = {isa = PBXBuildFile; fileRef = FD8B84271934C35F00C350EB /* NBAsYouTypeFormatter.m */; };
		1F31D5401DDD477300257818 /* NBPhoneNumber.h in Headers */ = {isa = PBXBuildFile; fileRef = FD8B842C1934C35F00C350EB /* NBPhoneNumber.h */; settings = {ATTRIBUTES = (Public, ); }; };
		1F31D5411DDD477600257818 /* NBPhoneNumber.m in Sources */ = {isa = PBXBuildFile; fileRef = FD8B842D1934C35F00C350EB /* NBPhoneNumber.m */; };
		1F31D5421DDD477800257818 /* NBNumberFormat.h in Headers */ = {isa = PBXBuildFile; fileRef = FD8B84281934C35F00C350EB /* NBNumberFormat.h */; settings = {ATTRIBUTES = (Public, ); }; };
		1F31D5431DDD477B00257818 /* NBNumberFormat.m in Sources */ = {isa = PBXBuildFile; fileRef = FD8B84291934C35F00C350EB /* NBNumberFormat.m */; };
		1F31D5441DDD477D00257818 /* NBPhoneNumberDesc.h in Headers */ = {isa = PBXBuildFile; fileRef = FD8B842F1934C35F00C350EB /* NBPhoneNumberDesc.h */; settings = {ATTRIBUTES = (Public, ); }; };
		1F31D5451DDD478100257818 /* NBPhoneNumberDesc.m in Sources */ = {isa = PBXBuildFile; fileRef = FD8B84301934C35F00C350EB /* NBPhoneNumberDesc.m */; };
		1F31D5461DDD478300257818 /* NBPhoneMetaData.h in Headers */ = {isa = PBXBuildFile; fileRef = FD8B842A1934C35F00C350EB /* NBPhoneMetaData.h */; settings = {ATTRIBUTES = (Public, ); }; };
		1F31D5471DDD478600257818 /* NBPhoneMetaData.m in Sources */ = {isa = PBXBuildFile; fileRef = FD8B842B1934C35F00C350EB /* NBPhoneMetaData.m */; };
		1F31D5511DDD47BA00257818 /* libPhoneNumbertvOS.h in Headers */ = {isa = PBXBuildFile; fileRef = 1F31D54F1DDD47BA00257818 /* libPhoneNumbertvOS.h */; settings = {ATTRIBUTES = (Public, ); }; };
		1F31D5551DDD47EB00257818 /* NBMetadataHelper.h in Headers */ = {isa = PBXBuildFile; fileRef = FD12C2681A87401B00B53856 /* NBMetadataHelper.h */; settings = {ATTRIBUTES = (Public, ); }; };
		1F31D5561DDD47F000257818 /* NBMetadataHelper.m in Sources */ = {isa = PBXBuildFile; fileRef = FD12C2691A87401B00B53856 /* NBMetadataHelper.m */; };
		1F31D55C1DDD481B00257818 /* NBPhoneNumber.h in Headers */ = {isa = PBXBuildFile; fileRef = FD8B842C1934C35F00C350EB /* NBPhoneNumber.h */; settings = {ATTRIBUTES = (Public, ); }; };
		1F31D55D1DDD481D00257818 /* NBPhoneNumber.m in Sources */ = {isa = PBXBuildFile; fileRef = FD8B842D1934C35F00C350EB /* NBPhoneNumber.m */; };
		1F31D55E1DDD482000257818 /* NBNumberFormat.h in Headers */ = {isa = PBXBuildFile; fileRef = FD8B84281934C35F00C350EB /* NBNumberFormat.h */; settings = {ATTRIBUTES = (Public, ); }; };
		1F31D55F1DDD482300257818 /* NBNumberFormat.m in Sources */ = {isa = PBXBuildFile; fileRef = FD8B84291934C35F00C350EB /* NBNumberFormat.m */; };
		1F31D5601DDD482600257818 /* NBPhoneNumberDesc.h in Headers */ = {isa = PBXBuildFile; fileRef = FD8B842F1934C35F00C350EB /* NBPhoneNumberDesc.h */; settings = {ATTRIBUTES = (Public, ); }; };
		1F31D5611DDD482900257818 /* NBPhoneNumberDesc.m in Sources */ = {isa = PBXBuildFile; fileRef = FD8B84301934C35F00C350EB /* NBPhoneNumberDesc.m */; };
		1F31D5621DDD482C00257818 /* NBPhoneMetaData.h in Headers */ = {isa = PBXBuildFile; fileRef = FD8B842A1934C35F00C350EB /* NBPhoneMetaData.h */; settings = {ATTRIBUTES = (Public, ); }; };
		1F31D5631DDD482F00257818 /* NBPhoneMetaData.m in Sources */ = {isa = PBXBuildFile; fileRef = FD8B842B1934C35F00C350EB /* NBPhoneMetaData.m */; };
		1F31D5641DDD483200257818 /* NBPhoneNumberDefines.h in Headers */ = {isa = PBXBuildFile; fileRef = FD8B842E1934C35F00C350EB /* NBPhoneNumberDefines.h */; settings = {ATTRIBUTES = (Public, ); }; };
		1F31D5651DDD483500257818 /* NBPhoneNumberDefines.m in Sources */ = {isa = PBXBuildFile; fileRef = A81D6A281BECC43A00F68F34 /* NBPhoneNumberDefines.m */; };
		1F31D5661DDD483700257818 /* NBPhoneNumberUtil.h in Headers */ = {isa = PBXBuildFile; fileRef = FD8B84311934C35F00C350EB /* NBPhoneNumberUtil.h */; settings = {ATTRIBUTES = (Public, ); }; };
		1F31D5671DDD483A00257818 /* NBPhoneNumberUtil.m in Sources */ = {isa = PBXBuildFile; fileRef = FD8B84321934C35F00C350EB /* NBPhoneNumberUtil.m */; };
		1F31D5681DDD483C00257818 /* NBAsYouTypeFormatter.h in Headers */ = {isa = PBXBuildFile; fileRef = FD8B84261934C35F00C350EB /* NBAsYouTypeFormatter.h */; settings = {ATTRIBUTES = (Public, ); }; };
		1F31D5691DDD484000257818 /* NBAsYouTypeFormatter.m in Sources */ = {isa = PBXBuildFile; fileRef = FD8B84271934C35F00C350EB /* NBAsYouTypeFormatter.m */; };
		34ACBB8A1B7122AC0064B3BD /* libPhoneNumberiOS.h in Headers */ = {isa = PBXBuildFile; fileRef = 34ACBB891B7122AC0064B3BD /* libPhoneNumberiOS.h */; settings = {ATTRIBUTES = (Public, ); }; };
		34ACBBAA1B7122F80064B3BD /* NBPhoneNumber.m in Sources */ = {isa = PBXBuildFile; fileRef = FD8B842D1934C35F00C350EB /* NBPhoneNumber.m */; };
		34ACBBAB1B7122FD0064B3BD /* NBNumberFormat.m in Sources */ = {isa = PBXBuildFile; fileRef = FD8B84291934C35F00C350EB /* NBNumberFormat.m */; };
		34ACBBAC1B7122FF0064B3BD /* NBPhoneNumberDesc.m in Sources */ = {isa = PBXBuildFile; fileRef = FD8B84301934C35F00C350EB /* NBPhoneNumberDesc.m */; };
		34ACBBAD1B7123020064B3BD /* NBPhoneMetaData.m in Sources */ = {isa = PBXBuildFile; fileRef = FD8B842B1934C35F00C350EB /* NBPhoneMetaData.m */; };
		34ACBBAE1B7123090064B3BD /* NBPhoneNumberUtil.m in Sources */ = {isa = PBXBuildFile; fileRef = FD8B84321934C35F00C350EB /* NBPhoneNumberUtil.m */; };
		34ACBBAF1B71230B0064B3BD /* NBMetadataHelper.m in Sources */ = {isa = PBXBuildFile; fileRef = FD12C2691A87401B00B53856 /* NBMetadataHelper.m */; };
		34ACBBB01B71230E0064B3BD /* NBAsYouTypeFormatter.m in Sources */ = {isa = PBXBuildFile; fileRef = FD8B84271934C35F00C350EB /* NBAsYouTypeFormatter.m */; };
		34ACBBB51B71241E0064B3BD /* CoreTelephony.framework in Frameworks */ = {isa = PBXBuildFile; fileRef = 29F3A15C17B98AE1005D8E07 /* CoreTelephony.framework */; };
		34ACBBB61B7124AB0064B3BD /* NBPhoneNumberDefines.h in Headers */ = {isa = PBXBuildFile; fileRef = FD8B842E1934C35F00C350EB /* NBPhoneNumberDefines.h */; settings = {ATTRIBUTES = (Public, ); }; };
		34ACBBB71B7124BE0064B3BD /* NBPhoneNumber.h in Headers */ = {isa = PBXBuildFile; fileRef = FD8B842C1934C35F00C350EB /* NBPhoneNumber.h */; settings = {ATTRIBUTES = (Public, ); }; };
		34ACBBB81B7124D10064B3BD /* NBNumberFormat.h in Headers */ = {isa = PBXBuildFile; fileRef = FD8B84281934C35F00C350EB /* NBNumberFormat.h */; settings = {ATTRIBUTES = (Public, ); }; };
		34ACBBB91B7124DB0064B3BD /* NBPhoneNumberDesc.h in Headers */ = {isa = PBXBuildFile; fileRef = FD8B842F1934C35F00C350EB /* NBPhoneNumberDesc.h */; settings = {ATTRIBUTES = (Public, ); }; };
		34ACBBBA1B7124E40064B3BD /* NBPhoneMetaData.h in Headers */ = {isa = PBXBuildFile; fileRef = FD8B842A1934C35F00C350EB /* NBPhoneMetaData.h */; settings = {ATTRIBUTES = (Public, ); }; };
		34ACBBBB1B7124EF0064B3BD /* NBPhoneNumberUtil.h in Headers */ = {isa = PBXBuildFile; fileRef = FD8B84311934C35F00C350EB /* NBPhoneNumberUtil.h */; settings = {ATTRIBUTES = (Public, ); }; };
		34ACBBBC1B7125290064B3BD /* NBMetadataHelper.h in Headers */ = {isa = PBXBuildFile; fileRef = FD12C2681A87401B00B53856 /* NBMetadataHelper.h */; settings = {ATTRIBUTES = (Public, ); }; };
		34ACBBBD1B7125450064B3BD /* NBAsYouTypeFormatter.h in Headers */ = {isa = PBXBuildFile; fileRef = FD8B84261934C35F00C350EB /* NBAsYouTypeFormatter.h */; settings = {ATTRIBUTES = (Public, ); }; };
		7C7250801E0EBE7D00F916ED /* libPhoneNumbermacOS.h in Headers */ = {isa = PBXBuildFile; fileRef = 7C72507E1E0EBE7D00F916ED /* libPhoneNumbermacOS.h */; settings = {ATTRIBUTES = (Public, ); }; };
		7C7250841E0EC01E00F916ED /* NBMetadataHelper.m in Sources */ = {isa = PBXBuildFile; fileRef = FD12C2691A87401B00B53856 /* NBMetadataHelper.m */; };
		7C7250871E0EC03400F916ED /* NBPhoneNumber.m in Sources */ = {isa = PBXBuildFile; fileRef = FD8B842D1934C35F00C350EB /* NBPhoneNumber.m */; };
		7C7250881E0EC03400F916ED /* NBNumberFormat.m in Sources */ = {isa = PBXBuildFile; fileRef = FD8B84291934C35F00C350EB /* NBNumberFormat.m */; };
		7C7250891E0EC03400F916ED /* NBPhoneNumberDesc.m in Sources */ = {isa = PBXBuildFile; fileRef = FD8B84301934C35F00C350EB /* NBPhoneNumberDesc.m */; };
		7C72508A1E0EC03400F916ED /* NBPhoneMetaData.m in Sources */ = {isa = PBXBuildFile; fileRef = FD8B842B1934C35F00C350EB /* NBPhoneMetaData.m */; };
		7C72508B1E0EC03A00F916ED /* NBPhoneNumberDefines.m in Sources */ = {isa = PBXBuildFile; fileRef = A81D6A281BECC43A00F68F34 /* NBPhoneNumberDefines.m */; };
		7C72508C1E0EC03A00F916ED /* NBPhoneNumberUtil.m in Sources */ = {isa = PBXBuildFile; fileRef = FD8B84321934C35F00C350EB /* NBPhoneNumberUtil.m */; };
		7C72508D1E0EC03A00F916ED /* NBAsYouTypeFormatter.m in Sources */ = {isa = PBXBuildFile; fileRef = FD8B84271934C35F00C350EB /* NBAsYouTypeFormatter.m */; };
		7C72508E1E0EC05900F916ED /* NBMetadataHelper.h in Headers */ = {isa = PBXBuildFile; fileRef = FD12C2681A87401B00B53856 /* NBMetadataHelper.h */; settings = {ATTRIBUTES = (Public, ); }; };
		7C7250911E0EC06900F916ED /* NBPhoneNumber.h in Headers */ = {isa = PBXBuildFile; fileRef = FD8B842C1934C35F00C350EB /* NBPhoneNumber.h */; settings = {ATTRIBUTES = (Public, ); }; };
		7C7250921E0EC06900F916ED /* NBNumberFormat.h in Headers */ = {isa = PBXBuildFile; fileRef = FD8B84281934C35F00C350EB /* NBNumberFormat.h */; settings = {ATTRIBUTES = (Public, ); }; };
		7C7250931E0EC06900F916ED /* NBPhoneNumberDesc.h in Headers */ = {isa = PBXBuildFile; fileRef = FD8B842F1934C35F00C350EB /* NBPhoneNumberDesc.h */; settings = {ATTRIBUTES = (Public, ); }; };
		7C7250941E0EC06900F916ED /* NBPhoneMetaData.h in Headers */ = {isa = PBXBuildFile; fileRef = FD8B842A1934C35F00C350EB /* NBPhoneMetaData.h */; settings = {ATTRIBUTES = (Public, ); }; };
		7C7250951E0EC06900F916ED /* NBPhoneNumberDefines.h in Headers */ = {isa = PBXBuildFile; fileRef = FD8B842E1934C35F00C350EB /* NBPhoneNumberDefines.h */; settings = {ATTRIBUTES = (Public, ); }; };
		7C7250961E0EC06900F916ED /* NBPhoneNumberUtil.h in Headers */ = {isa = PBXBuildFile; fileRef = FD8B84311934C35F00C350EB /* NBPhoneNumberUtil.h */; settings = {ATTRIBUTES = (Public, ); }; };
		7C7250971E0EC06900F916ED /* NBAsYouTypeFormatter.h in Headers */ = {isa = PBXBuildFile; fileRef = FD8B84261934C35F00C350EB /* NBAsYouTypeFormatter.h */; settings = {ATTRIBUTES = (Public, ); }; };
		8B0FD2F31E4A85A70049DF81 /* libz.tbd in Frameworks */ = {isa = PBXBuildFile; fileRef = 8B0FD2F21E4A85A70049DF81 /* libz.tbd */; };
		8B0FD2F41E4A85AC0049DF81 /* libz.tbd in Frameworks */ = {isa = PBXBuildFile; fileRef = 8B0FD2F21E4A85A70049DF81 /* libz.tbd */; };
		8B0FD2F51E4A85AD0049DF81 /* libz.tbd in Frameworks */ = {isa = PBXBuildFile; fileRef = 8B0FD2F21E4A85A70049DF81 /* libz.tbd */; };
		8B0FD2F61E4A85AD0049DF81 /* libz.tbd in Frameworks */ = {isa = PBXBuildFile; fileRef = 8B0FD2F21E4A85A70049DF81 /* libz.tbd */; };
		8B0FD2F71E4A85AE0049DF81 /* libz.tbd in Frameworks */ = {isa = PBXBuildFile; fileRef = 8B0FD2F21E4A85A70049DF81 /* libz.tbd */; };
		8B0FD2FB1E4A88AC0049DF81 /* NSArray+NBAdditions.h in Headers */ = {isa = PBXBuildFile; fileRef = 8B0FD2F91E4A88AC0049DF81 /* NSArray+NBAdditions.h */; };
		8B0FD2FC1E4A88AC0049DF81 /* NSArray+NBAdditions.h in Headers */ = {isa = PBXBuildFile; fileRef = 8B0FD2F91E4A88AC0049DF81 /* NSArray+NBAdditions.h */; };
		8B0FD2FD1E4A88AC0049DF81 /* NSArray+NBAdditions.h in Headers */ = {isa = PBXBuildFile; fileRef = 8B0FD2F91E4A88AC0049DF81 /* NSArray+NBAdditions.h */; };
		8B0FD2FE1E4A88AC0049DF81 /* NSArray+NBAdditions.h in Headers */ = {isa = PBXBuildFile; fileRef = 8B0FD2F91E4A88AC0049DF81 /* NSArray+NBAdditions.h */; };
		8B0FD2FF1E4A88AC0049DF81 /* NSArray+NBAdditions.m in Sources */ = {isa = PBXBuildFile; fileRef = 8B0FD2FA1E4A88AC0049DF81 /* NSArray+NBAdditions.m */; };
		8B0FD3001E4A88AC0049DF81 /* NSArray+NBAdditions.m in Sources */ = {isa = PBXBuildFile; fileRef = 8B0FD2FA1E4A88AC0049DF81 /* NSArray+NBAdditions.m */; };
		8B0FD3011E4A88AC0049DF81 /* NSArray+NBAdditions.m in Sources */ = {isa = PBXBuildFile; fileRef = 8B0FD2FA1E4A88AC0049DF81 /* NSArray+NBAdditions.m */; };
		8B0FD3021E4A88AC0049DF81 /* NSArray+NBAdditions.m in Sources */ = {isa = PBXBuildFile; fileRef = 8B0FD2FA1E4A88AC0049DF81 /* NSArray+NBAdditions.m */; };
		8B0FD3031E4A88AC0049DF81 /* NSArray+NBAdditions.m in Sources */ = {isa = PBXBuildFile; fileRef = 8B0FD2FA1E4A88AC0049DF81 /* NSArray+NBAdditions.m */; };
		8B1FEF981EB7BEFE00FBDE87 /* NBTextField.swift in Sources */ = {isa = PBXBuildFile; fileRef = 8B1FEF971EB7BEFE00FBDE87 /* NBTextField.swift */; };
		8B1FEF9B1EB7BF3200FBDE87 /* libPhoneNumberiOS.framework in Frameworks */ = {isa = PBXBuildFile; fileRef = 34ACBB851B7122AC0064B3BD /* libPhoneNumberiOS.framework */; };
		8B1FEF9C1EB7BF6900FBDE87 /* AppDelegate.swift in Sources */ = {isa = PBXBuildFile; fileRef = FD6AE8F81BEE72B600263DE1 /* AppDelegate.swift */; };
		8B1FEF9D1EB7BF6C00FBDE87 /* ViewController.swift in Sources */ = {isa = PBXBuildFile; fileRef = FD6AE8FA1BEE72B600263DE1 /* ViewController.swift */; };
		8B1FEF9E1EB7BF7000FBDE87 /* Main.storyboard in Resources */ = {isa = PBXBuildFile; fileRef = FD6AE8FC1BEE72B600263DE1 /* Main.storyboard */; };
		8B1FEF9F1EB7BF7200FBDE87 /* LaunchScreen.storyboard in Resources */ = {isa = PBXBuildFile; fileRef = FD6AE9011BEE72B600263DE1 /* LaunchScreen.storyboard */; };
		8B1FEFA01EB7BFC500FBDE87 /* NBGeneratedPhoneNumberMetaData.h in Headers */ = {isa = PBXBuildFile; fileRef = 8BB73AA71E7C9C6700B0691B /* NBGeneratedPhoneNumberMetaData.h */; settings = {ATTRIBUTES = (Private, ); }; };
		8B1FEFA11EB7BFC500FBDE87 /* NBGeneratedPhoneNumberMetaData.h in Headers */ = {isa = PBXBuildFile; fileRef = 8BB73AA71E7C9C6700B0691B /* NBGeneratedPhoneNumberMetaData.h */; settings = {ATTRIBUTES = (Private, ); }; };
		8B1FEFA21EB7BFC600FBDE87 /* NBGeneratedPhoneNumberMetaData.h in Headers */ = {isa = PBXBuildFile; fileRef = 8BB73AA71E7C9C6700B0691B /* NBGeneratedPhoneNumberMetaData.h */; settings = {ATTRIBUTES = (Private, ); }; };
		8B1FEFA31EB7BFC600FBDE87 /* NBGeneratedPhoneNumberMetaData.h in Headers */ = {isa = PBXBuildFile; fileRef = 8BB73AA71E7C9C6700B0691B /* NBGeneratedPhoneNumberMetaData.h */; settings = {ATTRIBUTES = (Private, ); }; };
		A025047D214C61FD00AFC260 /* NBPhoneNumberUtil+ShortNumberTestHelper.h in Headers */ = {isa = PBXBuildFile; fileRef = 0F5833091FD1FC9500F26ED4 /* NBPhoneNumberUtil+ShortNumberTestHelper.h */; };
		A025047E214C61FD00AFC260 /* NBPhoneNumberUtil+ShortNumberTestHelper.m in Sources */ = {isa = PBXBuildFile; fileRef = 0F58330A1FD1FC9500F26ED4 /* NBPhoneNumberUtil+ShortNumberTestHelper.m */; };
		A81D6A2B1BECC44600F68F34 /* NBPhoneNumberDefines.m in Sources */ = {isa = PBXBuildFile; fileRef = A81D6A281BECC43A00F68F34 /* NBPhoneNumberDefines.m */; };
/* End PBXBuildFile section */

/* Begin PBXContainerItemProxy section */
		8B1FEF991EB7BF2B00FBDE87 /* PBXContainerItemProxy */ = {
			isa = PBXContainerItemProxy;
			containerPortal = FD7A0613167715A0004BBEB6 /* Project object */;
			proxyType = 1;
			remoteGlobalIDString = 34ACBB841B7122AC0064B3BD;
			remoteInfo = libPhoneNumberiOS;
		};
/* End PBXContainerItemProxy section */

/* Begin PBXFileReference section */
		0F2870911FCF7936006230BF /* NBPhoneNumberUtil+ShortNumber.h */ = {isa = PBXFileReference; lastKnownFileType = sourcecode.c.h; path = "NBPhoneNumberUtil+ShortNumber.h"; sourceTree = "<group>"; };
		0F2870921FCF7936006230BF /* NBPhoneNumberUtil+ShortNumber.m */ = {isa = PBXFileReference; lastKnownFileType = sourcecode.c.objc; path = "NBPhoneNumberUtil+ShortNumber.m"; sourceTree = "<group>"; };
		0F2870961FCF8F13006230BF /* NBRegExMatcher.h */ = {isa = PBXFileReference; lastKnownFileType = sourcecode.c.h; path = NBRegExMatcher.h; sourceTree = "<group>"; };
		0F2870971FCF8F13006230BF /* NBRegExMatcher.m */ = {isa = PBXFileReference; lastKnownFileType = sourcecode.c.objc; path = NBRegExMatcher.m; sourceTree = "<group>"; };
		0F2870A01FCF9368006230BF /* NBRegularExpressionCache.h */ = {isa = PBXFileReference; lastKnownFileType = sourcecode.c.h; path = NBRegularExpressionCache.h; sourceTree = "<group>"; };
		0F2870A11FCF9368006230BF /* NBRegularExpressionCache.m */ = {isa = PBXFileReference; lastKnownFileType = sourcecode.c.objc; path = NBRegularExpressionCache.m; sourceTree = "<group>"; };
		0F4D82491FCF5CFB009F9C17 /* ShortNumberMetadata.json */ = {isa = PBXFileReference; lastKnownFileType = text.json; name = ShortNumberMetadata.json; path = libPhoneNumberTests/generatedJSON/ShortNumberMetadata.json; sourceTree = "<group>"; };
		0F4D824B1FCF60A5009F9C17 /* NBShortNumberInfoTest.m */ = {isa = PBXFileReference; lastKnownFileType = sourcecode.c.objc; path = NBShortNumberInfoTest.m; sourceTree = "<group>"; };
		0F5833091FD1FC9500F26ED4 /* NBPhoneNumberUtil+ShortNumberTestHelper.h */ = {isa = PBXFileReference; fileEncoding = 4; lastKnownFileType = sourcecode.c.h; path = "NBPhoneNumberUtil+ShortNumberTestHelper.h"; sourceTree = "<group>"; };
		0F58330A1FD1FC9500F26ED4 /* NBPhoneNumberUtil+ShortNumberTestHelper.m */ = {isa = PBXFileReference; fileEncoding = 4; lastKnownFileType = sourcecode.c.objc; path = "NBPhoneNumberUtil+ShortNumberTestHelper.m"; sourceTree = "<group>"; };
		0FAE11902037959800193503 /* NBPhoneNumberParsingPerfTest.m */ = {isa = PBXFileReference; fileEncoding = 4; lastKnownFileType = sourcecode.c.objc; path = NBPhoneNumberParsingPerfTest.m; sourceTree = "<group>"; };
		1485C5231E06F4890092F541 /* NBAsYouTypeFormatterTest.m */ = {isa = PBXFileReference; fileEncoding = 4; lastKnownFileType = sourcecode.c.objc; name = NBAsYouTypeFormatterTest.m; path = libPhoneNumberTests/NBAsYouTypeFormatterTest.m; sourceTree = SOURCE_ROOT; };
		1485C5251E06F4890092F541 /* NBPhoneNumberUtilTest.m */ = {isa = PBXFileReference; fileEncoding = 4; lastKnownFileType = sourcecode.c.objc; name = NBPhoneNumberUtilTest.m; path = libPhoneNumberTests/NBPhoneNumberUtilTest.m; sourceTree = SOURCE_ROOT; };
		1485C52B1E06F4930092F541 /* Info.plist */ = {isa = PBXFileReference; fileEncoding = 4; lastKnownFileType = text.plist.xml; name = Info.plist; path = libPhoneNumberTests/Info.plist; sourceTree = SOURCE_ROOT; };
		14B7A2931DE9B65D0051AED7 /* libPhoneNumberiOSTests.xctest */ = {isa = PBXFileReference; explicitFileType = wrapper.cfbundle; includeInIndex = 0; path = libPhoneNumberiOSTests.xctest; sourceTree = BUILT_PRODUCTS_DIR; };
		187A618A1A25DF04000D8BB6 /* PhoneNumberMetaData.json */ = {isa = PBXFileReference; fileEncoding = 4; lastKnownFileType = text.json; name = PhoneNumberMetaData.json; path = libPhoneNumberTests/generatedJSON/PhoneNumberMetaData.json; sourceTree = SOURCE_ROOT; };
		187A618B1A25DF04000D8BB6 /* PhoneNumberMetaDataForTesting.json */ = {isa = PBXFileReference; fileEncoding = 4; lastKnownFileType = text.json; name = PhoneNumberMetaDataForTesting.json; path = libPhoneNumberTests/generatedJSON/PhoneNumberMetaDataForTesting.json; sourceTree = SOURCE_ROOT; };
		1F31D52A1DDD46B100257818 /* libPhoneNumberwatchOS.framework */ = {isa = PBXFileReference; explicitFileType = wrapper.framework; includeInIndex = 0; path = libPhoneNumberwatchOS.framework; sourceTree = BUILT_PRODUCTS_DIR; };
		1F31D52C1DDD46B100257818 /* libPhoneNumberwatchOS.h */ = {isa = PBXFileReference; lastKnownFileType = sourcecode.c.h; path = libPhoneNumberwatchOS.h; sourceTree = "<group>"; };
		1F31D52D1DDD46B100257818 /* Info.plist */ = {isa = PBXFileReference; lastKnownFileType = text.plist.xml; path = Info.plist; sourceTree = "<group>"; };
		1F31D54D1DDD47B900257818 /* libPhoneNumbertvOS.framework */ = {isa = PBXFileReference; explicitFileType = wrapper.framework; includeInIndex = 0; path = libPhoneNumbertvOS.framework; sourceTree = BUILT_PRODUCTS_DIR; };
		1F31D54F1DDD47BA00257818 /* libPhoneNumbertvOS.h */ = {isa = PBXFileReference; lastKnownFileType = sourcecode.c.h; path = libPhoneNumbertvOS.h; sourceTree = "<group>"; };
		1F31D5501DDD47BA00257818 /* Info.plist */ = {isa = PBXFileReference; lastKnownFileType = text.plist.xml; path = Info.plist; sourceTree = "<group>"; };
		29F3A15C17B98AE1005D8E07 /* CoreTelephony.framework */ = {isa = PBXFileReference; lastKnownFileType = wrapper.framework; name = CoreTelephony.framework; path = System/Library/Frameworks/CoreTelephony.framework; sourceTree = SDKROOT; };
		34ACBB851B7122AC0064B3BD /* libPhoneNumberiOS.framework */ = {isa = PBXFileReference; explicitFileType = wrapper.framework; includeInIndex = 0; path = libPhoneNumberiOS.framework; sourceTree = BUILT_PRODUCTS_DIR; };
		34ACBB881B7122AC0064B3BD /* Info.plist */ = {isa = PBXFileReference; lastKnownFileType = text.plist.xml; name = Info.plist; path = "libPhoneNumber-iOS/Info.plist"; sourceTree = "<group>"; };
		34ACBB891B7122AC0064B3BD /* libPhoneNumberiOS.h */ = {isa = PBXFileReference; lastKnownFileType = sourcecode.c.h; name = libPhoneNumberiOS.h; path = "libPhoneNumber-iOS/libPhoneNumberiOS.h"; sourceTree = "<group>"; };
		4D43EF831740825100C24FF3 /* libPhoneNumber-iOS.podspec */ = {isa = PBXFileReference; lastKnownFileType = text; path = "libPhoneNumber-iOS.podspec"; sourceTree = SOURCE_ROOT; };
		7C72507C1E0EBE7D00F916ED /* libPhoneNumbermacOS.framework */ = {isa = PBXFileReference; explicitFileType = wrapper.framework; includeInIndex = 0; path = libPhoneNumbermacOS.framework; sourceTree = BUILT_PRODUCTS_DIR; };
		7C72507E1E0EBE7D00F916ED /* libPhoneNumbermacOS.h */ = {isa = PBXFileReference; lastKnownFileType = sourcecode.c.h; path = libPhoneNumbermacOS.h; sourceTree = "<group>"; };
		7C72507F1E0EBE7D00F916ED /* Info.plist */ = {isa = PBXFileReference; lastKnownFileType = text.plist.xml; path = Info.plist; sourceTree = "<group>"; };
		8B0FD2E61E4A846F0049DF81 /* GeneratePhoneNumberHeader.sh */ = {isa = PBXFileReference; lastKnownFileType = text.script.sh; path = GeneratePhoneNumberHeader.sh; sourceTree = "<group>"; };
		8B0FD2F21E4A85A70049DF81 /* libz.tbd */ = {isa = PBXFileReference; lastKnownFileType = "sourcecode.text-based-dylib-definition"; name = libz.tbd; path = usr/lib/libz.tbd; sourceTree = SDKROOT; };
		8B0FD2F91E4A88AC0049DF81 /* NSArray+NBAdditions.h */ = {isa = PBXFileReference; fileEncoding = 4; lastKnownFileType = sourcecode.c.h; path = "NSArray+NBAdditions.h"; sourceTree = "<group>"; };
		8B0FD2FA1E4A88AC0049DF81 /* NSArray+NBAdditions.m */ = {isa = PBXFileReference; fileEncoding = 4; lastKnownFileType = sourcecode.c.objc; path = "NSArray+NBAdditions.m"; sourceTree = "<group>"; };
		8B1FEF731EB7BE7C00FBDE87 /* SwiftDemo.app */ = {isa = PBXFileReference; explicitFileType = wrapper.application; includeInIndex = 0; path = SwiftDemo.app; sourceTree = BUILT_PRODUCTS_DIR; };
		8B1FEF971EB7BEFE00FBDE87 /* NBTextField.swift */ = {isa = PBXFileReference; fileEncoding = 4; lastKnownFileType = sourcecode.swift; name = NBTextField.swift; path = "libPhoneNumber-iOS/NBTextField.swift"; sourceTree = "<group>"; };
		8BB73AA71E7C9C6700B0691B /* NBGeneratedPhoneNumberMetaData.h */ = {isa = PBXFileReference; fileEncoding = 4; lastKnownFileType = sourcecode.c.h; path = NBGeneratedPhoneNumberMetaData.h; sourceTree = "<group>"; };
		A81D6A281BECC43A00F68F34 /* NBPhoneNumberDefines.m */ = {isa = PBXFileReference; fileEncoding = 4; lastKnownFileType = sourcecode.c.objc; lineEnding = 0; path = NBPhoneNumberDefines.m; sourceTree = "<group>"; xcLanguageSpecificationIdentifier = xcode.lang.objc; };
		FD12C2681A87401B00B53856 /* NBMetadataHelper.h */ = {isa = PBXFileReference; fileEncoding = 4; lastKnownFileType = sourcecode.c.h; path = NBMetadataHelper.h; sourceTree = "<group>"; };
		FD12C2691A87401B00B53856 /* NBMetadataHelper.m */ = {isa = PBXFileReference; fileEncoding = 4; lastKnownFileType = sourcecode.c.objc; path = NBMetadataHelper.m; sourceTree = "<group>"; };
		FD2014DC169A8A82003491D9 /* index.php */ = {isa = PBXFileReference; lastKnownFileType = text.script.php; name = index.php; path = libPhoneNumberTests/index.php; sourceTree = SOURCE_ROOT; };
		FD2014DD169A8A82003491D9 /* libPhoneNumberGenerator.php */ = {isa = PBXFileReference; lastKnownFileType = text.script.php; name = libPhoneNumberGenerator.php; path = libPhoneNumberTests/libPhoneNumberGenerator.php; sourceTree = SOURCE_ROOT; };
		FD379E291A8AE5150015C184 /* NBPhoneNumberMetadata.plist */ = {isa = PBXFileReference; lastKnownFileType = file.bplist; path = NBPhoneNumberMetadata.plist; sourceTree = "<group>"; };
		FD6AE8F81BEE72B600263DE1 /* AppDelegate.swift */ = {isa = PBXFileReference; lastKnownFileType = sourcecode.swift; path = AppDelegate.swift; sourceTree = "<group>"; };
		FD6AE8FA1BEE72B600263DE1 /* ViewController.swift */ = {isa = PBXFileReference; lastKnownFileType = sourcecode.swift; path = ViewController.swift; sourceTree = "<group>"; };
		FD6AE8FD1BEE72B600263DE1 /* Base */ = {isa = PBXFileReference; lastKnownFileType = file.storyboard; name = Base; path = Base.lproj/Main.storyboard; sourceTree = "<group>"; };
		FD6AE9021BEE72B600263DE1 /* Base */ = {isa = PBXFileReference; lastKnownFileType = file.storyboard; name = Base; path = Base.lproj/LaunchScreen.storyboard; sourceTree = "<group>"; };
		FD6AE9041BEE72B600263DE1 /* Info.plist */ = {isa = PBXFileReference; lastKnownFileType = text.plist.xml; path = Info.plist; sourceTree = "<group>"; };
		FD6AE90A1BEE754C00263DE1 /* NBTextField.swift */ = {isa = PBXFileReference; fileEncoding = 4; lastKnownFileType = sourcecode.swift; name = NBTextField.swift; path = "libPhoneNumber-iOS/NBTextField.swift"; sourceTree = SOURCE_ROOT; };
		FD7A0620167715A0004BBEB6 /* UIKit.framework */ = {isa = PBXFileReference; lastKnownFileType = wrapper.framework; name = UIKit.framework; path = System/Library/Frameworks/UIKit.framework; sourceTree = SDKROOT; };
		FD7A0622167715A0004BBEB6 /* Foundation.framework */ = {isa = PBXFileReference; lastKnownFileType = wrapper.framework; name = Foundation.framework; path = System/Library/Frameworks/Foundation.framework; sourceTree = SDKROOT; };
		FD7A0624167715A0004BBEB6 /* CoreGraphics.framework */ = {isa = PBXFileReference; lastKnownFileType = wrapper.framework; name = CoreGraphics.framework; path = System/Library/Frameworks/CoreGraphics.framework; sourceTree = SDKROOT; };
		FD8B84261934C35F00C350EB /* NBAsYouTypeFormatter.h */ = {isa = PBXFileReference; fileEncoding = 4; lastKnownFileType = sourcecode.c.h; path = NBAsYouTypeFormatter.h; sourceTree = "<group>"; };
		FD8B84271934C35F00C350EB /* NBAsYouTypeFormatter.m */ = {isa = PBXFileReference; fileEncoding = 4; lastKnownFileType = sourcecode.c.objc; path = NBAsYouTypeFormatter.m; sourceTree = "<group>"; };
		FD8B84281934C35F00C350EB /* NBNumberFormat.h */ = {isa = PBXFileReference; fileEncoding = 4; lastKnownFileType = sourcecode.c.h; path = NBNumberFormat.h; sourceTree = "<group>"; };
		FD8B84291934C35F00C350EB /* NBNumberFormat.m */ = {isa = PBXFileReference; fileEncoding = 4; lastKnownFileType = sourcecode.c.objc; path = NBNumberFormat.m; sourceTree = "<group>"; };
		FD8B842A1934C35F00C350EB /* NBPhoneMetaData.h */ = {isa = PBXFileReference; fileEncoding = 4; lastKnownFileType = sourcecode.c.h; path = NBPhoneMetaData.h; sourceTree = "<group>"; };
		FD8B842B1934C35F00C350EB /* NBPhoneMetaData.m */ = {isa = PBXFileReference; fileEncoding = 4; lastKnownFileType = sourcecode.c.objc; path = NBPhoneMetaData.m; sourceTree = "<group>"; };
		FD8B842C1934C35F00C350EB /* NBPhoneNumber.h */ = {isa = PBXFileReference; fileEncoding = 4; lastKnownFileType = sourcecode.c.h; path = NBPhoneNumber.h; sourceTree = "<group>"; };
		FD8B842D1934C35F00C350EB /* NBPhoneNumber.m */ = {isa = PBXFileReference; fileEncoding = 4; lastKnownFileType = sourcecode.c.objc; path = NBPhoneNumber.m; sourceTree = "<group>"; };
		FD8B842E1934C35F00C350EB /* NBPhoneNumberDefines.h */ = {isa = PBXFileReference; fileEncoding = 4; lastKnownFileType = sourcecode.c.h; lineEnding = 0; path = NBPhoneNumberDefines.h; sourceTree = "<group>"; xcLanguageSpecificationIdentifier = xcode.lang.objcpp; };
		FD8B842F1934C35F00C350EB /* NBPhoneNumberDesc.h */ = {isa = PBXFileReference; fileEncoding = 4; lastKnownFileType = sourcecode.c.h; path = NBPhoneNumberDesc.h; sourceTree = "<group>"; };
		FD8B84301934C35F00C350EB /* NBPhoneNumberDesc.m */ = {isa = PBXFileReference; fileEncoding = 4; lastKnownFileType = sourcecode.c.objc; path = NBPhoneNumberDesc.m; sourceTree = "<group>"; };
		FD8B84311934C35F00C350EB /* NBPhoneNumberUtil.h */ = {isa = PBXFileReference; fileEncoding = 4; lastKnownFileType = sourcecode.c.h; path = NBPhoneNumberUtil.h; sourceTree = "<group>"; };
		FD8B84321934C35F00C350EB /* NBPhoneNumberUtil.m */ = {isa = PBXFileReference; fileEncoding = 4; lastKnownFileType = sourcecode.c.objc; lineEnding = 0; path = NBPhoneNumberUtil.m; sourceTree = "<group>"; xcLanguageSpecificationIdentifier = xcode.lang.objc; };
		FDAD44B418E11B300041825C /* XCTest.framework */ = {isa = PBXFileReference; lastKnownFileType = wrapper.framework; name = XCTest.framework; path = Library/Frameworks/XCTest.framework; sourceTree = DEVELOPER_DIR; };
/* End PBXFileReference section */

/* Begin PBXFrameworksBuildPhase section */
		14B7A2901DE9B65D0051AED7 /* Frameworks */ = {
			isa = PBXFrameworksBuildPhase;
			buildActionMask = 2147483647;
			files = (
				8B0FD2F71E4A85AE0049DF81 /* libz.tbd in Frameworks */,
			);
			runOnlyForDeploymentPostprocessing = 0;
		};
		1F31D5261DDD46B100257818 /* Frameworks */ = {
			isa = PBXFrameworksBuildPhase;
			buildActionMask = 2147483647;
			files = (
				8B0FD2F41E4A85AC0049DF81 /* libz.tbd in Frameworks */,
			);
			runOnlyForDeploymentPostprocessing = 0;
		};
		1F31D5491DDD47B900257818 /* Frameworks */ = {
			isa = PBXFrameworksBuildPhase;
			buildActionMask = 2147483647;
			files = (
				8B0FD2F51E4A85AD0049DF81 /* libz.tbd in Frameworks */,
			);
			runOnlyForDeploymentPostprocessing = 0;
		};
		34ACBB811B7122AC0064B3BD /* Frameworks */ = {
			isa = PBXFrameworksBuildPhase;
			buildActionMask = 2147483647;
			files = (
				8B0FD2F31E4A85A70049DF81 /* libz.tbd in Frameworks */,
				34ACBBB51B71241E0064B3BD /* CoreTelephony.framework in Frameworks */,
			);
			runOnlyForDeploymentPostprocessing = 0;
		};
		7C7250781E0EBE7D00F916ED /* Frameworks */ = {
			isa = PBXFrameworksBuildPhase;
			buildActionMask = 2147483647;
			files = (
				8B0FD2F61E4A85AD0049DF81 /* libz.tbd in Frameworks */,
			);
			runOnlyForDeploymentPostprocessing = 0;
		};
		8B1FEF701EB7BE7C00FBDE87 /* Frameworks */ = {
			isa = PBXFrameworksBuildPhase;
			buildActionMask = 2147483647;
			files = (
				8B1FEF9B1EB7BF3200FBDE87 /* libPhoneNumberiOS.framework in Frameworks */,
			);
			runOnlyForDeploymentPostprocessing = 0;
		};
/* End PBXFrameworksBuildPhase section */

/* Begin PBXGroup section */
		0F2870951FCF8EDE006230BF /* Internal */ = {
			isa = PBXGroup;
			children = (
				0F2870961FCF8F13006230BF /* NBRegExMatcher.h */,
				0F2870971FCF8F13006230BF /* NBRegExMatcher.m */,
				0F2870A01FCF9368006230BF /* NBRegularExpressionCache.h */,
				0F2870A11FCF9368006230BF /* NBRegularExpressionCache.m */,
			);
			path = Internal;
			sourceTree = "<group>";
		};
		14B7A2681DE9AC4B0051AED7 /* libPhoneNumber.generator */ = {
			isa = PBXGroup;
			children = (
				FD2014DC169A8A82003491D9 /* index.php */,
				FD2014DD169A8A82003491D9 /* libPhoneNumberGenerator.php */,
				187A618A1A25DF04000D8BB6 /* PhoneNumberMetaData.json */,
				0F4D82491FCF5CFB009F9C17 /* ShortNumberMetadata.json */,
				187A618B1A25DF04000D8BB6 /* PhoneNumberMetaDataForTesting.json */,
			);
			name = libPhoneNumber.generator;
			sourceTree = "<group>";
		};
		14B7A26A1DE9ACCD0051AED7 /* Extensions */ = {
			isa = PBXGroup;
			children = (
				FD6AE90A1BEE754C00263DE1 /* NBTextField.swift */,
			);
			name = Extensions;
			sourceTree = "<group>";
		};
		14B7A2941DE9B65D0051AED7 /* libPhoneNumber.tests */ = {
			isa = PBXGroup;
			children = (
				0FAE11902037959800193503 /* NBPhoneNumberParsingPerfTest.m */,
				1485C52B1E06F4930092F541 /* Info.plist */,
				1485C5231E06F4890092F541 /* NBAsYouTypeFormatterTest.m */,
				1485C5251E06F4890092F541 /* NBPhoneNumberUtilTest.m */,
				0F4D824B1FCF60A5009F9C17 /* NBShortNumberInfoTest.m */,
				0F5833091FD1FC9500F26ED4 /* NBPhoneNumberUtil+ShortNumberTestHelper.h */,
				0F58330A1FD1FC9500F26ED4 /* NBPhoneNumberUtil+ShortNumberTestHelper.m */,
			);
			name = libPhoneNumber.tests;
			path = libPhoneNumberTests;
			sourceTree = "<group>";
		};
		14C114EF1DE9A66A0029FE1C /* iOS */ = {
			isa = PBXGroup;
			children = (
				34ACBB891B7122AC0064B3BD /* libPhoneNumberiOS.h */,
				8B1FEF971EB7BEFE00FBDE87 /* NBTextField.swift */,
				34ACBB881B7122AC0064B3BD /* Info.plist */,
			);
			name = iOS;
			sourceTree = "<group>";
		};
		14C114F01DE9A6D60029FE1C /* libPhoneNumber.frameworks */ = {
			isa = PBXGroup;
			children = (
				14C114EF1DE9A66A0029FE1C /* iOS */,
				7C72507D1E0EBE7D00F916ED /* macOS */,
				1F31D54E1DDD47BA00257818 /* tvOS */,
				1F31D52B1DDD46B100257818 /* watchOS */,
			);
			name = libPhoneNumber.frameworks;
			sourceTree = "<group>";
		};
		14C114F11DE9A9070029FE1C /* libPhoneNumber.samples */ = {
			isa = PBXGroup;
			children = (
				FD6AE8F71BEE72B600263DE1 /* Swift */,
			);
			name = libPhoneNumber.samples;
			sourceTree = "<group>";
		};
		1F31D52B1DDD46B100257818 /* watchOS */ = {
			isa = PBXGroup;
			children = (
				1F31D52C1DDD46B100257818 /* libPhoneNumberwatchOS.h */,
				1F31D52D1DDD46B100257818 /* Info.plist */,
			);
			name = watchOS;
			path = "libPhoneNumber-watchOS";
			sourceTree = "<group>";
		};
		1F31D54E1DDD47BA00257818 /* tvOS */ = {
			isa = PBXGroup;
			children = (
				1F31D54F1DDD47BA00257818 /* libPhoneNumbertvOS.h */,
				1F31D5501DDD47BA00257818 /* Info.plist */,
			);
			name = tvOS;
			path = "libPhoneNumber-tvOS";
			sourceTree = "<group>";
		};
		7C72507D1E0EBE7D00F916ED /* macOS */ = {
			isa = PBXGroup;
			children = (
				7C72507E1E0EBE7D00F916ED /* libPhoneNumbermacOS.h */,
				7C72507F1E0EBE7D00F916ED /* Info.plist */,
			);
			name = macOS;
			path = "libPhoneNumber-macOS";
			sourceTree = "<group>";
		};
		FD12C2711A8759AF00B53856 /* Model */ = {
			isa = PBXGroup;
			children = (
				FD8B842C1934C35F00C350EB /* NBPhoneNumber.h */,
				FD8B842D1934C35F00C350EB /* NBPhoneNumber.m */,
				FD8B84281934C35F00C350EB /* NBNumberFormat.h */,
				FD8B84291934C35F00C350EB /* NBNumberFormat.m */,
				FD8B842F1934C35F00C350EB /* NBPhoneNumberDesc.h */,
				FD8B84301934C35F00C350EB /* NBPhoneNumberDesc.m */,
				FD8B842A1934C35F00C350EB /* NBPhoneMetaData.h */,
				FD8B842B1934C35F00C350EB /* NBPhoneMetaData.m */,
			);
			name = Model;
			sourceTree = "<group>";
		};
		FD6AE8F71BEE72B600263DE1 /* Swift */ = {
			isa = PBXGroup;
			children = (
				FD6AE8F81BEE72B600263DE1 /* AppDelegate.swift */,
				FD6AE8FA1BEE72B600263DE1 /* ViewController.swift */,
				FD6AE8FC1BEE72B600263DE1 /* Main.storyboard */,
				FD6AE9011BEE72B600263DE1 /* LaunchScreen.storyboard */,
				FD6AE9041BEE72B600263DE1 /* Info.plist */,
			);
			name = Swift;
			path = "libPhoneNumber-SwiftDemo";
			sourceTree = "<group>";
		};
		FD7A0611167715A0004BBEB6 = {
			isa = PBXGroup;
			children = (
				14C114F01DE9A6D60029FE1C /* libPhoneNumber.frameworks */,
				FD7A0626167715A0004BBEB6 /* libPhoneNumber.core */,
				14B7A2681DE9AC4B0051AED7 /* libPhoneNumber.generator */,
				14B7A2941DE9B65D0051AED7 /* libPhoneNumber.tests */,
				14C114F11DE9A9070029FE1C /* libPhoneNumber.samples */,
				4D43EF831740825100C24FF3 /* libPhoneNumber-iOS.podspec */,
				FD7A061F167715A0004BBEB6 /* Frameworks */,
				FD7A061D167715A0004BBEB6 /* Products */,
			);
			sourceTree = "<group>";
		};
		FD7A061D167715A0004BBEB6 /* Products */ = {
			isa = PBXGroup;
			children = (
				34ACBB851B7122AC0064B3BD /* libPhoneNumberiOS.framework */,
				1F31D52A1DDD46B100257818 /* libPhoneNumberwatchOS.framework */,
				1F31D54D1DDD47B900257818 /* libPhoneNumbertvOS.framework */,
				14B7A2931DE9B65D0051AED7 /* libPhoneNumberiOSTests.xctest */,
				7C72507C1E0EBE7D00F916ED /* libPhoneNumbermacOS.framework */,
				8B1FEF731EB7BE7C00FBDE87 /* SwiftDemo.app */,
			);
			name = Products;
			sourceTree = "<group>";
		};
		FD7A061F167715A0004BBEB6 /* Frameworks */ = {
			isa = PBXGroup;
			children = (
				8B0FD2F21E4A85A70049DF81 /* libz.tbd */,
				FDAD44B418E11B300041825C /* XCTest.framework */,
				FD7A0624167715A0004BBEB6 /* CoreGraphics.framework */,
				FD7A0622167715A0004BBEB6 /* Foundation.framework */,
				FD7A0620167715A0004BBEB6 /* UIKit.framework */,
				29F3A15C17B98AE1005D8E07 /* CoreTelephony.framework */,
			);
			name = Frameworks;
			sourceTree = "<group>";
		};
		FD7A0626167715A0004BBEB6 /* libPhoneNumber.core */ = {
			isa = PBXGroup;
			children = (
				0F2870951FCF8EDE006230BF /* Internal */,
				8B0FD2E61E4A846F0049DF81 /* GeneratePhoneNumberHeader.sh */,
				14B7A26A1DE9ACCD0051AED7 /* Extensions */,
				FDBCFA121A87ADAB00297F21 /* Metadata */,
				FD12C2711A8759AF00B53856 /* Model */,
				FD8B842E1934C35F00C350EB /* NBPhoneNumberDefines.h */,
				A81D6A281BECC43A00F68F34 /* NBPhoneNumberDefines.m */,
				FD8B84311934C35F00C350EB /* NBPhoneNumberUtil.h */,
				FD8B84321934C35F00C350EB /* NBPhoneNumberUtil.m */,
				FD8B84261934C35F00C350EB /* NBAsYouTypeFormatter.h */,
				FD8B84271934C35F00C350EB /* NBAsYouTypeFormatter.m */,
				8B0FD2F91E4A88AC0049DF81 /* NSArray+NBAdditions.h */,
				8B0FD2FA1E4A88AC0049DF81 /* NSArray+NBAdditions.m */,
				0F2870911FCF7936006230BF /* NBPhoneNumberUtil+ShortNumber.h */,
				0F2870921FCF7936006230BF /* NBPhoneNumberUtil+ShortNumber.m */,
			);
			name = libPhoneNumber.core;
			path = libPhoneNumber;
			sourceTree = "<group>";
		};
		FDBCFA121A87ADAB00297F21 /* Metadata */ = {
			isa = PBXGroup;
			children = (
				FD12C2681A87401B00B53856 /* NBMetadataHelper.h */,
				FD12C2691A87401B00B53856 /* NBMetadataHelper.m */,
				8BB73AA71E7C9C6700B0691B /* NBGeneratedPhoneNumberMetaData.h */,
				FD379E291A8AE5150015C184 /* NBPhoneNumberMetadata.plist */,
			);
			name = Metadata;
			sourceTree = "<group>";
		};
/* End PBXGroup section */

/* Begin PBXHeadersBuildPhase section */
		1F31D5271DDD46B100257818 /* Headers */ = {
			isa = PBXHeadersBuildPhase;
			buildActionMask = 2147483647;
			files = (
				8B1FEFA11EB7BFC500FBDE87 /* NBGeneratedPhoneNumberMetaData.h in Headers */,
				1F31D5461DDD478300257818 /* NBPhoneMetaData.h in Headers */,
				1F31D5401DDD477300257818 /* NBPhoneNumber.h in Headers */,
				1F31D5421DDD477800257818 /* NBNumberFormat.h in Headers */,
				8B0FD2FC1E4A88AC0049DF81 /* NSArray+NBAdditions.h in Headers */,
				1F31D53B1DDD46ED00257818 /* NBPhoneNumberUtil.h in Headers */,
				1F31D52E1DDD46B100257818 /* libPhoneNumberwatchOS.h in Headers */,
				0F2870991FCF8F13006230BF /* NBRegExMatcher.h in Headers */,
				1F31D53D1DDD46F300257818 /* NBAsYouTypeFormatter.h in Headers */,
				1F31D5321DDD46B900257818 /* NBMetadataHelper.h in Headers */,
				1F31D5391DDD46E600257818 /* NBPhoneNumberDefines.h in Headers */,
				1F31D5441DDD477D00257818 /* NBPhoneNumberDesc.h in Headers */,
				0F2870A31FCF9368006230BF /* NBRegularExpressionCache.h in Headers */,
			);
			runOnlyForDeploymentPostprocessing = 0;
		};
		1F31D54A1DDD47B900257818 /* Headers */ = {
			isa = PBXHeadersBuildPhase;
			buildActionMask = 2147483647;
			files = (
				8B1FEFA21EB7BFC600FBDE87 /* NBGeneratedPhoneNumberMetaData.h in Headers */,
				1F31D5511DDD47BA00257818 /* libPhoneNumbertvOS.h in Headers */,
				1F31D5551DDD47EB00257818 /* NBMetadataHelper.h in Headers */,
				1F31D5621DDD482C00257818 /* NBPhoneMetaData.h in Headers */,
				8B0FD2FD1E4A88AC0049DF81 /* NSArray+NBAdditions.h in Headers */,
				1F31D5601DDD482600257818 /* NBPhoneNumberDesc.h in Headers */,
				1F31D5661DDD483700257818 /* NBPhoneNumberUtil.h in Headers */,
				0F28709A1FCF8F13006230BF /* NBRegExMatcher.h in Headers */,
				1F31D5681DDD483C00257818 /* NBAsYouTypeFormatter.h in Headers */,
				1F31D55E1DDD482000257818 /* NBNumberFormat.h in Headers */,
				1F31D5641DDD483200257818 /* NBPhoneNumberDefines.h in Headers */,
				1F31D55C1DDD481B00257818 /* NBPhoneNumber.h in Headers */,
				0F2870A41FCF9368006230BF /* NBRegularExpressionCache.h in Headers */,
			);
			runOnlyForDeploymentPostprocessing = 0;
		};
		34ACBB821B7122AC0064B3BD /* Headers */ = {
			isa = PBXHeadersBuildPhase;
			buildActionMask = 2147483647;
			files = (
				8B1FEFA01EB7BFC500FBDE87 /* NBGeneratedPhoneNumberMetaData.h in Headers */,
				A025047D214C61FD00AFC260 /* NBPhoneNumberUtil+ShortNumberTestHelper.h in Headers */,
				0F2870981FCF8F13006230BF /* NBRegExMatcher.h in Headers */,
				34ACBBB61B7124AB0064B3BD /* NBPhoneNumberDefines.h in Headers */,
				34ACBBBD1B7125450064B3BD /* NBAsYouTypeFormatter.h in Headers */,
				34ACBBBA1B7124E40064B3BD /* NBPhoneMetaData.h in Headers */,
				8B0FD2FB1E4A88AC0049DF81 /* NSArray+NBAdditions.h in Headers */,
				34ACBBBC1B7125290064B3BD /* NBMetadataHelper.h in Headers */,
				34ACBBB81B7124D10064B3BD /* NBNumberFormat.h in Headers */,
				34ACBB8A1B7122AC0064B3BD /* libPhoneNumberiOS.h in Headers */,
				34ACBBB71B7124BE0064B3BD /* NBPhoneNumber.h in Headers */,
				34ACBBBB1B7124EF0064B3BD /* NBPhoneNumberUtil.h in Headers */,
				0F2870931FCF7936006230BF /* NBPhoneNumberUtil+ShortNumber.h in Headers */,
				0F2870A21FCF9368006230BF /* NBRegularExpressionCache.h in Headers */,
				34ACBBB91B7124DB0064B3BD /* NBPhoneNumberDesc.h in Headers */,
			);
			runOnlyForDeploymentPostprocessing = 0;
		};
		7C7250791E0EBE7D00F916ED /* Headers */ = {
			isa = PBXHeadersBuildPhase;
			buildActionMask = 2147483647;
			files = (
				8B1FEFA31EB7BFC600FBDE87 /* NBGeneratedPhoneNumberMetaData.h in Headers */,
				7C7250801E0EBE7D00F916ED /* libPhoneNumbermacOS.h in Headers */,
				7C72508E1E0EC05900F916ED /* NBMetadataHelper.h in Headers */,
				7C7250941E0EC06900F916ED /* NBPhoneMetaData.h in Headers */,
				8B0FD2FE1E4A88AC0049DF81 /* NSArray+NBAdditions.h in Headers */,
				7C7250931E0EC06900F916ED /* NBPhoneNumberDesc.h in Headers */,
				7C7250961E0EC06900F916ED /* NBPhoneNumberUtil.h in Headers */,
				0F28709B1FCF8F13006230BF /* NBRegExMatcher.h in Headers */,
				7C7250971E0EC06900F916ED /* NBAsYouTypeFormatter.h in Headers */,
				7C7250921E0EC06900F916ED /* NBNumberFormat.h in Headers */,
				7C7250951E0EC06900F916ED /* NBPhoneNumberDefines.h in Headers */,
				7C7250911E0EC06900F916ED /* NBPhoneNumber.h in Headers */,
				0F2870A51FCF9368006230BF /* NBRegularExpressionCache.h in Headers */,
			);
			runOnlyForDeploymentPostprocessing = 0;
		};
/* End PBXHeadersBuildPhase section */

/* Begin PBXNativeTarget section */
		14B7A2921DE9B65D0051AED7 /* libPhoneNumberiOSTests */ = {
			isa = PBXNativeTarget;
			buildConfigurationList = 14B7A29B1DE9B65D0051AED7 /* Build configuration list for PBXNativeTarget "libPhoneNumberiOSTests" */;
			buildPhases = (
				14B7A28F1DE9B65D0051AED7 /* Sources */,
				14B7A2901DE9B65D0051AED7 /* Frameworks */,
				14B7A2911DE9B65D0051AED7 /* Resources */,
			);
			buildRules = (
			);
			dependencies = (
			);
			name = libPhoneNumberiOSTests;
			productName = libPhoneNumberiOSTests;
			productReference = 14B7A2931DE9B65D0051AED7 /* libPhoneNumberiOSTests.xctest */;
			productType = "com.apple.product-type.bundle.unit-test";
		};
		1F31D5291DDD46B100257818 /* libPhoneNumberwatchOS */ = {
			isa = PBXNativeTarget;
			buildConfigurationList = 1F31D5311DDD46B100257818 /* Build configuration list for PBXNativeTarget "libPhoneNumberwatchOS" */;
			buildPhases = (
				1F31D5251DDD46B100257818 /* Sources */,
				1F31D5261DDD46B100257818 /* Frameworks */,
				1F31D5271DDD46B100257818 /* Headers */,
				1F31D5281DDD46B100257818 /* Resources */,
			);
			buildRules = (
			);
			dependencies = (
			);
			name = libPhoneNumberwatchOS;
			productName = "libPhoneNumber-watchOS";
			productReference = 1F31D52A1DDD46B100257818 /* libPhoneNumberwatchOS.framework */;
			productType = "com.apple.product-type.framework";
		};
		1F31D54C1DDD47B900257818 /* libPhoneNumbertvOS */ = {
			isa = PBXNativeTarget;
			buildConfigurationList = 1F31D5521DDD47BA00257818 /* Build configuration list for PBXNativeTarget "libPhoneNumbertvOS" */;
			buildPhases = (
				1F31D5481DDD47B900257818 /* Sources */,
				1F31D5491DDD47B900257818 /* Frameworks */,
				1F31D54A1DDD47B900257818 /* Headers */,
				1F31D54B1DDD47B900257818 /* Resources */,
			);
			buildRules = (
			);
			dependencies = (
			);
			name = libPhoneNumbertvOS;
			productName = "libPhoneNumber-tvOS";
			productReference = 1F31D54D1DDD47B900257818 /* libPhoneNumbertvOS.framework */;
			productType = "com.apple.product-type.framework";
		};
		34ACBB841B7122AC0064B3BD /* libPhoneNumberiOS */ = {
			isa = PBXNativeTarget;
			buildConfigurationList = 34ACBBA21B7122AC0064B3BD /* Build configuration list for PBXNativeTarget "libPhoneNumberiOS" */;
			buildPhases = (
				34ACBB801B7122AC0064B3BD /* Sources */,
				34ACBB811B7122AC0064B3BD /* Frameworks */,
				34ACBB821B7122AC0064B3BD /* Headers */,
				34ACBB831B7122AC0064B3BD /* Resources */,
			);
			buildRules = (
			);
			dependencies = (
			);
			name = libPhoneNumberiOS;
			productName = "libPhoneNumber-iOS";
			productReference = 34ACBB851B7122AC0064B3BD /* libPhoneNumberiOS.framework */;
			productType = "com.apple.product-type.framework";
		};
		7C72507B1E0EBE7D00F916ED /* libPhoneNumbermacOS */ = {
			isa = PBXNativeTarget;
			buildConfigurationList = 7C7250831E0EBE7D00F916ED /* Build configuration list for PBXNativeTarget "libPhoneNumbermacOS" */;
			buildPhases = (
				7C7250771E0EBE7D00F916ED /* Sources */,
				7C7250781E0EBE7D00F916ED /* Frameworks */,
				7C7250791E0EBE7D00F916ED /* Headers */,
				7C72507A1E0EBE7D00F916ED /* Resources */,
			);
			buildRules = (
			);
			dependencies = (
			);
			name = libPhoneNumbermacOS;
			productName = libPhoneNumbermacOS;
			productReference = 7C72507C1E0EBE7D00F916ED /* libPhoneNumbermacOS.framework */;
			productType = "com.apple.product-type.framework";
		};
		8B1FEF721EB7BE7C00FBDE87 /* SwiftDemo */ = {
			isa = PBXNativeTarget;
			buildConfigurationList = 8B1FEF821EB7BE7C00FBDE87 /* Build configuration list for PBXNativeTarget "SwiftDemo" */;
			buildPhases = (
				8B1FEF6F1EB7BE7C00FBDE87 /* Sources */,
				8B1FEF701EB7BE7C00FBDE87 /* Frameworks */,
				8B1FEF711EB7BE7C00FBDE87 /* Resources */,
			);
			buildRules = (
			);
			dependencies = (
				8B1FEF9A1EB7BF2B00FBDE87 /* PBXTargetDependency */,
			);
			name = SwiftDemo;
			productName = SwiftDemo;
			productReference = 8B1FEF731EB7BE7C00FBDE87 /* SwiftDemo.app */;
			productType = "com.apple.product-type.application";
		};
/* End PBXNativeTarget section */

/* Begin PBXProject section */
		FD7A0613167715A0004BBEB6 /* Project object */ = {
			isa = PBXProject;
			attributes = {
				LastSwiftUpdateCheck = 0830;
				LastTestingUpgradeCheck = 0510;
				LastUpgradeCheck = 0940;
				ORGANIZATIONNAME = ohtalk.me;
				TargetAttributes = {
					14B7A2921DE9B65D0051AED7 = {
						CreatedOnToolsVersion = 8.1;
						ProvisioningStyle = Automatic;
					};
					1F31D5291DDD46B100257818 = {
						CreatedOnToolsVersion = 8.1;
						ProvisioningStyle = Automatic;
					};
					1F31D54C1DDD47B900257818 = {
						CreatedOnToolsVersion = 8.1;
						ProvisioningStyle = Automatic;
					};
					34ACBB841B7122AC0064B3BD = {
						CreatedOnToolsVersion = 6.4;
					};
					7C72507B1E0EBE7D00F916ED = {
						CreatedOnToolsVersion = 8.2.1;
						ProvisioningStyle = Automatic;
					};
					8B1FEF721EB7BE7C00FBDE87 = {
						CreatedOnToolsVersion = 8.3.2;
						ProvisioningStyle = Automatic;
					};
				};
			};
			buildConfigurationList = FD7A0616167715A0004BBEB6 /* Build configuration list for PBXProject "libPhoneNumber" */;
			compatibilityVersion = "Xcode 3.2";
			developmentRegion = English;
			hasScannedForEncodings = 0;
			knownRegions = (
				Base,
			);
			mainGroup = FD7A0611167715A0004BBEB6;
			productRefGroup = FD7A061D167715A0004BBEB6 /* Products */;
			projectDirPath = "";
			projectRoot = "";
			targets = (
				34ACBB841B7122AC0064B3BD /* libPhoneNumberiOS */,
				1F31D5291DDD46B100257818 /* libPhoneNumberwatchOS */,
				1F31D54C1DDD47B900257818 /* libPhoneNumbertvOS */,
				7C72507B1E0EBE7D00F916ED /* libPhoneNumbermacOS */,
				14B7A2921DE9B65D0051AED7 /* libPhoneNumberiOSTests */,
				8B1FEF721EB7BE7C00FBDE87 /* SwiftDemo */,
			);
		};
/* End PBXProject section */

/* Begin PBXResourcesBuildPhase section */
		14B7A2911DE9B65D0051AED7 /* Resources */ = {
			isa = PBXResourcesBuildPhase;
			buildActionMask = 2147483647;
			files = (
			);
			runOnlyForDeploymentPostprocessing = 0;
		};
		1F31D5281DDD46B100257818 /* Resources */ = {
			isa = PBXResourcesBuildPhase;
			buildActionMask = 2147483647;
			files = (
			);
			runOnlyForDeploymentPostprocessing = 0;
		};
		1F31D54B1DDD47B900257818 /* Resources */ = {
			isa = PBXResourcesBuildPhase;
			buildActionMask = 2147483647;
			files = (
			);
			runOnlyForDeploymentPostprocessing = 0;
		};
		34ACBB831B7122AC0064B3BD /* Resources */ = {
			isa = PBXResourcesBuildPhase;
			buildActionMask = 2147483647;
			files = (
			);
			runOnlyForDeploymentPostprocessing = 0;
		};
		7C72507A1E0EBE7D00F916ED /* Resources */ = {
			isa = PBXResourcesBuildPhase;
			buildActionMask = 2147483647;
			files = (
			);
			runOnlyForDeploymentPostprocessing = 0;
		};
		8B1FEF711EB7BE7C00FBDE87 /* Resources */ = {
			isa = PBXResourcesBuildPhase;
			buildActionMask = 2147483647;
			files = (
				8B1FEF9E1EB7BF7000FBDE87 /* Main.storyboard in Resources */,
				8B1FEF9F1EB7BF7200FBDE87 /* LaunchScreen.storyboard in Resources */,
			);
			runOnlyForDeploymentPostprocessing = 0;
		};
/* End PBXResourcesBuildPhase section */

/* Begin PBXSourcesBuildPhase section */
		14B7A28F1DE9B65D0051AED7 /* Sources */ = {
			isa = PBXSourcesBuildPhase;
			buildActionMask = 2147483647;
			files = (
				1485C5291E06F4890092F541 /* NBPhoneNumberUtilTest.m in Sources */,
				0F4314DC203CA833005FE065 /* NBPhoneNumberParsingPerfTest.m in Sources */,
				14B7A2AB1DE9BF160051AED7 /* NBMetadataHelper.m in Sources */,
				14B7A2B01DE9BF160051AED7 /* NBPhoneNumber.m in Sources */,
				0F4D824C1FCF60A5009F9C17 /* NBShortNumberInfoTest.m in Sources */,
				14B7A2B11DE9BF160051AED7 /* NBNumberFormat.m in Sources */,
				0F2870AD1FCF9617006230BF /* NBPhoneNumberUtil+ShortNumber.m in Sources */,
				8B0FD3031E4A88AC0049DF81 /* NSArray+NBAdditions.m in Sources */,
				14B7A2B21DE9BF160051AED7 /* NBPhoneNumberDesc.m in Sources */,
				14B7A2B31DE9BF160051AED7 /* NBPhoneMetaData.m in Sources */,
				14B7A2B41DE9BF160051AED7 /* NBPhoneNumberDefines.m in Sources */,
				1485C5271E06F4890092F541 /* NBAsYouTypeFormatterTest.m in Sources */,
				A025047E214C61FD00AFC260 /* NBPhoneNumberUtil+ShortNumberTestHelper.m in Sources */,
				14B7A2B51DE9BF160051AED7 /* NBPhoneNumberUtil.m in Sources */,
				0F2870AF1FCF961C006230BF /* NBRegExMatcher.m in Sources */,
				14B7A2B61DE9BF160051AED7 /* NBAsYouTypeFormatter.m in Sources */,
				0F2870B11FCF9620006230BF /* NBRegularExpressionCache.m in Sources */,
			);
			runOnlyForDeploymentPostprocessing = 0;
		};
		1F31D5251DDD46B100257818 /* Sources */ = {
			isa = PBXSourcesBuildPhase;
			buildActionMask = 2147483647;
			files = (
				1F31D5331DDD46BD00257818 /* NBMetadataHelper.m in Sources */,
				8B0FD3001E4A88AC0049DF81 /* NSArray+NBAdditions.m in Sources */,
				1F31D53E1DDD46F700257818 /* NBAsYouTypeFormatter.m in Sources */,
				1F31D5451DDD478100257818 /* NBPhoneNumberDesc.m in Sources */,
				1F31D53C1DDD46F000257818 /* NBPhoneNumberUtil.m in Sources */,
				0F2870A71FCF9368006230BF /* NBRegularExpressionCache.m in Sources */,
				1F31D5431DDD477B00257818 /* NBNumberFormat.m in Sources */,
				0F2870AA1FCF9612006230BF /* NBPhoneNumberUtil+ShortNumber.m in Sources */,
				0F28709D1FCF8F13006230BF /* NBRegExMatcher.m in Sources */,
				1F31D5471DDD478600257818 /* NBPhoneMetaData.m in Sources */,
				1F31D5411DDD477600257818 /* NBPhoneNumber.m in Sources */,
				1F31D53A1DDD46EA00257818 /* NBPhoneNumberDefines.m in Sources */,
			);
			runOnlyForDeploymentPostprocessing = 0;
		};
		1F31D5481DDD47B900257818 /* Sources */ = {
			isa = PBXSourcesBuildPhase;
			buildActionMask = 2147483647;
			files = (
				1F31D5631DDD482F00257818 /* NBPhoneMetaData.m in Sources */,
				8B0FD3011E4A88AC0049DF81 /* NSArray+NBAdditions.m in Sources */,
				1F31D5611DDD482900257818 /* NBPhoneNumberDesc.m in Sources */,
				1F31D5651DDD483500257818 /* NBPhoneNumberDefines.m in Sources */,
				1F31D5561DDD47F000257818 /* NBMetadataHelper.m in Sources */,
				0F2870A81FCF9368006230BF /* NBRegularExpressionCache.m in Sources */,
				1F31D55D1DDD481D00257818 /* NBPhoneNumber.m in Sources */,
				0F2870AB1FCF9612006230BF /* NBPhoneNumberUtil+ShortNumber.m in Sources */,
				0F28709E1FCF8F13006230BF /* NBRegExMatcher.m in Sources */,
				1F31D5691DDD484000257818 /* NBAsYouTypeFormatter.m in Sources */,
				1F31D5671DDD483A00257818 /* NBPhoneNumberUtil.m in Sources */,
				1F31D55F1DDD482300257818 /* NBNumberFormat.m in Sources */,
			);
			runOnlyForDeploymentPostprocessing = 0;
		};
		34ACBB801B7122AC0064B3BD /* Sources */ = {
			isa = PBXSourcesBuildPhase;
			buildActionMask = 2147483647;
			files = (
				34ACBBAF1B71230B0064B3BD /* NBMetadataHelper.m in Sources */,
				8B0FD2FF1E4A88AC0049DF81 /* NSArray+NBAdditions.m in Sources */,
				34ACBBAC1B7122FF0064B3BD /* NBPhoneNumberDesc.m in Sources */,
				0F2870941FCF7936006230BF /* NBPhoneNumberUtil+ShortNumber.m in Sources */,
				34ACBBAA1B7122F80064B3BD /* NBPhoneNumber.m in Sources */,
				0F28709C1FCF8F13006230BF /* NBRegExMatcher.m in Sources */,
				34ACBBAE1B7123090064B3BD /* NBPhoneNumberUtil.m in Sources */,
				34ACBBAB1B7122FD0064B3BD /* NBNumberFormat.m in Sources */,
				34ACBBAD1B7123020064B3BD /* NBPhoneMetaData.m in Sources */,
				34ACBBB01B71230E0064B3BD /* NBAsYouTypeFormatter.m in Sources */,
				A81D6A2B1BECC44600F68F34 /* NBPhoneNumberDefines.m in Sources */,
				0F2870A61FCF9368006230BF /* NBRegularExpressionCache.m in Sources */,
			);
			runOnlyForDeploymentPostprocessing = 0;
		};
		7C7250771E0EBE7D00F916ED /* Sources */ = {
			isa = PBXSourcesBuildPhase;
			buildActionMask = 2147483647;
			files = (
				7C72508A1E0EC03400F916ED /* NBPhoneMetaData.m in Sources */,
				8B0FD3021E4A88AC0049DF81 /* NSArray+NBAdditions.m in Sources */,
				7C7250891E0EC03400F916ED /* NBPhoneNumberDesc.m in Sources */,
				7C72508B1E0EC03A00F916ED /* NBPhoneNumberDefines.m in Sources */,
				7C7250841E0EC01E00F916ED /* NBMetadataHelper.m in Sources */,
				0F2870A91FCF9368006230BF /* NBRegularExpressionCache.m in Sources */,
				7C7250871E0EC03400F916ED /* NBPhoneNumber.m in Sources */,
				0F2870AC1FCF9612006230BF /* NBPhoneNumberUtil+ShortNumber.m in Sources */,
				0F28709F1FCF8F13006230BF /* NBRegExMatcher.m in Sources */,
				7C72508D1E0EC03A00F916ED /* NBAsYouTypeFormatter.m in Sources */,
				7C72508C1E0EC03A00F916ED /* NBPhoneNumberUtil.m in Sources */,
				7C7250881E0EC03400F916ED /* NBNumberFormat.m in Sources */,
			);
			runOnlyForDeploymentPostprocessing = 0;
		};
		8B1FEF6F1EB7BE7C00FBDE87 /* Sources */ = {
			isa = PBXSourcesBuildPhase;
			buildActionMask = 2147483647;
			files = (
				8B1FEF9D1EB7BF6C00FBDE87 /* ViewController.swift in Sources */,
				8B1FEF9C1EB7BF6900FBDE87 /* AppDelegate.swift in Sources */,
				8B1FEF981EB7BEFE00FBDE87 /* NBTextField.swift in Sources */,
			);
			runOnlyForDeploymentPostprocessing = 0;
		};
/* End PBXSourcesBuildPhase section */

/* Begin PBXTargetDependency section */
		8B1FEF9A1EB7BF2B00FBDE87 /* PBXTargetDependency */ = {
			isa = PBXTargetDependency;
			target = 34ACBB841B7122AC0064B3BD /* libPhoneNumberiOS */;
			targetProxy = 8B1FEF991EB7BF2B00FBDE87 /* PBXContainerItemProxy */;
		};
/* End PBXTargetDependency section */

/* Begin PBXVariantGroup section */
		FD6AE8FC1BEE72B600263DE1 /* Main.storyboard */ = {
			isa = PBXVariantGroup;
			children = (
				FD6AE8FD1BEE72B600263DE1 /* Base */,
			);
			name = Main.storyboard;
			sourceTree = "<group>";
		};
		FD6AE9011BEE72B600263DE1 /* LaunchScreen.storyboard */ = {
			isa = PBXVariantGroup;
			children = (
				FD6AE9021BEE72B600263DE1 /* Base */,
			);
			name = LaunchScreen.storyboard;
			sourceTree = "<group>";
		};
/* End PBXVariantGroup section */

/* Begin XCBuildConfiguration section */
		14B7A29C1DE9B65D0051AED7 /* Debug */ = {
			isa = XCBuildConfiguration;
			buildSettings = {
				APPLICATION_EXTENSION_API_ONLY = NO;
				CLANG_ANALYZER_NONNULL = YES;
				CLANG_ENABLE_CODE_COVERAGE = NO;
				CLANG_ENABLE_MODULES = YES;
				CLANG_WARN_DIRECT_OBJC_ISA_USAGE = YES_ERROR;
				CLANG_WARN_DOCUMENTATION_COMMENTS = YES;
				CLANG_WARN_OBJC_ROOT_CLASS = YES_ERROR;
				CLANG_WARN_SUSPICIOUS_MOVES = YES;
				DEBUG_INFORMATION_FORMAT = dwarf;
				GCC_GENERATE_TEST_COVERAGE_FILES = NO;
				GCC_INSTRUMENT_PROGRAM_FLOW_ARCS = NO;
				GCC_PREPROCESSOR_DEFINITIONS = (
					"DEBUG=1",
					"TESTING=1",
					SHORT_NUMBER_SUPPORT,
				);
				GCC_WARN_ABOUT_RETURN_TYPE = YES_ERROR;
				GCC_WARN_UNINITIALIZED_AUTOS = YES_AGGRESSIVE;
				INFOPLIST_FILE = libPhoneNumberTests/Info.plist;
				IPHONEOS_DEPLOYMENT_TARGET = 10.1;
				LD_RUNPATH_SEARCH_PATHS = "$(inherited) @executable_path/Frameworks @loader_path/Frameworks";
				MTL_ENABLE_DEBUG_INFO = YES;
				PRODUCT_BUNDLE_IDENTIFIER = me.ohtalk.libPhoneNumberiOSTests;
				PRODUCT_NAME = "$(TARGET_NAME)";
			};
			name = Debug;
		};
		14B7A29D1DE9B65D0051AED7 /* Release */ = {
			isa = XCBuildConfiguration;
			buildSettings = {
				APPLICATION_EXTENSION_API_ONLY = NO;
				CLANG_ANALYZER_NONNULL = YES;
				CLANG_ENABLE_CODE_COVERAGE = NO;
				CLANG_ENABLE_MODULES = YES;
				CLANG_WARN_DIRECT_OBJC_ISA_USAGE = YES_ERROR;
				CLANG_WARN_DOCUMENTATION_COMMENTS = YES;
				CLANG_WARN_OBJC_ROOT_CLASS = YES_ERROR;
				CLANG_WARN_SUSPICIOUS_MOVES = YES;
				COPY_PHASE_STRIP = NO;
				DEBUG_INFORMATION_FORMAT = "dwarf-with-dsym";
				ENABLE_NS_ASSERTIONS = NO;
				GCC_GENERATE_TEST_COVERAGE_FILES = NO;
				GCC_INSTRUMENT_PROGRAM_FLOW_ARCS = NO;
				GCC_PREPROCESSOR_DEFINITIONS = (
					"TESTING=1",
					SHORT_NUMBER_SUPPORT,
				);
				GCC_WARN_ABOUT_RETURN_TYPE = YES_ERROR;
				GCC_WARN_UNINITIALIZED_AUTOS = YES_AGGRESSIVE;
				INFOPLIST_FILE = libPhoneNumberTests/Info.plist;
				IPHONEOS_DEPLOYMENT_TARGET = 10.1;
				LD_RUNPATH_SEARCH_PATHS = "$(inherited) @executable_path/Frameworks @loader_path/Frameworks";
				MTL_ENABLE_DEBUG_INFO = NO;
				PRODUCT_BUNDLE_IDENTIFIER = me.ohtalk.libPhoneNumberiOSTests;
				PRODUCT_NAME = "$(TARGET_NAME)";
			};
			name = Release;
		};
		1F31D52F1DDD46B100257818 /* Debug */ = {
			isa = XCBuildConfiguration;
			buildSettings = {
				CLANG_ANALYZER_NONNULL = YES;
				CLANG_ENABLE_MODULES = YES;
				CLANG_WARN_BOOL_CONVERSION = YES;
				CLANG_WARN_CONSTANT_CONVERSION = YES;
				CLANG_WARN_DIRECT_OBJC_ISA_USAGE = YES_ERROR;
				CLANG_WARN_DOCUMENTATION_COMMENTS = YES;
				CLANG_WARN_ENUM_CONVERSION = YES;
				CLANG_WARN_INFINITE_RECURSION = YES;
				CLANG_WARN_INT_CONVERSION = YES;
				CLANG_WARN_OBJC_ROOT_CLASS = YES_ERROR;
				CLANG_WARN_SUSPICIOUS_MOVES = YES;
				CLANG_WARN_UNREACHABLE_CODE = YES;
				CODE_SIGN_IDENTITY = "";
				CURRENT_PROJECT_VERSION = 1;
				DEBUG_INFORMATION_FORMAT = dwarf;
				DEFINES_MODULE = YES;
				DYLIB_COMPATIBILITY_VERSION = 1;
				DYLIB_CURRENT_VERSION = 1;
				DYLIB_INSTALL_NAME_BASE = "@rpath";
				ENABLE_STRICT_OBJC_MSGSEND = YES;
				GCC_NO_COMMON_BLOCKS = YES;
				GCC_WARN_64_TO_32_BIT_CONVERSION = YES;
				GCC_WARN_ABOUT_RETURN_TYPE = YES_ERROR;
				GCC_WARN_UNDECLARED_SELECTOR = YES;
				GCC_WARN_UNINITIALIZED_AUTOS = YES_AGGRESSIVE;
				INFOPLIST_FILE = "libPhoneNumber-watchOS/Info.plist";
				INSTALL_PATH = "$(LOCAL_LIBRARY_DIR)/Frameworks";
				LD_RUNPATH_SEARCH_PATHS = "$(inherited) @executable_path/Frameworks @loader_path/Frameworks";
				MTL_ENABLE_DEBUG_INFO = YES;
				PRODUCT_BUNDLE_IDENTIFIER = me.ohtalk.libPhoneNumber.watchOS;
				PRODUCT_NAME = libPhoneNumberwatchOS;
				SDKROOT = watchos;
				SKIP_INSTALL = YES;
				TARGETED_DEVICE_FAMILY = 4;
				VALID_ARCHS = armv7k;
				VERSIONING_SYSTEM = "apple-generic";
				VERSION_INFO_PREFIX = "";
				WATCHOS_DEPLOYMENT_TARGET = 2.0;
			};
			name = Debug;
		};
		1F31D5301DDD46B100257818 /* Release */ = {
			isa = XCBuildConfiguration;
			buildSettings = {
				CLANG_ANALYZER_NONNULL = YES;
				CLANG_ENABLE_MODULES = YES;
				CLANG_WARN_BOOL_CONVERSION = YES;
				CLANG_WARN_CONSTANT_CONVERSION = YES;
				CLANG_WARN_DIRECT_OBJC_ISA_USAGE = YES_ERROR;
				CLANG_WARN_DOCUMENTATION_COMMENTS = YES;
				CLANG_WARN_ENUM_CONVERSION = YES;
				CLANG_WARN_INFINITE_RECURSION = YES;
				CLANG_WARN_INT_CONVERSION = YES;
				CLANG_WARN_OBJC_ROOT_CLASS = YES_ERROR;
				CLANG_WARN_SUSPICIOUS_MOVES = YES;
				CLANG_WARN_UNREACHABLE_CODE = YES;
				CODE_SIGN_IDENTITY = "";
				COPY_PHASE_STRIP = NO;
				CURRENT_PROJECT_VERSION = 1;
				DEBUG_INFORMATION_FORMAT = "dwarf-with-dsym";
				DEFINES_MODULE = YES;
				DYLIB_COMPATIBILITY_VERSION = 1;
				DYLIB_CURRENT_VERSION = 1;
				DYLIB_INSTALL_NAME_BASE = "@rpath";
				ENABLE_NS_ASSERTIONS = NO;
				ENABLE_STRICT_OBJC_MSGSEND = YES;
				GCC_NO_COMMON_BLOCKS = YES;
				GCC_WARN_64_TO_32_BIT_CONVERSION = YES;
				GCC_WARN_ABOUT_RETURN_TYPE = YES_ERROR;
				GCC_WARN_UNDECLARED_SELECTOR = YES;
				GCC_WARN_UNINITIALIZED_AUTOS = YES_AGGRESSIVE;
				INFOPLIST_FILE = "libPhoneNumber-watchOS/Info.plist";
				INSTALL_PATH = "$(LOCAL_LIBRARY_DIR)/Frameworks";
				LD_RUNPATH_SEARCH_PATHS = "$(inherited) @executable_path/Frameworks @loader_path/Frameworks";
				MTL_ENABLE_DEBUG_INFO = NO;
				PRODUCT_BUNDLE_IDENTIFIER = me.ohtalk.libPhoneNumber.watchOS;
				PRODUCT_NAME = libPhoneNumberwatchOS;
				SDKROOT = watchos;
				SKIP_INSTALL = YES;
				TARGETED_DEVICE_FAMILY = 4;
				VALID_ARCHS = armv7k;
				VERSIONING_SYSTEM = "apple-generic";
				VERSION_INFO_PREFIX = "";
				WATCHOS_DEPLOYMENT_TARGET = 2.0;
			};
			name = Release;
		};
		1F31D5531DDD47BA00257818 /* Debug */ = {
			isa = XCBuildConfiguration;
			buildSettings = {
				CLANG_ANALYZER_NONNULL = YES;
				CLANG_ENABLE_MODULES = YES;
				CLANG_WARN_BOOL_CONVERSION = YES;
				CLANG_WARN_CONSTANT_CONVERSION = YES;
				CLANG_WARN_DIRECT_OBJC_ISA_USAGE = YES_ERROR;
				CLANG_WARN_DOCUMENTATION_COMMENTS = YES;
				CLANG_WARN_ENUM_CONVERSION = YES;
				CLANG_WARN_INFINITE_RECURSION = YES;
				CLANG_WARN_INT_CONVERSION = YES;
				CLANG_WARN_OBJC_ROOT_CLASS = YES_ERROR;
				CLANG_WARN_SUSPICIOUS_MOVES = YES;
				CLANG_WARN_UNREACHABLE_CODE = YES;
				CODE_SIGN_IDENTITY = "";
				CURRENT_PROJECT_VERSION = 1;
				DEBUG_INFORMATION_FORMAT = dwarf;
				DEFINES_MODULE = YES;
				DYLIB_COMPATIBILITY_VERSION = 1;
				DYLIB_CURRENT_VERSION = 1;
				DYLIB_INSTALL_NAME_BASE = "@rpath";
				ENABLE_STRICT_OBJC_MSGSEND = YES;
				GCC_NO_COMMON_BLOCKS = YES;
				GCC_WARN_64_TO_32_BIT_CONVERSION = YES;
				GCC_WARN_ABOUT_RETURN_TYPE = YES_ERROR;
				GCC_WARN_UNDECLARED_SELECTOR = YES;
				GCC_WARN_UNINITIALIZED_AUTOS = YES_AGGRESSIVE;
				INFOPLIST_FILE = "libPhoneNumber-tvOS/Info.plist";
				INSTALL_PATH = "$(LOCAL_LIBRARY_DIR)/Frameworks";
				LD_RUNPATH_SEARCH_PATHS = "$(inherited) @executable_path/Frameworks @loader_path/Frameworks";
				MTL_ENABLE_DEBUG_INFO = YES;
				PRODUCT_BUNDLE_IDENTIFIER = me.ohtalk.libPhoneNumber.tvOS;
				PRODUCT_NAME = libPhoneNumbertvOS;
				SDKROOT = appletvos;
				SKIP_INSTALL = YES;
				TARGETED_DEVICE_FAMILY = 3;
				TVOS_DEPLOYMENT_TARGET = 9.0;
				VALID_ARCHS = arm64;
				VERSIONING_SYSTEM = "apple-generic";
				VERSION_INFO_PREFIX = "";
			};
			name = Debug;
		};
		1F31D5541DDD47BA00257818 /* Release */ = {
			isa = XCBuildConfiguration;
			buildSettings = {
				CLANG_ANALYZER_NONNULL = YES;
				CLANG_ENABLE_MODULES = YES;
				CLANG_WARN_BOOL_CONVERSION = YES;
				CLANG_WARN_CONSTANT_CONVERSION = YES;
				CLANG_WARN_DIRECT_OBJC_ISA_USAGE = YES_ERROR;
				CLANG_WARN_DOCUMENTATION_COMMENTS = YES;
				CLANG_WARN_ENUM_CONVERSION = YES;
				CLANG_WARN_INFINITE_RECURSION = YES;
				CLANG_WARN_INT_CONVERSION = YES;
				CLANG_WARN_OBJC_ROOT_CLASS = YES_ERROR;
				CLANG_WARN_SUSPICIOUS_MOVES = YES;
				CLANG_WARN_UNREACHABLE_CODE = YES;
				CODE_SIGN_IDENTITY = "";
				COPY_PHASE_STRIP = NO;
				CURRENT_PROJECT_VERSION = 1;
				DEBUG_INFORMATION_FORMAT = "dwarf-with-dsym";
				DEFINES_MODULE = YES;
				DYLIB_COMPATIBILITY_VERSION = 1;
				DYLIB_CURRENT_VERSION = 1;
				DYLIB_INSTALL_NAME_BASE = "@rpath";
				ENABLE_NS_ASSERTIONS = NO;
				ENABLE_STRICT_OBJC_MSGSEND = YES;
				GCC_NO_COMMON_BLOCKS = YES;
				GCC_WARN_64_TO_32_BIT_CONVERSION = YES;
				GCC_WARN_ABOUT_RETURN_TYPE = YES_ERROR;
				GCC_WARN_UNDECLARED_SELECTOR = YES;
				GCC_WARN_UNINITIALIZED_AUTOS = YES_AGGRESSIVE;
				INFOPLIST_FILE = "libPhoneNumber-tvOS/Info.plist";
				INSTALL_PATH = "$(LOCAL_LIBRARY_DIR)/Frameworks";
				LD_RUNPATH_SEARCH_PATHS = "$(inherited) @executable_path/Frameworks @loader_path/Frameworks";
				MTL_ENABLE_DEBUG_INFO = NO;
				PRODUCT_BUNDLE_IDENTIFIER = me.ohtalk.libPhoneNumber.tvOS;
				PRODUCT_NAME = libPhoneNumbertvOS;
				SDKROOT = appletvos;
				SKIP_INSTALL = YES;
				TARGETED_DEVICE_FAMILY = 3;
				TVOS_DEPLOYMENT_TARGET = 9.0;
				VALID_ARCHS = arm64;
				VERSIONING_SYSTEM = "apple-generic";
				VERSION_INFO_PREFIX = "";
			};
			name = Release;
		};
		34ACBB9E1B7122AC0064B3BD /* Debug */ = {
			isa = XCBuildConfiguration;
			buildSettings = {
				CLANG_ENABLE_MODULES = YES;
				CLANG_WARN_BOOL_CONVERSION = YES;
				CLANG_WARN_CONSTANT_CONVERSION = YES;
				CLANG_WARN_DIRECT_OBJC_ISA_USAGE = YES_ERROR;
				CLANG_WARN_ENUM_CONVERSION = YES;
				CLANG_WARN_INT_CONVERSION = YES;
				CLANG_WARN_OBJC_ROOT_CLASS = YES_ERROR;
				CLANG_WARN_UNREACHABLE_CODE = YES;
				"CODE_SIGN_IDENTITY[sdk=iphoneos*]" = "";
				CURRENT_PROJECT_VERSION = 1;
				DEBUG_INFORMATION_FORMAT = "dwarf-with-dsym";
				DEFINES_MODULE = YES;
				DYLIB_COMPATIBILITY_VERSION = 1;
				DYLIB_CURRENT_VERSION = 1;
				DYLIB_INSTALL_NAME_BASE = "@rpath";
				ENABLE_STRICT_OBJC_MSGSEND = YES;
				GCC_NO_COMMON_BLOCKS = YES;
				GCC_PREPROCESSOR_DEFINITIONS = (
					"DEBUG=1",
					"$(inherited)",
				);
				GCC_WARN_64_TO_32_BIT_CONVERSION = YES;
				GCC_WARN_ABOUT_RETURN_TYPE = YES_ERROR;
				GCC_WARN_UNDECLARED_SELECTOR = YES;
				GCC_WARN_UNINITIALIZED_AUTOS = YES_AGGRESSIVE;
				INFOPLIST_FILE = "libPhoneNumber-iOS/Info.plist";
				INSTALL_PATH = "$(LOCAL_LIBRARY_DIR)/Frameworks";
				IPHONEOS_DEPLOYMENT_TARGET = 8.0;
				LD_RUNPATH_SEARCH_PATHS = "$(inherited) @executable_path/Frameworks @loader_path/Frameworks";
				MTL_ENABLE_DEBUG_INFO = YES;
				ONLY_ACTIVE_ARCH = NO;
				PRODUCT_BUNDLE_IDENTIFIER = me.ohtalk.libPhoneNumber.iOS;
				PRODUCT_NAME = libPhoneNumberiOS;
				SKIP_INSTALL = YES;
				VERSIONING_SYSTEM = "apple-generic";
				VERSION_INFO_PREFIX = "";
			};
			name = Debug;
		};
		34ACBB9F1B7122AC0064B3BD /* Release */ = {
			isa = XCBuildConfiguration;
			buildSettings = {
				CLANG_ENABLE_MODULES = YES;
				CLANG_WARN_BOOL_CONVERSION = YES;
				CLANG_WARN_CONSTANT_CONVERSION = YES;
				CLANG_WARN_DIRECT_OBJC_ISA_USAGE = YES_ERROR;
				CLANG_WARN_ENUM_CONVERSION = YES;
				CLANG_WARN_INT_CONVERSION = YES;
				CLANG_WARN_OBJC_ROOT_CLASS = YES_ERROR;
				CLANG_WARN_UNREACHABLE_CODE = YES;
				"CODE_SIGN_IDENTITY[sdk=iphoneos*]" = "";
				COPY_PHASE_STRIP = NO;
				CURRENT_PROJECT_VERSION = 1;
				DEBUG_INFORMATION_FORMAT = "dwarf-with-dsym";
				DEFINES_MODULE = YES;
				DYLIB_COMPATIBILITY_VERSION = 1;
				DYLIB_CURRENT_VERSION = 1;
				DYLIB_INSTALL_NAME_BASE = "@rpath";
				ENABLE_NS_ASSERTIONS = NO;
				ENABLE_STRICT_OBJC_MSGSEND = YES;
				GCC_INSTRUMENT_PROGRAM_FLOW_ARCS = NO;
				GCC_NO_COMMON_BLOCKS = YES;
				GCC_WARN_64_TO_32_BIT_CONVERSION = YES;
				GCC_WARN_ABOUT_RETURN_TYPE = YES_ERROR;
				GCC_WARN_UNDECLARED_SELECTOR = YES;
				GCC_WARN_UNINITIALIZED_AUTOS = YES_AGGRESSIVE;
				INFOPLIST_FILE = "libPhoneNumber-iOS/Info.plist";
				INSTALL_PATH = "$(LOCAL_LIBRARY_DIR)/Frameworks";
				IPHONEOS_DEPLOYMENT_TARGET = 8.0;
				LD_RUNPATH_SEARCH_PATHS = "$(inherited) @executable_path/Frameworks @loader_path/Frameworks";
				MTL_ENABLE_DEBUG_INFO = NO;
				ONLY_ACTIVE_ARCH = NO;
				PRODUCT_BUNDLE_IDENTIFIER = me.ohtalk.libPhoneNumber.iOS;
				PRODUCT_NAME = libPhoneNumberiOS;
				SKIP_INSTALL = YES;
				VERSIONING_SYSTEM = "apple-generic";
				VERSION_INFO_PREFIX = "";
			};
			name = Release;
		};
		7C7250811E0EBE7D00F916ED /* Debug */ = {
			isa = XCBuildConfiguration;
			buildSettings = {
				CLANG_ANALYZER_NONNULL = YES;
				CLANG_ENABLE_MODULES = YES;
				CLANG_WARN_DIRECT_OBJC_ISA_USAGE = YES_ERROR;
				CLANG_WARN_DOCUMENTATION_COMMENTS = YES;
				CLANG_WARN_OBJC_ROOT_CLASS = YES_ERROR;
				CODE_SIGN_IDENTITY = "-";
				COMBINE_HIDPI_IMAGES = YES;
				CURRENT_PROJECT_VERSION = 1;
				DEBUG_INFORMATION_FORMAT = dwarf;
				DEFINES_MODULE = YES;
				DYLIB_COMPATIBILITY_VERSION = 1;
				DYLIB_CURRENT_VERSION = 1;
				DYLIB_INSTALL_NAME_BASE = "@rpath";
				FRAMEWORK_VERSION = A;
				GCC_WARN_ABOUT_RETURN_TYPE = YES_ERROR;
				GCC_WARN_UNINITIALIZED_AUTOS = YES_AGGRESSIVE;
				INFOPLIST_FILE = "libPhoneNumber-macOS/Info.plist";
				INSTALL_PATH = "$(LOCAL_LIBRARY_DIR)/Frameworks";
				LD_RUNPATH_SEARCH_PATHS = "$(inherited) @executable_path/../Frameworks @loader_path/Frameworks";
				MACOSX_DEPLOYMENT_TARGET = 10.9;
				MTL_ENABLE_DEBUG_INFO = YES;
				PRODUCT_BUNDLE_IDENTIFIER = me.ohtalk.libPhoneNumber.macOS;
				PRODUCT_NAME = "$(TARGET_NAME)";
				SDKROOT = macosx;
				SKIP_INSTALL = YES;
				VALID_ARCHS = "i386 x86_64";
				VERSIONING_SYSTEM = "apple-generic";
				VERSION_INFO_PREFIX = "";
			};
			name = Debug;
		};
		7C7250821E0EBE7D00F916ED /* Release */ = {
			isa = XCBuildConfiguration;
			buildSettings = {
				CLANG_ANALYZER_NONNULL = YES;
				CLANG_ENABLE_MODULES = YES;
				CLANG_WARN_DIRECT_OBJC_ISA_USAGE = YES_ERROR;
				CLANG_WARN_DOCUMENTATION_COMMENTS = YES;
				CLANG_WARN_OBJC_ROOT_CLASS = YES_ERROR;
				CODE_SIGN_IDENTITY = "-";
				COMBINE_HIDPI_IMAGES = YES;
				COPY_PHASE_STRIP = NO;
				CURRENT_PROJECT_VERSION = 1;
				DEBUG_INFORMATION_FORMAT = "dwarf-with-dsym";
				DEFINES_MODULE = YES;
				DYLIB_COMPATIBILITY_VERSION = 1;
				DYLIB_CURRENT_VERSION = 1;
				DYLIB_INSTALL_NAME_BASE = "@rpath";
				ENABLE_NS_ASSERTIONS = NO;
				FRAMEWORK_VERSION = A;
				GCC_WARN_ABOUT_RETURN_TYPE = YES_ERROR;
				GCC_WARN_UNINITIALIZED_AUTOS = YES_AGGRESSIVE;
				INFOPLIST_FILE = "libPhoneNumber-macOS/Info.plist";
				INSTALL_PATH = "$(LOCAL_LIBRARY_DIR)/Frameworks";
				LD_RUNPATH_SEARCH_PATHS = "$(inherited) @executable_path/../Frameworks @loader_path/Frameworks";
				MACOSX_DEPLOYMENT_TARGET = 10.9;
				MTL_ENABLE_DEBUG_INFO = NO;
				PRODUCT_BUNDLE_IDENTIFIER = me.ohtalk.libPhoneNumber.macOS;
				PRODUCT_NAME = "$(TARGET_NAME)";
				SDKROOT = macosx;
				SKIP_INSTALL = YES;
				VALID_ARCHS = "i386 x86_64";
				VERSIONING_SYSTEM = "apple-generic";
				VERSION_INFO_PREFIX = "";
			};
			name = Release;
		};
		8B1FEF831EB7BE7C00FBDE87 /* Debug */ = {
			isa = XCBuildConfiguration;
			buildSettings = {
				ASSETCATALOG_COMPILER_APPICON_NAME = AppIcon;
				CLANG_ANALYZER_NONNULL = YES;
				CLANG_ANALYZER_NUMBER_OBJECT_CONVERSION = YES_AGGRESSIVE;
				CLANG_ENABLE_MODULES = YES;
				CLANG_WARN_DIRECT_OBJC_ISA_USAGE = YES_ERROR;
				CLANG_WARN_DOCUMENTATION_COMMENTS = YES;
				CLANG_WARN_OBJC_ROOT_CLASS = YES_ERROR;
				DEBUG_INFORMATION_FORMAT = dwarf;
				GCC_WARN_ABOUT_RETURN_TYPE = YES_ERROR;
				GCC_WARN_UNINITIALIZED_AUTOS = YES_AGGRESSIVE;
				INFOPLIST_FILE = "$(SRCROOT)/libPhoneNumber-SwiftDemo/Info.plist";
				IPHONEOS_DEPLOYMENT_TARGET = 10.3;
				LD_RUNPATH_SEARCH_PATHS = "$(inherited) @executable_path/Frameworks";
				MTL_ENABLE_DEBUG_INFO = YES;
				PRODUCT_BUNDLE_IDENTIFIER = me.ohtalk.SwiftDemo;
				PRODUCT_NAME = "$(TARGET_NAME)";
				SWIFT_ACTIVE_COMPILATION_CONDITIONS = DEBUG;
				SWIFT_VERSION = 3.0;
			};
			name = Debug;
		};
		8B1FEF841EB7BE7C00FBDE87 /* Release */ = {
			isa = XCBuildConfiguration;
			buildSettings = {
				ASSETCATALOG_COMPILER_APPICON_NAME = AppIcon;
				CLANG_ANALYZER_NONNULL = YES;
				CLANG_ANALYZER_NUMBER_OBJECT_CONVERSION = YES_AGGRESSIVE;
				CLANG_ENABLE_MODULES = YES;
				CLANG_WARN_DIRECT_OBJC_ISA_USAGE = YES_ERROR;
				CLANG_WARN_DOCUMENTATION_COMMENTS = YES;
				CLANG_WARN_OBJC_ROOT_CLASS = YES_ERROR;
				COPY_PHASE_STRIP = NO;
				DEBUG_INFORMATION_FORMAT = "dwarf-with-dsym";
				ENABLE_NS_ASSERTIONS = NO;
				GCC_WARN_ABOUT_RETURN_TYPE = YES_ERROR;
				GCC_WARN_UNINITIALIZED_AUTOS = YES_AGGRESSIVE;
				INFOPLIST_FILE = "$(SRCROOT)/libPhoneNumber-SwiftDemo/Info.plist";
				IPHONEOS_DEPLOYMENT_TARGET = 10.3;
				LD_RUNPATH_SEARCH_PATHS = "$(inherited) @executable_path/Frameworks";
				MTL_ENABLE_DEBUG_INFO = NO;
				PRODUCT_BUNDLE_IDENTIFIER = me.ohtalk.SwiftDemo;
				PRODUCT_NAME = "$(TARGET_NAME)";
				SWIFT_VERSION = 3.0;
			};
			name = Release;
		};
		FD7A064D167715A1004BBEB6 /* Debug */ = {
			isa = XCBuildConfiguration;
			buildSettings = {
				ALWAYS_SEARCH_USER_PATHS = NO;
				APPLICATION_EXTENSION_API_ONLY = YES;
				CLANG_CXX_LANGUAGE_STANDARD = "gnu++0x";
				CLANG_CXX_LIBRARY = "libc++";
				CLANG_ENABLE_OBJC_ARC = YES;
				CLANG_WARN_BLOCK_CAPTURE_AUTORELEASING = YES;
				CLANG_WARN_BOOL_CONVERSION = YES;
				CLANG_WARN_COMMA = YES;
				CLANG_WARN_CONSTANT_CONVERSION = YES;
				CLANG_WARN_DEPRECATED_OBJC_IMPLEMENTATIONS = YES;
				CLANG_WARN_EMPTY_BODY = YES;
				CLANG_WARN_ENUM_CONVERSION = YES;
				CLANG_WARN_INFINITE_RECURSION = YES;
				CLANG_WARN_INT_CONVERSION = YES;
				CLANG_WARN_NON_LITERAL_NULL_CONVERSION = YES;
				CLANG_WARN_OBJC_IMPLICIT_RETAIN_SELF = YES;
				CLANG_WARN_OBJC_LITERAL_CONVERSION = YES;
				CLANG_WARN_RANGE_LOOP_ANALYSIS = YES;
				CLANG_WARN_STRICT_PROTOTYPES = YES;
				CLANG_WARN_SUSPICIOUS_MOVE = YES;
				CLANG_WARN_UNREACHABLE_CODE = YES;
				CLANG_WARN__DUPLICATE_METHOD_MATCH = YES;
				"CODE_SIGN_IDENTITY[sdk=iphoneos*]" = "iPhone Developer";
				COPY_PHASE_STRIP = NO;
				ENABLE_STRICT_OBJC_MSGSEND = YES;
				ENABLE_TESTABILITY = YES;
				GCC_C_LANGUAGE_STANDARD = gnu99;
				GCC_DYNAMIC_NO_PIC = NO;
				GCC_GENERATE_TEST_COVERAGE_FILES = YES;
				GCC_INSTRUMENT_PROGRAM_FLOW_ARCS = YES;
				GCC_NO_COMMON_BLOCKS = YES;
				GCC_OPTIMIZATION_LEVEL = 0;
				GCC_PREPROCESSOR_DEFINITIONS = (
					"DEBUG=1",
					"$(inherited)",
				);
				GCC_SYMBOLS_PRIVATE_EXTERN = NO;
				GCC_WARN_64_TO_32_BIT_CONVERSION = YES;
				GCC_WARN_ABOUT_RETURN_TYPE = YES;
				GCC_WARN_UNDECLARED_SELECTOR = YES;
				GCC_WARN_UNINITIALIZED_AUTOS = YES;
				GCC_WARN_UNUSED_FUNCTION = YES;
				GCC_WARN_UNUSED_VARIABLE = YES;
				ONLY_ACTIVE_ARCH = YES;
				OTHER_CFLAGS = "";
				SDKROOT = iphoneos;
				SWIFT_OPTIMIZATION_LEVEL = "-Onone";
				TARGETED_DEVICE_FAMILY = "1,2";
				USER_HEADER_SEARCH_PATHS = "${SHARED_DERIVED_FILE_DIR}";
				VALID_ARCHS = "arm64 armv7 armv7s i386";
			};
			name = Debug;
		};
		FD7A064E167715A1004BBEB6 /* Release */ = {
			isa = XCBuildConfiguration;
			buildSettings = {
				ALWAYS_SEARCH_USER_PATHS = NO;
				APPLICATION_EXTENSION_API_ONLY = YES;
				CLANG_CXX_LANGUAGE_STANDARD = "gnu++0x";
				CLANG_CXX_LIBRARY = "libc++";
				CLANG_ENABLE_OBJC_ARC = YES;
				CLANG_WARN_BLOCK_CAPTURE_AUTORELEASING = YES;
				CLANG_WARN_BOOL_CONVERSION = YES;
				CLANG_WARN_COMMA = YES;
				CLANG_WARN_CONSTANT_CONVERSION = YES;
				CLANG_WARN_DEPRECATED_OBJC_IMPLEMENTATIONS = YES;
				CLANG_WARN_EMPTY_BODY = YES;
				CLANG_WARN_ENUM_CONVERSION = YES;
				CLANG_WARN_INFINITE_RECURSION = YES;
				CLANG_WARN_INT_CONVERSION = YES;
				CLANG_WARN_NON_LITERAL_NULL_CONVERSION = YES;
				CLANG_WARN_OBJC_IMPLICIT_RETAIN_SELF = YES;
				CLANG_WARN_OBJC_LITERAL_CONVERSION = YES;
				CLANG_WARN_RANGE_LOOP_ANALYSIS = YES;
				CLANG_WARN_STRICT_PROTOTYPES = YES;
				CLANG_WARN_SUSPICIOUS_MOVE = YES;
				CLANG_WARN_UNREACHABLE_CODE = YES;
				CLANG_WARN__DUPLICATE_METHOD_MATCH = YES;
				"CODE_SIGN_IDENTITY[sdk=iphoneos*]" = "iPhone Developer";
				COPY_PHASE_STRIP = YES;
				ENABLE_STRICT_OBJC_MSGSEND = YES;
				GCC_C_LANGUAGE_STANDARD = gnu99;
				GCC_GENERATE_TEST_COVERAGE_FILES = YES;
				GCC_INSTRUMENT_PROGRAM_FLOW_ARCS = YES;
				GCC_NO_COMMON_BLOCKS = YES;
				GCC_WARN_64_TO_32_BIT_CONVERSION = YES;
				GCC_WARN_ABOUT_RETURN_TYPE = YES;
				GCC_WARN_UNDECLARED_SELECTOR = YES;
				GCC_WARN_UNINITIALIZED_AUTOS = YES;
				GCC_WARN_UNUSED_FUNCTION = YES;
				GCC_WARN_UNUSED_VARIABLE = YES;
				OTHER_CFLAGS = "";
				SDKROOT = iphoneos;
				SWIFT_OPTIMIZATION_LEVEL = "-Owholemodule";
				TARGETED_DEVICE_FAMILY = "1,2";
				USER_HEADER_SEARCH_PATHS = "${SHARED_DERIVED_FILE_DIR}";
				VALIDATE_PRODUCT = YES;
				VALID_ARCHS = "arm64 armv7 armv7s i386";
			};
			name = Release;
		};
/* End XCBuildConfiguration section */

/* Begin XCConfigurationList section */
		14B7A29B1DE9B65D0051AED7 /* Build configuration list for PBXNativeTarget "libPhoneNumberiOSTests" */ = {
			isa = XCConfigurationList;
			buildConfigurations = (
				14B7A29C1DE9B65D0051AED7 /* Debug */,
				14B7A29D1DE9B65D0051AED7 /* Release */,
			);
			defaultConfigurationIsVisible = 0;
			defaultConfigurationName = Release;
		};
		1F31D5311DDD46B100257818 /* Build configuration list for PBXNativeTarget "libPhoneNumberwatchOS" */ = {
			isa = XCConfigurationList;
			buildConfigurations = (
				1F31D52F1DDD46B100257818 /* Debug */,
				1F31D5301DDD46B100257818 /* Release */,
			);
			defaultConfigurationIsVisible = 0;
			defaultConfigurationName = Release;
		};
		1F31D5521DDD47BA00257818 /* Build configuration list for PBXNativeTarget "libPhoneNumbertvOS" */ = {
			isa = XCConfigurationList;
			buildConfigurations = (
				1F31D5531DDD47BA00257818 /* Debug */,
				1F31D5541DDD47BA00257818 /* Release */,
			);
			defaultConfigurationIsVisible = 0;
			defaultConfigurationName = Release;
		};
		34ACBBA21B7122AC0064B3BD /* Build configuration list for PBXNativeTarget "libPhoneNumberiOS" */ = {
			isa = XCConfigurationList;
			buildConfigurations = (
				34ACBB9E1B7122AC0064B3BD /* Debug */,
				34ACBB9F1B7122AC0064B3BD /* Release */,
			);
			defaultConfigurationIsVisible = 0;
			defaultConfigurationName = Release;
		};
		7C7250831E0EBE7D00F916ED /* Build configuration list for PBXNativeTarget "libPhoneNumbermacOS" */ = {
			isa = XCConfigurationList;
			buildConfigurations = (
				7C7250811E0EBE7D00F916ED /* Debug */,
				7C7250821E0EBE7D00F916ED /* Release */,
			);
			defaultConfigurationIsVisible = 0;
			defaultConfigurationName = Release;
		};
		8B1FEF821EB7BE7C00FBDE87 /* Build configuration list for PBXNativeTarget "SwiftDemo" */ = {
			isa = XCConfigurationList;
			buildConfigurations = (
				8B1FEF831EB7BE7C00FBDE87 /* Debug */,
				8B1FEF841EB7BE7C00FBDE87 /* Release */,
			);
			defaultConfigurationIsVisible = 0;
			defaultConfigurationName = Release;
		};
		FD7A0616167715A0004BBEB6 /* Build configuration list for PBXProject "libPhoneNumber" */ = {
			isa = XCConfigurationList;
			buildConfigurations = (
				FD7A064D167715A1004BBEB6 /* Debug */,
				FD7A064E167715A1004BBEB6 /* Release */,
			);
			defaultConfigurationIsVisible = 0;
			defaultConfigurationName = Release;
		};
/* End XCConfigurationList section */
	};
	rootObject = FD7A0613167715A0004BBEB6 /* Project object */;
}
