// !$*UTF8*$!
{
	archiveVersion = 1;
	classes = {
	};
	objectVersion = 52;
	objects = {

/* Begin PBXBuildFile section */
		0F2870981FCF8F13006230BF /* NBRegExMatcher.h in Headers */ = {isa = PBXBuildFile; fileRef = 0F2870961FCF8F13006230BF /* NBRegExMatcher.h */; };
		0F28709C1FCF8F13006230BF /* NBRegExMatcher.m in Sources */ = {isa = PBXBuildFile; fileRef = 0F2870971FCF8F13006230BF /* NBRegExMatcher.m */; };
		0F2870A21FCF9368006230BF /* NBRegularExpressionCache.h in Headers */ = {isa = PBXBuildFile; fileRef = 0F2870A01FCF9368006230BF /* NBRegularExpressionCache.h */; };
		0F2870A61FCF9368006230BF /* NBRegularExpressionCache.m in Sources */ = {isa = PBXBuildFile; fileRef = 0F2870A11FCF9368006230BF /* NBRegularExpressionCache.m */; };
		0F4314DC203CA833005FE065 /* NBPhoneNumberParsingPerfTest.m in Sources */ = {isa = PBXBuildFile; fileRef = 0FAE11902037959800193503 /* NBPhoneNumberParsingPerfTest.m */; };
		0FC0D36824A29F510087AFCF /* Geocoding.h in Headers */ = {isa = PBXBuildFile; fileRef = 0FC0D36624A29F510087AFCF /* Geocoding.h */; settings = {ATTRIBUTES = (Public, ); }; };
		0FC0D36C24A29F590087AFCF /* NBPhoneNumberOfflineGeocoder.m in Sources */ = {isa = PBXBuildFile; fileRef = 944B9B0C2497EEDC007E17B5 /* NBPhoneNumberOfflineGeocoder.m */; };
		0FC0D36D24A29F680087AFCF /* libPhoneNumberiOS.framework in Frameworks */ = {isa = PBXBuildFile; fileRef = 34ACBB851B7122AC0064B3BD /* libPhoneNumberiOS.framework */; };
		0FC0D36E24A29F680087AFCF /* libPhoneNumberiOS.framework in Embed Frameworks */ = {isa = PBXBuildFile; fileRef = 34ACBB851B7122AC0064B3BD /* libPhoneNumberiOS.framework */; settings = {ATTRIBUTES = (CodeSignOnCopy, RemoveHeadersOnCopy, ); }; };
		0FC0D37B24A2A05E0087AFCF /* libPhoneNumberGeocoding.framework in Frameworks */ = {isa = PBXBuildFile; fileRef = 0FC0D36424A29F510087AFCF /* libPhoneNumberGeocoding.framework */; };
		0FC0D38124A2A18D0087AFCF /* NBPhoneNumberOfflineGeocoder.h in Headers */ = {isa = PBXBuildFile; fileRef = 944B9B0B2497EEDC007E17B5 /* NBPhoneNumberOfflineGeocoder.h */; settings = {ATTRIBUTES = (Public, ); }; };
		0FC0D38224A2A18F0087AFCF /* NBGeocoderMetadataHelper.h in Headers */ = {isa = PBXBuildFile; fileRef = 944B9B002497ED79007E17B5 /* NBGeocoderMetadataHelper.h */; settings = {ATTRIBUTES = (Private, ); }; };
		0FC0D38324A2A1D30087AFCF /* GeocodingMetadata.bundle in Resources */ = {isa = PBXBuildFile; fileRef = 944B9B1C2497F63B007E17B5 /* GeocodingMetadata.bundle */; };
		0FC214DA24D339BD002A5E4B /* libPhoneNumberMetadataForTesting in Resources */ = {isa = PBXBuildFile; fileRef = 0FC214D924D339BD002A5E4B /* libPhoneNumberMetadataForTesting */; };
		0FD8755D24D39AB300AB132F /* libPhoneNumberMetadataForTesting in Resources */ = {isa = PBXBuildFile; fileRef = 0FC214D924D339BD002A5E4B /* libPhoneNumberMetadataForTesting */; };
		0FD8755E24D39DD900AB132F /* libPhoneNumberMetadataForTesting in Resources */ = {isa = PBXBuildFile; fileRef = 0FC214D924D339BD002A5E4B /* libPhoneNumberMetadataForTesting */; };
		1485C5271E06F4890092F541 /* NBAsYouTypeFormatterTest.m in Sources */ = {isa = PBXBuildFile; fileRef = 1485C5231E06F4890092F541 /* NBAsYouTypeFormatterTest.m */; };
		1485C5291E06F4890092F541 /* NBPhoneNumberUtilTest.m in Sources */ = {isa = PBXBuildFile; fileRef = 1485C5251E06F4890092F541 /* NBPhoneNumberUtilTest.m */; };
		34ACBB8A1B7122AC0064B3BD /* libPhoneNumberiOS.h in Headers */ = {isa = PBXBuildFile; fileRef = 34ACBB891B7122AC0064B3BD /* libPhoneNumberiOS.h */; settings = {ATTRIBUTES = (Public, ); }; };
		34ACBBAA1B7122F80064B3BD /* NBPhoneNumber.m in Sources */ = {isa = PBXBuildFile; fileRef = FD8B842D1934C35F00C350EB /* NBPhoneNumber.m */; };
		34ACBBAB1B7122FD0064B3BD /* NBNumberFormat.m in Sources */ = {isa = PBXBuildFile; fileRef = FD8B84291934C35F00C350EB /* NBNumberFormat.m */; };
		34ACBBAC1B7122FF0064B3BD /* NBPhoneNumberDesc.m in Sources */ = {isa = PBXBuildFile; fileRef = FD8B84301934C35F00C350EB /* NBPhoneNumberDesc.m */; };
		34ACBBAD1B7123020064B3BD /* NBPhoneMetaData.m in Sources */ = {isa = PBXBuildFile; fileRef = FD8B842B1934C35F00C350EB /* NBPhoneMetaData.m */; };
		34ACBBAE1B7123090064B3BD /* NBPhoneNumberUtil.m in Sources */ = {isa = PBXBuildFile; fileRef = FD8B84321934C35F00C350EB /* NBPhoneNumberUtil.m */; };
		34ACBBAF1B71230B0064B3BD /* NBMetadataHelper.m in Sources */ = {isa = PBXBuildFile; fileRef = FD12C2691A87401B00B53856 /* NBMetadataHelper.m */; };
		34ACBBB01B71230E0064B3BD /* NBAsYouTypeFormatter.m in Sources */ = {isa = PBXBuildFile; fileRef = FD8B84271934C35F00C350EB /* NBAsYouTypeFormatter.m */; };
		34ACBBB61B7124AB0064B3BD /* NBPhoneNumberDefines.h in Headers */ = {isa = PBXBuildFile; fileRef = FD8B842E1934C35F00C350EB /* NBPhoneNumberDefines.h */; settings = {ATTRIBUTES = (Public, ); }; };
		34ACBBB71B7124BE0064B3BD /* NBPhoneNumber.h in Headers */ = {isa = PBXBuildFile; fileRef = FD8B842C1934C35F00C350EB /* NBPhoneNumber.h */; settings = {ATTRIBUTES = (Public, ); }; };
		34ACBBB81B7124D10064B3BD /* NBNumberFormat.h in Headers */ = {isa = PBXBuildFile; fileRef = FD8B84281934C35F00C350EB /* NBNumberFormat.h */; settings = {ATTRIBUTES = (Public, ); }; };
		34ACBBB91B7124DB0064B3BD /* NBPhoneNumberDesc.h in Headers */ = {isa = PBXBuildFile; fileRef = FD8B842F1934C35F00C350EB /* NBPhoneNumberDesc.h */; settings = {ATTRIBUTES = (Public, ); }; };
		34ACBBBA1B7124E40064B3BD /* NBPhoneMetaData.h in Headers */ = {isa = PBXBuildFile; fileRef = FD8B842A1934C35F00C350EB /* NBPhoneMetaData.h */; settings = {ATTRIBUTES = (Public, ); }; };
		34ACBBBB1B7124EF0064B3BD /* NBPhoneNumberUtil.h in Headers */ = {isa = PBXBuildFile; fileRef = FD8B84311934C35F00C350EB /* NBPhoneNumberUtil.h */; settings = {ATTRIBUTES = (Public, ); }; };
		34ACBBBC1B7125290064B3BD /* NBMetadataHelper.h in Headers */ = {isa = PBXBuildFile; fileRef = FD12C2681A87401B00B53856 /* NBMetadataHelper.h */; settings = {ATTRIBUTES = (Public, ); }; };
		34ACBBBD1B7125450064B3BD /* NBAsYouTypeFormatter.h in Headers */ = {isa = PBXBuildFile; fileRef = FD8B84261934C35F00C350EB /* NBAsYouTypeFormatter.h */; settings = {ATTRIBUTES = (Public, ); }; };
		8B0FD2F31E4A85A70049DF81 /* libz.tbd in Frameworks */ = {isa = PBXBuildFile; fileRef = 8B0FD2F21E4A85A70049DF81 /* libz.tbd */; };
		8B0FD2F71E4A85AE0049DF81 /* libz.tbd in Frameworks */ = {isa = PBXBuildFile; fileRef = 8B0FD2F21E4A85A70049DF81 /* libz.tbd */; };
		8B0FD2FB1E4A88AC0049DF81 /* NSArray+NBAdditions.h in Headers */ = {isa = PBXBuildFile; fileRef = 8B0FD2F91E4A88AC0049DF81 /* NSArray+NBAdditions.h */; };
		8B0FD2FF1E4A88AC0049DF81 /* NSArray+NBAdditions.m in Sources */ = {isa = PBXBuildFile; fileRef = 8B0FD2FA1E4A88AC0049DF81 /* NSArray+NBAdditions.m */; };
		8B1FEFA01EB7BFC500FBDE87 /* NBGeneratedPhoneNumberMetaData.h in Headers */ = {isa = PBXBuildFile; fileRef = 8BB73AA71E7C9C6700B0691B /* NBGeneratedPhoneNumberMetaData.h */; settings = {ATTRIBUTES = (Private, ); }; };
		9407259424BE768A0011AE05 /* libPhoneNumberShortNumber.framework in Frameworks */ = {isa = PBXBuildFile; fileRef = 9407258B24BE768A0011AE05 /* libPhoneNumberShortNumber.framework */; };
		9407259B24BE768A0011AE05 /* libPhoneNumberShortNumber.h in Headers */ = {isa = PBXBuildFile; fileRef = 9407258D24BE768A0011AE05 /* libPhoneNumberShortNumber.h */; settings = {ATTRIBUTES = (Public, ); }; };
		940725A224BE769D0011AE05 /* libPhoneNumberiOS.framework in Frameworks */ = {isa = PBXBuildFile; fileRef = 34ACBB851B7122AC0064B3BD /* libPhoneNumberiOS.framework */; platformFilter = ios; };
		940725A324BE769D0011AE05 /* libPhoneNumberiOS.framework in Embed Frameworks */ = {isa = PBXBuildFile; fileRef = 34ACBB851B7122AC0064B3BD /* libPhoneNumberiOS.framework */; platformFilter = ios; settings = {ATTRIBUTES = (CodeSignOnCopy, RemoveHeadersOnCopy, ); }; };
		940725A924BE77420011AE05 /* NBShortNumberUtil.h in Headers */ = {isa = PBXBuildFile; fileRef = 940725A724BE77420011AE05 /* NBShortNumberUtil.h */; settings = {ATTRIBUTES = (Public, ); }; };
		940725AA24BE77420011AE05 /* NBShortNumberUtil.m in Sources */ = {isa = PBXBuildFile; fileRef = 940725A824BE77420011AE05 /* NBShortNumberUtil.m */; };
		940725AC24BF63050011AE05 /* NBShortNumberInfoTest.m in Sources */ = {isa = PBXBuildFile; fileRef = 940725AB24BF63050011AE05 /* NBShortNumberInfoTest.m */; };
		940725AD24BF63500011AE05 /* NBMetadataHelper.h in Headers */ = {isa = PBXBuildFile; fileRef = FD12C2681A87401B00B53856 /* NBMetadataHelper.h */; settings = {ATTRIBUTES = (Public, ); }; };
		940725AF24BF79BE0011AE05 /* NBGeneratedShortNumberMetadata.h in Headers */ = {isa = PBXBuildFile; fileRef = 940725AE24BF79BE0011AE05 /* NBGeneratedShortNumberMetadata.h */; settings = {ATTRIBUTES = (Private, ); }; };
		940725B224BF7B040011AE05 /* NBShortNumberTestHelper.m in Sources */ = {isa = PBXBuildFile; fileRef = 940725B124BF7B040011AE05 /* NBShortNumberTestHelper.m */; };
		940725B524BF90290011AE05 /* NBShortNumberMetadataHelper.h in Headers */ = {isa = PBXBuildFile; fileRef = 940725B324BF90290011AE05 /* NBShortNumberMetadataHelper.h */; settings = {ATTRIBUTES = (Public, ); }; };
		940725B624BF90290011AE05 /* NBShortNumberMetadataHelper.m in Sources */ = {isa = PBXBuildFile; fileRef = 940725B424BF90290011AE05 /* NBShortNumberMetadataHelper.m */; };
		9439832824CB545000CF8CB4 /* README.md in Resources */ = {isa = PBXBuildFile; fileRef = 9439832724CB545000CF8CB4 /* README.md */; };
		9439832D24CB569100CF8CB4 /* README.md in Resources */ = {isa = PBXBuildFile; fileRef = 9439832C24CB569100CF8CB4 /* README.md */; };
		944B9B062497ED79007E17B5 /* NBGeocoderMetadataHelper.m in Sources */ = {isa = PBXBuildFile; fileRef = 944B9B012497ED79007E17B5 /* NBGeocoderMetadataHelper.m */; };
		94C9AF0F24B3AAF900469F54 /* NBPhoneNumberOfflineGeocoderTest.m in Sources */ = {isa = PBXBuildFile; fileRef = 94C9AF0E24B3AAF900469F54 /* NBPhoneNumberOfflineGeocoderTest.m */; };
		94C9AF6124B3E24900469F54 /* NBGeocoderMetadataHelper.m in Sources */ = {isa = PBXBuildFile; fileRef = 944B9B012497ED79007E17B5 /* NBGeocoderMetadataHelper.m */; };
		A81D6A2B1BECC44600F68F34 /* NBPhoneNumberDefines.m in Sources */ = {isa = PBXBuildFile; fileRef = A81D6A281BECC43A00F68F34 /* NBPhoneNumberDefines.m */; };
		CA55ED89296F51E0005E98A1 /* TestingSource.bundle in Resources */ = {isa = PBXBuildFile; fileRef = CA55ED88296F51E0005E98A1 /* TestingSource.bundle */; };
		CAA5E78D29F84B7B00550AA7 /* Contacts.framework in Frameworks */ = {isa = PBXBuildFile; fileRef = CAA5E78C29F84B7B00550AA7 /* Contacts.framework */; };
/* End PBXBuildFile section */

/* Begin PBXContainerItemProxy section */
		0F8D2B7724D4AF4D00FCC084 /* PBXContainerItemProxy */ = {
			isa = PBXContainerItemProxy;
			containerPortal = FD7A0613167715A0004BBEB6 /* Project object */;
			proxyType = 1;
			remoteGlobalIDString = 34ACBB841B7122AC0064B3BD;
			remoteInfo = libPhoneNumberiOS;
		};
		0FC0D36F24A29F680087AFCF /* PBXContainerItemProxy */ = {
			isa = PBXContainerItemProxy;
			containerPortal = FD7A0613167715A0004BBEB6 /* Project object */;
			proxyType = 1;
			remoteGlobalIDString = 34ACBB841B7122AC0064B3BD;
			remoteInfo = libPhoneNumberiOS;
		};
		0FC0D37C24A2A05E0087AFCF /* PBXContainerItemProxy */ = {
			isa = PBXContainerItemProxy;
			containerPortal = FD7A0613167715A0004BBEB6 /* Project object */;
			proxyType = 1;
			remoteGlobalIDString = 0FC0D36324A29F510087AFCF;
			remoteInfo = Geocoding;
		};
		9407259524BE768A0011AE05 /* PBXContainerItemProxy */ = {
			isa = PBXContainerItemProxy;
			containerPortal = FD7A0613167715A0004BBEB6 /* Project object */;
			proxyType = 1;
			remoteGlobalIDString = 9407258A24BE768A0011AE05;
			remoteInfo = libPhoneNumberShortNumber;
		};
		940725A424BE769D0011AE05 /* PBXContainerItemProxy */ = {
			isa = PBXContainerItemProxy;
			containerPortal = FD7A0613167715A0004BBEB6 /* Project object */;
			proxyType = 1;
			remoteGlobalIDString = 34ACBB841B7122AC0064B3BD;
			remoteInfo = libPhoneNumberiOS;
		};
/* End PBXContainerItemProxy section */

/* Begin PBXCopyFilesBuildPhase section */
		0FC0D37124A29F680087AFCF /* Embed Frameworks */ = {
			isa = PBXCopyFilesBuildPhase;
			buildActionMask = 2147483647;
			dstPath = "";
			dstSubfolderSpec = 10;
			files = (
				0FC0D36E24A29F680087AFCF /* libPhoneNumberiOS.framework in Embed Frameworks */,
			);
			name = "Embed Frameworks";
			runOnlyForDeploymentPostprocessing = 0;
		};
		940725A624BE769D0011AE05 /* Embed Frameworks */ = {
			isa = PBXCopyFilesBuildPhase;
			buildActionMask = 2147483647;
			dstPath = "";
			dstSubfolderSpec = 10;
			files = (
				940725A324BE769D0011AE05 /* libPhoneNumberiOS.framework in Embed Frameworks */,
			);
			name = "Embed Frameworks";
			runOnlyForDeploymentPostprocessing = 0;
		};
/* End PBXCopyFilesBuildPhase section */

/* Begin PBXFileReference section */
		0F2870961FCF8F13006230BF /* NBRegExMatcher.h */ = {isa = PBXFileReference; lastKnownFileType = sourcecode.c.h; path = NBRegExMatcher.h; sourceTree = "<group>"; };
		0F2870971FCF8F13006230BF /* NBRegExMatcher.m */ = {isa = PBXFileReference; lastKnownFileType = sourcecode.c.objc; path = NBRegExMatcher.m; sourceTree = "<group>"; };
		0F2870A01FCF9368006230BF /* NBRegularExpressionCache.h */ = {isa = PBXFileReference; lastKnownFileType = sourcecode.c.h; path = NBRegularExpressionCache.h; sourceTree = "<group>"; };
		0F2870A11FCF9368006230BF /* NBRegularExpressionCache.m */ = {isa = PBXFileReference; lastKnownFileType = sourcecode.c.objc; path = NBRegularExpressionCache.m; sourceTree = "<group>"; };
		0FAE11902037959800193503 /* NBPhoneNumberParsingPerfTest.m */ = {isa = PBXFileReference; fileEncoding = 4; lastKnownFileType = sourcecode.c.objc; path = NBPhoneNumberParsingPerfTest.m; sourceTree = "<group>"; };
		0FC0D36424A29F510087AFCF /* libPhoneNumberGeocoding.framework */ = {isa = PBXFileReference; explicitFileType = wrapper.framework; includeInIndex = 0; path = libPhoneNumberGeocoding.framework; sourceTree = BUILT_PRODUCTS_DIR; };
		0FC0D36624A29F510087AFCF /* Geocoding.h */ = {isa = PBXFileReference; lastKnownFileType = sourcecode.c.h; path = Geocoding.h; sourceTree = "<group>"; };
		0FC0D36724A29F510087AFCF /* Info.plist */ = {isa = PBXFileReference; lastKnownFileType = text.plist.xml; path = Info.plist; sourceTree = "<group>"; };
		0FC0D37624A2A05E0087AFCF /* libPhoneNumberGeocodingTests.xctest */ = {isa = PBXFileReference; explicitFileType = wrapper.cfbundle; includeInIndex = 0; path = libPhoneNumberGeocodingTests.xctest; sourceTree = BUILT_PRODUCTS_DIR; };
		0FC0D37A24A2A05E0087AFCF /* Info.plist */ = {isa = PBXFileReference; lastKnownFileType = text.plist.xml; path = Info.plist; sourceTree = "<group>"; };
		0FC214D924D339BD002A5E4B /* libPhoneNumberMetadataForTesting */ = {isa = PBXFileReference; lastKnownFileType = text; path = libPhoneNumberMetadataForTesting; sourceTree = "<group>"; };
		1485C5231E06F4890092F541 /* NBAsYouTypeFormatterTest.m */ = {isa = PBXFileReference; fileEncoding = 4; lastKnownFileType = sourcecode.c.objc; name = NBAsYouTypeFormatterTest.m; path = libPhoneNumberTests/NBAsYouTypeFormatterTest.m; sourceTree = SOURCE_ROOT; };
		1485C5251E06F4890092F541 /* NBPhoneNumberUtilTest.m */ = {isa = PBXFileReference; fileEncoding = 4; lastKnownFileType = sourcecode.c.objc; name = NBPhoneNumberUtilTest.m; path = libPhoneNumberTests/NBPhoneNumberUtilTest.m; sourceTree = SOURCE_ROOT; };
		1485C52B1E06F4930092F541 /* Info.plist */ = {isa = PBXFileReference; fileEncoding = 4; lastKnownFileType = text.plist.xml; name = Info.plist; path = libPhoneNumberTests/Info.plist; sourceTree = SOURCE_ROOT; };
		14B7A2931DE9B65D0051AED7 /* libPhoneNumberiOSTests.xctest */ = {isa = PBXFileReference; explicitFileType = wrapper.cfbundle; includeInIndex = 0; path = libPhoneNumberiOSTests.xctest; sourceTree = BUILT_PRODUCTS_DIR; };
		34ACBB851B7122AC0064B3BD /* libPhoneNumberiOS.framework */ = {isa = PBXFileReference; explicitFileType = wrapper.framework; includeInIndex = 0; path = libPhoneNumberiOS.framework; sourceTree = BUILT_PRODUCTS_DIR; };
		34ACBB881B7122AC0064B3BD /* Info.plist */ = {isa = PBXFileReference; lastKnownFileType = text.plist.xml; name = Info.plist; path = "libPhoneNumber-iOS/Info.plist"; sourceTree = "<group>"; };
		34ACBB891B7122AC0064B3BD /* libPhoneNumberiOS.h */ = {isa = PBXFileReference; lastKnownFileType = sourcecode.c.h; name = libPhoneNumberiOS.h; path = "libPhoneNumber-iOS/libPhoneNumberiOS.h"; sourceTree = "<group>"; };
		4D43EF831740825100C24FF3 /* libPhoneNumber-iOS.podspec */ = {isa = PBXFileReference; lastKnownFileType = text; path = "libPhoneNumber-iOS.podspec"; sourceTree = SOURCE_ROOT; };
		8B0FD2F21E4A85A70049DF81 /* libz.tbd */ = {isa = PBXFileReference; lastKnownFileType = "sourcecode.text-based-dylib-definition"; name = libz.tbd; path = usr/lib/libz.tbd; sourceTree = SDKROOT; };
		8B0FD2F91E4A88AC0049DF81 /* NSArray+NBAdditions.h */ = {isa = PBXFileReference; fileEncoding = 4; lastKnownFileType = sourcecode.c.h; path = "NSArray+NBAdditions.h"; sourceTree = "<group>"; };
		8B0FD2FA1E4A88AC0049DF81 /* NSArray+NBAdditions.m */ = {isa = PBXFileReference; fileEncoding = 4; lastKnownFileType = sourcecode.c.objc; path = "NSArray+NBAdditions.m"; sourceTree = "<group>"; };
		8BB73AA71E7C9C6700B0691B /* NBGeneratedPhoneNumberMetaData.h */ = {isa = PBXFileReference; fileEncoding = 4; lastKnownFileType = sourcecode.c.h; path = NBGeneratedPhoneNumberMetaData.h; sourceTree = "<group>"; };
		9407258B24BE768A0011AE05 /* libPhoneNumberShortNumber.framework */ = {isa = PBXFileReference; explicitFileType = wrapper.framework; includeInIndex = 0; path = libPhoneNumberShortNumber.framework; sourceTree = BUILT_PRODUCTS_DIR; };
		9407258D24BE768A0011AE05 /* libPhoneNumberShortNumber.h */ = {isa = PBXFileReference; lastKnownFileType = sourcecode.c.h; path = libPhoneNumberShortNumber.h; sourceTree = "<group>"; };
		9407258E24BE768A0011AE05 /* Info.plist */ = {isa = PBXFileReference; lastKnownFileType = text.plist.xml; path = Info.plist; sourceTree = "<group>"; };
		9407259324BE768A0011AE05 /* libPhoneNumberShortNumberTests.xctest */ = {isa = PBXFileReference; explicitFileType = wrapper.cfbundle; includeInIndex = 0; path = libPhoneNumberShortNumberTests.xctest; sourceTree = BUILT_PRODUCTS_DIR; };
		9407259A24BE768A0011AE05 /* Info.plist */ = {isa = PBXFileReference; lastKnownFileType = text.plist.xml; path = Info.plist; sourceTree = "<group>"; };
		940725A724BE77420011AE05 /* NBShortNumberUtil.h */ = {isa = PBXFileReference; lastKnownFileType = sourcecode.c.h; path = NBShortNumberUtil.h; sourceTree = "<group>"; };
		940725A824BE77420011AE05 /* NBShortNumberUtil.m */ = {isa = PBXFileReference; lastKnownFileType = sourcecode.c.objc; path = NBShortNumberUtil.m; sourceTree = "<group>"; };
		940725AB24BF63050011AE05 /* NBShortNumberInfoTest.m */ = {isa = PBXFileReference; lastKnownFileType = sourcecode.c.objc; path = NBShortNumberInfoTest.m; sourceTree = "<group>"; };
		940725AE24BF79BE0011AE05 /* NBGeneratedShortNumberMetadata.h */ = {isa = PBXFileReference; lastKnownFileType = sourcecode.c.h; path = NBGeneratedShortNumberMetadata.h; sourceTree = "<group>"; };
		940725B024BF7B040011AE05 /* NBShortNumberTestHelper.h */ = {isa = PBXFileReference; lastKnownFileType = sourcecode.c.h; path = NBShortNumberTestHelper.h; sourceTree = "<group>"; };
		940725B124BF7B040011AE05 /* NBShortNumberTestHelper.m */ = {isa = PBXFileReference; lastKnownFileType = sourcecode.c.objc; path = NBShortNumberTestHelper.m; sourceTree = "<group>"; };
		940725B324BF90290011AE05 /* NBShortNumberMetadataHelper.h */ = {isa = PBXFileReference; lastKnownFileType = sourcecode.c.h; path = NBShortNumberMetadataHelper.h; sourceTree = "<group>"; };
		940725B424BF90290011AE05 /* NBShortNumberMetadataHelper.m */ = {isa = PBXFileReference; lastKnownFileType = sourcecode.c.objc; path = NBShortNumberMetadataHelper.m; sourceTree = "<group>"; };
		9439832724CB545000CF8CB4 /* README.md */ = {isa = PBXFileReference; lastKnownFileType = net.daringfireball.markdown; path = README.md; sourceTree = "<group>"; };
		9439832C24CB569100CF8CB4 /* README.md */ = {isa = PBXFileReference; lastKnownFileType = net.daringfireball.markdown; path = README.md; sourceTree = "<group>"; };
		944B9B002497ED79007E17B5 /* NBGeocoderMetadataHelper.h */ = {isa = PBXFileReference; lastKnownFileType = sourcecode.c.h; path = NBGeocoderMetadataHelper.h; sourceTree = "<group>"; };
		944B9B012497ED79007E17B5 /* NBGeocoderMetadataHelper.m */ = {isa = PBXFileReference; lastKnownFileType = sourcecode.c.objc; path = NBGeocoderMetadataHelper.m; sourceTree = "<group>"; };
		944B9B0B2497EEDC007E17B5 /* NBPhoneNumberOfflineGeocoder.h */ = {isa = PBXFileReference; lastKnownFileType = sourcecode.c.h; path = NBPhoneNumberOfflineGeocoder.h; sourceTree = "<group>"; };
		944B9B0C2497EEDC007E17B5 /* NBPhoneNumberOfflineGeocoder.m */ = {isa = PBXFileReference; lastKnownFileType = sourcecode.c.objc; path = NBPhoneNumberOfflineGeocoder.m; sourceTree = "<group>"; };
		944B9B1C2497F63B007E17B5 /* GeocodingMetadata.bundle */ = {isa = PBXFileReference; lastKnownFileType = "wrapper.plug-in"; name = GeocodingMetadata.bundle; path = libPhoneNumberGeocoding/Metadata/GeocodingMetadata.bundle; sourceTree = SOURCE_ROOT; };
		94AEB65924C2547000204E11 /* libPhoneNumberShortNumber.podspec */ = {isa = PBXFileReference; lastKnownFileType = text; path = libPhoneNumberShortNumber.podspec; sourceTree = "<group>"; };
		94C9AF0E24B3AAF900469F54 /* NBPhoneNumberOfflineGeocoderTest.m */ = {isa = PBXFileReference; fileEncoding = 4; lastKnownFileType = sourcecode.c.objc; path = NBPhoneNumberOfflineGeocoderTest.m; sourceTree = "<group>"; };
		94C9AF5924B3C40C00469F54 /* libPhoneNumberGeocoding.podspec */ = {isa = PBXFileReference; lastKnownFileType = text; path = libPhoneNumberGeocoding.podspec; sourceTree = "<group>"; xcLanguageSpecificationIdentifier = xcode.lang.ruby; };
		A81D6A281BECC43A00F68F34 /* NBPhoneNumberDefines.m */ = {isa = PBXFileReference; fileEncoding = 4; lastKnownFileType = sourcecode.c.objc; lineEnding = 0; path = NBPhoneNumberDefines.m; sourceTree = "<group>"; };
		CA2A40602966543D00DBCD69 /* NBTestingMetaData.h */ = {isa = PBXFileReference; fileEncoding = 4; lastKnownFileType = sourcecode.c.h; path = NBTestingMetaData.h; sourceTree = "<group>"; };
		CA2A4061296654E500DBCD69 /* NBTestingMetaData.h */ = {isa = PBXFileReference; fileEncoding = 4; lastKnownFileType = sourcecode.c.h; path = NBTestingMetaData.h; sourceTree = "<group>"; };
		CA55ED88296F51E0005E98A1 /* TestingSource.bundle */ = {isa = PBXFileReference; lastKnownFileType = "wrapper.plug-in"; path = TestingSource.bundle; sourceTree = "<group>"; };
		CAA5E78C29F84B7B00550AA7 /* Contacts.framework */ = {isa = PBXFileReference; lastKnownFileType = wrapper.framework; name = Contacts.framework; path = System/Library/Frameworks/Contacts.framework; sourceTree = SDKROOT; };
		FD12C2681A87401B00B53856 /* NBMetadataHelper.h */ = {isa = PBXFileReference; fileEncoding = 4; lastKnownFileType = sourcecode.c.h; path = NBMetadataHelper.h; sourceTree = "<group>"; };
		FD12C2691A87401B00B53856 /* NBMetadataHelper.m */ = {isa = PBXFileReference; fileEncoding = 4; lastKnownFileType = sourcecode.c.objc; path = NBMetadataHelper.m; sourceTree = "<group>"; };
		FD7A0620167715A0004BBEB6 /* UIKit.framework */ = {isa = PBXFileReference; lastKnownFileType = wrapper.framework; name = UIKit.framework; path = System/Library/Frameworks/UIKit.framework; sourceTree = SDKROOT; };
		FD7A0622167715A0004BBEB6 /* Foundation.framework */ = {isa = PBXFileReference; lastKnownFileType = wrapper.framework; name = Foundation.framework; path = System/Library/Frameworks/Foundation.framework; sourceTree = SDKROOT; };
		FD7A0624167715A0004BBEB6 /* CoreGraphics.framework */ = {isa = PBXFileReference; lastKnownFileType = wrapper.framework; name = CoreGraphics.framework; path = System/Library/Frameworks/CoreGraphics.framework; sourceTree = SDKROOT; };
		FD8B84261934C35F00C350EB /* NBAsYouTypeFormatter.h */ = {isa = PBXFileReference; fileEncoding = 4; lastKnownFileType = sourcecode.c.h; path = NBAsYouTypeFormatter.h; sourceTree = "<group>"; };
		FD8B84271934C35F00C350EB /* NBAsYouTypeFormatter.m */ = {isa = PBXFileReference; fileEncoding = 4; lastKnownFileType = sourcecode.c.objc; path = NBAsYouTypeFormatter.m; sourceTree = "<group>"; };
		FD8B84281934C35F00C350EB /* NBNumberFormat.h */ = {isa = PBXFileReference; fileEncoding = 4; lastKnownFileType = sourcecode.c.h; path = NBNumberFormat.h; sourceTree = "<group>"; };
		FD8B84291934C35F00C350EB /* NBNumberFormat.m */ = {isa = PBXFileReference; fileEncoding = 4; lastKnownFileType = sourcecode.c.objc; path = NBNumberFormat.m; sourceTree = "<group>"; };
		FD8B842A1934C35F00C350EB /* NBPhoneMetaData.h */ = {isa = PBXFileReference; fileEncoding = 4; lastKnownFileType = sourcecode.c.h; path = NBPhoneMetaData.h; sourceTree = "<group>"; };
		FD8B842B1934C35F00C350EB /* NBPhoneMetaData.m */ = {isa = PBXFileReference; fileEncoding = 4; lastKnownFileType = sourcecode.c.objc; path = NBPhoneMetaData.m; sourceTree = "<group>"; };
		FD8B842C1934C35F00C350EB /* NBPhoneNumber.h */ = {isa = PBXFileReference; fileEncoding = 4; lastKnownFileType = sourcecode.c.h; path = NBPhoneNumber.h; sourceTree = "<group>"; };
		FD8B842D1934C35F00C350EB /* NBPhoneNumber.m */ = {isa = PBXFileReference; fileEncoding = 4; lastKnownFileType = sourcecode.c.objc; path = NBPhoneNumber.m; sourceTree = "<group>"; };
		FD8B842E1934C35F00C350EB /* NBPhoneNumberDefines.h */ = {isa = PBXFileReference; fileEncoding = 4; lastKnownFileType = sourcecode.c.h; lineEnding = 0; path = NBPhoneNumberDefines.h; sourceTree = "<group>"; };
		FD8B842F1934C35F00C350EB /* NBPhoneNumberDesc.h */ = {isa = PBXFileReference; fileEncoding = 4; lastKnownFileType = sourcecode.c.h; path = NBPhoneNumberDesc.h; sourceTree = "<group>"; };
		FD8B84301934C35F00C350EB /* NBPhoneNumberDesc.m */ = {isa = PBXFileReference; fileEncoding = 4; lastKnownFileType = sourcecode.c.objc; path = NBPhoneNumberDesc.m; sourceTree = "<group>"; };
		FD8B84311934C35F00C350EB /* NBPhoneNumberUtil.h */ = {isa = PBXFileReference; fileEncoding = 4; lastKnownFileType = sourcecode.c.h; path = NBPhoneNumberUtil.h; sourceTree = "<group>"; };
		FD8B84321934C35F00C350EB /* NBPhoneNumberUtil.m */ = {isa = PBXFileReference; fileEncoding = 4; lastKnownFileType = sourcecode.c.objc; lineEnding = 0; path = NBPhoneNumberUtil.m; sourceTree = "<group>"; };
		FDAD44B418E11B300041825C /* XCTest.framework */ = {isa = PBXFileReference; lastKnownFileType = wrapper.framework; name = XCTest.framework; path = Library/Frameworks/XCTest.framework; sourceTree = DEVELOPER_DIR; };
/* End PBXFileReference section */

/* Begin PBXFrameworksBuildPhase section */
		0FC0D36124A29F510087AFCF /* Frameworks */ = {
			isa = PBXFrameworksBuildPhase;
			buildActionMask = 2147483647;
			files = (
				0FC0D36D24A29F680087AFCF /* libPhoneNumberiOS.framework in Frameworks */,
			);
			runOnlyForDeploymentPostprocessing = 0;
		};
		0FC0D37324A2A05E0087AFCF /* Frameworks */ = {
			isa = PBXFrameworksBuildPhase;
			buildActionMask = 2147483647;
			files = (
				0FC0D37B24A2A05E0087AFCF /* libPhoneNumberGeocoding.framework in Frameworks */,
			);
			runOnlyForDeploymentPostprocessing = 0;
		};
		14B7A2901DE9B65D0051AED7 /* Frameworks */ = {
			isa = PBXFrameworksBuildPhase;
			buildActionMask = 2147483647;
			files = (
				8B0FD2F71E4A85AE0049DF81 /* libz.tbd in Frameworks */,
			);
			runOnlyForDeploymentPostprocessing = 0;
		};
		34ACBB811B7122AC0064B3BD /* Frameworks */ = {
			isa = PBXFrameworksBuildPhase;
			buildActionMask = 2147483647;
			files = (
				8B0FD2F31E4A85A70049DF81 /* libz.tbd in Frameworks */,
				CAA5E78D29F84B7B00550AA7 /* Contacts.framework in Frameworks */,
			);
			runOnlyForDeploymentPostprocessing = 0;
		};
		9407258824BE768A0011AE05 /* Frameworks */ = {
			isa = PBXFrameworksBuildPhase;
			buildActionMask = 2147483647;
			files = (
				940725A224BE769D0011AE05 /* libPhoneNumberiOS.framework in Frameworks */,
			);
			runOnlyForDeploymentPostprocessing = 0;
		};
		9407259024BE768A0011AE05 /* Frameworks */ = {
			isa = PBXFrameworksBuildPhase;
			buildActionMask = 2147483647;
			files = (
				9407259424BE768A0011AE05 /* libPhoneNumberShortNumber.framework in Frameworks */,
			);
			runOnlyForDeploymentPostprocessing = 0;
		};
/* End PBXFrameworksBuildPhase section */

/* Begin PBXGroup section */
		0F2870951FCF8EDE006230BF /* Internal */ = {
			isa = PBXGroup;
			children = (
				0F2870961FCF8F13006230BF /* NBRegExMatcher.h */,
				0F2870971FCF8F13006230BF /* NBRegExMatcher.m */,
				0F2870A01FCF9368006230BF /* NBRegularExpressionCache.h */,
				0F2870A11FCF9368006230BF /* NBRegularExpressionCache.m */,
			);
			path = Internal;
			sourceTree = "<group>";
		};
		0FC0D35E24A29EFA0087AFCF /* Metadata */ = {
			isa = PBXGroup;
			children = (
				944B9B1C2497F63B007E17B5 /* GeocodingMetadata.bundle */,
				944B9B002497ED79007E17B5 /* NBGeocoderMetadataHelper.h */,
				944B9B012497ED79007E17B5 /* NBGeocoderMetadataHelper.m */,
			);
			path = Metadata;
			sourceTree = "<group>";
		};
		0FC0D36524A29F510087AFCF /* libPhoneNumberGeocoding */ = {
			isa = PBXGroup;
			children = (
				0FC0D35E24A29EFA0087AFCF /* Metadata */,
				944B9B0B2497EEDC007E17B5 /* NBPhoneNumberOfflineGeocoder.h */,
				944B9B0C2497EEDC007E17B5 /* NBPhoneNumberOfflineGeocoder.m */,
				0FC0D36624A29F510087AFCF /* Geocoding.h */,
				0FC0D36724A29F510087AFCF /* Info.plist */,
				9439832724CB545000CF8CB4 /* README.md */,
			);
			path = libPhoneNumberGeocoding;
			sourceTree = "<group>";
		};
		0FC0D37724A2A05E0087AFCF /* libPhoneNumberGeocodingTests */ = {
			isa = PBXGroup;
			children = (
				94C9AF0E24B3AAF900469F54 /* NBPhoneNumberOfflineGeocoderTest.m */,
				0FC0D37A24A2A05E0087AFCF /* Info.plist */,
				CA55ED88296F51E0005E98A1 /* TestingSource.bundle */,
			);
			path = libPhoneNumberGeocodingTests;
			sourceTree = "<group>";
		};
		0FC214D824D339A2002A5E4B /* Resources */ = {
			isa = PBXGroup;
			children = (
				0FC214D924D339BD002A5E4B /* libPhoneNumberMetadataForTesting */,
			);
			path = Resources;
			sourceTree = "<group>";
		};
		14B7A2941DE9B65D0051AED7 /* libPhoneNumber.tests */ = {
			isa = PBXGroup;
			children = (
				0FAE11902037959800193503 /* NBPhoneNumberParsingPerfTest.m */,
				1485C52B1E06F4930092F541 /* Info.plist */,
				1485C5231E06F4890092F541 /* NBAsYouTypeFormatterTest.m */,
				1485C5251E06F4890092F541 /* NBPhoneNumberUtilTest.m */,
				CA2A4061296654E500DBCD69 /* NBTestingMetaData.h */,
			);
			name = libPhoneNumber.tests;
			path = libPhoneNumberTests;
			sourceTree = "<group>";
		};
		14C114EF1DE9A66A0029FE1C /* iOS */ = {
			isa = PBXGroup;
			children = (
				34ACBB891B7122AC0064B3BD /* libPhoneNumberiOS.h */,
				34ACBB881B7122AC0064B3BD /* Info.plist */,
			);
			name = iOS;
			sourceTree = "<group>";
		};
		14C114F01DE9A6D60029FE1C /* libPhoneNumber.frameworks */ = {
			isa = PBXGroup;
			children = (
				14C114EF1DE9A66A0029FE1C /* iOS */,
			);
			name = libPhoneNumber.frameworks;
			sourceTree = "<group>";
		};
		9407258C24BE768A0011AE05 /* libPhoneNumberShortNumber */ = {
			isa = PBXGroup;
			children = (
				943E09C124C616B100A80B5B /* Metadata */,
				9407258D24BE768A0011AE05 /* libPhoneNumberShortNumber.h */,
				9407258E24BE768A0011AE05 /* Info.plist */,
				940725A724BE77420011AE05 /* NBShortNumberUtil.h */,
				940725A824BE77420011AE05 /* NBShortNumberUtil.m */,
				9439832C24CB569100CF8CB4 /* README.md */,
			);
			path = libPhoneNumberShortNumber;
			sourceTree = "<group>";
		};
		9407259724BE768A0011AE05 /* libPhoneNumberShortNumberTests */ = {
			isa = PBXGroup;
			children = (
				9407259A24BE768A0011AE05 /* Info.plist */,
				940725AB24BF63050011AE05 /* NBShortNumberInfoTest.m */,
				940725B024BF7B040011AE05 /* NBShortNumberTestHelper.h */,
				940725B124BF7B040011AE05 /* NBShortNumberTestHelper.m */,
				CA2A40602966543D00DBCD69 /* NBTestingMetaData.h */,
			);
			path = libPhoneNumberShortNumberTests;
			sourceTree = "<group>";
		};
		943E09C124C616B100A80B5B /* Metadata */ = {
			isa = PBXGroup;
			children = (
				940725B424BF90290011AE05 /* NBShortNumberMetadataHelper.m */,
				940725B324BF90290011AE05 /* NBShortNumberMetadataHelper.h */,
				940725AE24BF79BE0011AE05 /* NBGeneratedShortNumberMetadata.h */,
			);
			name = Metadata;
			sourceTree = "<group>";
		};
		FD12C2711A8759AF00B53856 /* Model */ = {
			isa = PBXGroup;
			children = (
				FD8B842C1934C35F00C350EB /* NBPhoneNumber.h */,
				FD8B842D1934C35F00C350EB /* NBPhoneNumber.m */,
				FD8B84281934C35F00C350EB /* NBNumberFormat.h */,
				FD8B84291934C35F00C350EB /* NBNumberFormat.m */,
				FD8B842F1934C35F00C350EB /* NBPhoneNumberDesc.h */,
				FD8B84301934C35F00C350EB /* NBPhoneNumberDesc.m */,
				FD8B842A1934C35F00C350EB /* NBPhoneMetaData.h */,
				FD8B842B1934C35F00C350EB /* NBPhoneMetaData.m */,
			);
			name = Model;
			sourceTree = "<group>";
		};
		FD7A0611167715A0004BBEB6 = {
			isa = PBXGroup;
			children = (
				0FC214D824D339A2002A5E4B /* Resources */,
				14C114F01DE9A6D60029FE1C /* libPhoneNumber.frameworks */,
				FD7A0626167715A0004BBEB6 /* libPhoneNumber.core */,
				14B7A2941DE9B65D0051AED7 /* libPhoneNumber.tests */,
				4D43EF831740825100C24FF3 /* libPhoneNumber-iOS.podspec */,
				94C9AF5924B3C40C00469F54 /* libPhoneNumberGeocoding.podspec */,
				94AEB65924C2547000204E11 /* libPhoneNumberShortNumber.podspec */,
				0FC0D36524A29F510087AFCF /* libPhoneNumberGeocoding */,
				0FC0D37724A2A05E0087AFCF /* libPhoneNumberGeocodingTests */,
				9407258C24BE768A0011AE05 /* libPhoneNumberShortNumber */,
				9407259724BE768A0011AE05 /* libPhoneNumberShortNumberTests */,
				FD7A061F167715A0004BBEB6 /* Frameworks */,
				FD7A061D167715A0004BBEB6 /* Products */,
			);
			sourceTree = "<group>";
		};
		FD7A061D167715A0004BBEB6 /* Products */ = {
			isa = PBXGroup;
			children = (
				34ACBB851B7122AC0064B3BD /* libPhoneNumberiOS.framework */,
				14B7A2931DE9B65D0051AED7 /* libPhoneNumberiOSTests.xctest */,
				0FC0D36424A29F510087AFCF /* libPhoneNumberGeocoding.framework */,
				0FC0D37624A2A05E0087AFCF /* libPhoneNumberGeocodingTests.xctest */,
				9407258B24BE768A0011AE05 /* libPhoneNumberShortNumber.framework */,
				9407259324BE768A0011AE05 /* libPhoneNumberShortNumberTests.xctest */,
			);
			name = Products;
			sourceTree = "<group>";
		};
		FD7A061F167715A0004BBEB6 /* Frameworks */ = {
			isa = PBXGroup;
			children = (
				8B0FD2F21E4A85A70049DF81 /* libz.tbd */,
				FDAD44B418E11B300041825C /* XCTest.framework */,
				CAA5E78C29F84B7B00550AA7 /* Contacts.framework */,
				FD7A0624167715A0004BBEB6 /* CoreGraphics.framework */,
				FD7A0622167715A0004BBEB6 /* Foundation.framework */,
				FD7A0620167715A0004BBEB6 /* UIKit.framework */,
			);
			name = Frameworks;
			sourceTree = "<group>";
		};
		FD7A0626167715A0004BBEB6 /* libPhoneNumber.core */ = {
			isa = PBXGroup;
			children = (
				0F2870951FCF8EDE006230BF /* Internal */,
				FDBCFA121A87ADAB00297F21 /* Metadata */,
				FD12C2711A8759AF00B53856 /* Model */,
				FD8B842E1934C35F00C350EB /* NBPhoneNumberDefines.h */,
				A81D6A281BECC43A00F68F34 /* NBPhoneNumberDefines.m */,
				FD8B84311934C35F00C350EB /* NBPhoneNumberUtil.h */,
				FD8B84321934C35F00C350EB /* NBPhoneNumberUtil.m */,
				FD8B84261934C35F00C350EB /* NBAsYouTypeFormatter.h */,
				FD8B84271934C35F00C350EB /* NBAsYouTypeFormatter.m */,
				8B0FD2F91E4A88AC0049DF81 /* NSArray+NBAdditions.h */,
				8B0FD2FA1E4A88AC0049DF81 /* NSArray+NBAdditions.m */,
			);
			name = libPhoneNumber.core;
			path = libPhoneNumber;
			sourceTree = "<group>";
		};
		FDBCFA121A87ADAB00297F21 /* Metadata */ = {
			isa = PBXGroup;
			children = (
				FD12C2681A87401B00B53856 /* NBMetadataHelper.h */,
				FD12C2691A87401B00B53856 /* NBMetadataHelper.m */,
				8BB73AA71E7C9C6700B0691B /* NBGeneratedPhoneNumberMetaData.h */,
			);
			name = Metadata;
			sourceTree = "<group>";
		};
/* End PBXGroup section */

/* Begin PBXHeadersBuildPhase section */
		0FC0D35F24A29F510087AFCF /* Headers */ = {
			isa = PBXHeadersBuildPhase;
			buildActionMask = 2147483647;
			files = (
				0FC0D36824A29F510087AFCF /* Geocoding.h in Headers */,
				0FC0D38124A2A18D0087AFCF /* NBPhoneNumberOfflineGeocoder.h in Headers */,
				0FC0D38224A2A18F0087AFCF /* NBGeocoderMetadataHelper.h in Headers */,
			);
			runOnlyForDeploymentPostprocessing = 0;
		};
		34ACBB821B7122AC0064B3BD /* Headers */ = {
			isa = PBXHeadersBuildPhase;
			buildActionMask = 2147483647;
			files = (
				8B1FEFA01EB7BFC500FBDE87 /* NBGeneratedPhoneNumberMetaData.h in Headers */,
				0F2870981FCF8F13006230BF /* NBRegExMatcher.h in Headers */,
				34ACBBB61B7124AB0064B3BD /* NBPhoneNumberDefines.h in Headers */,
				34ACBBBD1B7125450064B3BD /* NBAsYouTypeFormatter.h in Headers */,
				34ACBBBA1B7124E40064B3BD /* NBPhoneMetaData.h in Headers */,
				8B0FD2FB1E4A88AC0049DF81 /* NSArray+NBAdditions.h in Headers */,
				34ACBBBC1B7125290064B3BD /* NBMetadataHelper.h in Headers */,
				34ACBBB81B7124D10064B3BD /* NBNumberFormat.h in Headers */,
				34ACBB8A1B7122AC0064B3BD /* libPhoneNumberiOS.h in Headers */,
				34ACBBB71B7124BE0064B3BD /* NBPhoneNumber.h in Headers */,
				34ACBBBB1B7124EF0064B3BD /* NBPhoneNumberUtil.h in Headers */,
				0F2870A21FCF9368006230BF /* NBRegularExpressionCache.h in Headers */,
				34ACBBB91B7124DB0064B3BD /* NBPhoneNumberDesc.h in Headers */,
			);
			runOnlyForDeploymentPostprocessing = 0;
		};
		9407258624BE768A0011AE05 /* Headers */ = {
			isa = PBXHeadersBuildPhase;
			buildActionMask = 2147483647;
			files = (
				940725A924BE77420011AE05 /* NBShortNumberUtil.h in Headers */,
				9407259B24BE768A0011AE05 /* libPhoneNumberShortNumber.h in Headers */,
				940725AF24BF79BE0011AE05 /* NBGeneratedShortNumberMetadata.h in Headers */,
				940725AD24BF63500011AE05 /* NBMetadataHelper.h in Headers */,
				940725B524BF90290011AE05 /* NBShortNumberMetadataHelper.h in Headers */,
			);
			runOnlyForDeploymentPostprocessing = 0;
		};
/* End PBXHeadersBuildPhase section */

/* Begin PBXNativeTarget section */
		0FC0D36324A29F510087AFCF /* libPhoneNumberGeocoding */ = {
			isa = PBXNativeTarget;
			buildConfigurationList = 0FC0D36924A29F510087AFCF /* Build configuration list for PBXNativeTarget "libPhoneNumberGeocoding" */;
			buildPhases = (
				0FC0D35F24A29F510087AFCF /* Headers */,
				0FC0D36024A29F510087AFCF /* Sources */,
				0FC0D36124A29F510087AFCF /* Frameworks */,
				0FC0D36224A29F510087AFCF /* Resources */,
				0FC0D37124A29F680087AFCF /* Embed Frameworks */,
			);
			buildRules = (
			);
			dependencies = (
				0FC0D37024A29F680087AFCF /* PBXTargetDependency */,
			);
			name = libPhoneNumberGeocoding;
			productName = Geocoding;
			productReference = 0FC0D36424A29F510087AFCF /* libPhoneNumberGeocoding.framework */;
			productType = "com.apple.product-type.framework";
		};
		0FC0D37524A2A05E0087AFCF /* libPhoneNumberGeocodingTests */ = {
			isa = PBXNativeTarget;
			buildConfigurationList = 0FC0D37E24A2A05E0087AFCF /* Build configuration list for PBXNativeTarget "libPhoneNumberGeocodingTests" */;
			buildPhases = (
				0FC0D37224A2A05E0087AFCF /* Sources */,
				0FC0D37324A2A05E0087AFCF /* Frameworks */,
				0FC0D37424A2A05E0087AFCF /* Resources */,
			);
			buildRules = (
			);
			dependencies = (
				0FC0D37D24A2A05E0087AFCF /* PBXTargetDependency */,
			);
			name = libPhoneNumberGeocodingTests;
			productName = libPhoneNumberGeocodingTests;
			productReference = 0FC0D37624A2A05E0087AFCF /* libPhoneNumberGeocodingTests.xctest */;
			productType = "com.apple.product-type.bundle.unit-test";
		};
		14B7A2921DE9B65D0051AED7 /* libPhoneNumberiOSTests */ = {
			isa = PBXNativeTarget;
			buildConfigurationList = 14B7A29B1DE9B65D0051AED7 /* Build configuration list for PBXNativeTarget "libPhoneNumberiOSTests" */;
			buildPhases = (
				14B7A28F1DE9B65D0051AED7 /* Sources */,
				14B7A2901DE9B65D0051AED7 /* Frameworks */,
				14B7A2911DE9B65D0051AED7 /* Resources */,
			);
			buildRules = (
			);
			dependencies = (
				0F8D2B7824D4AF4D00FCC084 /* PBXTargetDependency */,
			);
			name = libPhoneNumberiOSTests;
			productName = libPhoneNumberiOSTests;
			productReference = 14B7A2931DE9B65D0051AED7 /* libPhoneNumberiOSTests.xctest */;
			productType = "com.apple.product-type.bundle.unit-test";
		};
		34ACBB841B7122AC0064B3BD /* libPhoneNumberiOS */ = {
			isa = PBXNativeTarget;
			buildConfigurationList = 34ACBBA21B7122AC0064B3BD /* Build configuration list for PBXNativeTarget "libPhoneNumberiOS" */;
			buildPhases = (
				34ACBB801B7122AC0064B3BD /* Sources */,
				34ACBB811B7122AC0064B3BD /* Frameworks */,
				34ACBB821B7122AC0064B3BD /* Headers */,
				34ACBB831B7122AC0064B3BD /* Resources */,
			);
			buildRules = (
			);
			dependencies = (
			);
			name = libPhoneNumberiOS;
			productName = "libPhoneNumber-iOS";
			productReference = 34ACBB851B7122AC0064B3BD /* libPhoneNumberiOS.framework */;
			productType = "com.apple.product-type.framework";
		};
		9407258A24BE768A0011AE05 /* libPhoneNumberShortNumber */ = {
			isa = PBXNativeTarget;
			buildConfigurationList = 940725A024BE768A0011AE05 /* Build configuration list for PBXNativeTarget "libPhoneNumberShortNumber" */;
			buildPhases = (
				9407258624BE768A0011AE05 /* Headers */,
				9407258724BE768A0011AE05 /* Sources */,
				9407258824BE768A0011AE05 /* Frameworks */,
				9407258924BE768A0011AE05 /* Resources */,
				940725A624BE769D0011AE05 /* Embed Frameworks */,
			);
			buildRules = (
			);
			dependencies = (
				940725A524BE769D0011AE05 /* PBXTargetDependency */,
			);
			name = libPhoneNumberShortNumber;
			productName = libPhoneNumberShortNumber;
			productReference = 9407258B24BE768A0011AE05 /* libPhoneNumberShortNumber.framework */;
			productType = "com.apple.product-type.framework";
		};
		9407259224BE768A0011AE05 /* libPhoneNumberShortNumberTests */ = {
			isa = PBXNativeTarget;
			buildConfigurationList = 940725A124BE768A0011AE05 /* Build configuration list for PBXNativeTarget "libPhoneNumberShortNumberTests" */;
			buildPhases = (
				9407258F24BE768A0011AE05 /* Sources */,
				9407259024BE768A0011AE05 /* Frameworks */,
				9407259124BE768A0011AE05 /* Resources */,
			);
			buildRules = (
			);
			dependencies = (
				9407259624BE768A0011AE05 /* PBXTargetDependency */,
			);
			name = libPhoneNumberShortNumberTests;
			productName = libPhoneNumberShortNumberTests;
			productReference = 9407259324BE768A0011AE05 /* libPhoneNumberShortNumberTests.xctest */;
			productType = "com.apple.product-type.bundle.unit-test";
		};
/* End PBXNativeTarget section */

/* Begin PBXProject section */
		FD7A0613167715A0004BBEB6 /* Project object */ = {
			isa = PBXProject;
			attributes = {
				LastSwiftUpdateCheck = 0830;
				LastTestingUpgradeCheck = 0510;
				LastUpgradeCheck = 0940;
				ORGANIZATIONNAME = Google;
				TargetAttributes = {
					0FC0D36324A29F510087AFCF = {
						CreatedOnToolsVersion = 11.3.1;
						DevelopmentTeam = MQV8HVXR99;
						ProvisioningStyle = Automatic;
					};
					0FC0D37524A2A05E0087AFCF = {
						CreatedOnToolsVersion = 11.3.1;
						ProvisioningStyle = Automatic;
					};
					14B7A2921DE9B65D0051AED7 = {
						CreatedOnToolsVersion = 8.1;
						ProvisioningStyle = Automatic;
					};
					34ACBB841B7122AC0064B3BD = {
						CreatedOnToolsVersion = 6.4;
					};
					9407258A24BE768A0011AE05 = {
						CreatedOnToolsVersion = 11.5;
					};
					9407259224BE768A0011AE05 = {
						CreatedOnToolsVersion = 11.5;
					};
				};
			};
			buildConfigurationList = FD7A0616167715A0004BBEB6 /* Build configuration list for PBXProject "libPhoneNumber" */;
			compatibilityVersion = "Xcode 3.2";
			developmentRegion = en;
			hasScannedForEncodings = 0;
			knownRegions = (
				Base,
				en,
			);
			mainGroup = FD7A0611167715A0004BBEB6;
			productRefGroup = FD7A061D167715A0004BBEB6 /* Products */;
			projectDirPath = "";
			projectRoot = "";
			targets = (
				34ACBB841B7122AC0064B3BD /* libPhoneNumberiOS */,
				14B7A2921DE9B65D0051AED7 /* libPhoneNumberiOSTests */,
				0FC0D36324A29F510087AFCF /* libPhoneNumberGeocoding */,
				0FC0D37524A2A05E0087AFCF /* libPhoneNumberGeocodingTests */,
				9407258A24BE768A0011AE05 /* libPhoneNumberShortNumber */,
				9407259224BE768A0011AE05 /* libPhoneNumberShortNumberTests */,
			);
		};
/* End PBXProject section */

/* Begin PBXResourcesBuildPhase section */
		0FC0D36224A29F510087AFCF /* Resources */ = {
			isa = PBXResourcesBuildPhase;
			buildActionMask = 2147483647;
			files = (
				9439832824CB545000CF8CB4 /* README.md in Resources */,
				0FC0D38324A2A1D30087AFCF /* GeocodingMetadata.bundle in Resources */,
			);
			runOnlyForDeploymentPostprocessing = 0;
		};
		0FC0D37424A2A05E0087AFCF /* Resources */ = {
			isa = PBXResourcesBuildPhase;
			buildActionMask = 2147483647;
			files = (
				CA55ED89296F51E0005E98A1 /* TestingSource.bundle in Resources */,
				0FD8755E24D39DD900AB132F /* libPhoneNumberMetadataForTesting in Resources */,
			);
			runOnlyForDeploymentPostprocessing = 0;
		};
		14B7A2911DE9B65D0051AED7 /* Resources */ = {
			isa = PBXResourcesBuildPhase;
			buildActionMask = 2147483647;
			files = (
				0FC214DA24D339BD002A5E4B /* libPhoneNumberMetadataForTesting in Resources */,
			);
			runOnlyForDeploymentPostprocessing = 0;
		};
		34ACBB831B7122AC0064B3BD /* Resources */ = {
			isa = PBXResourcesBuildPhase;
			buildActionMask = 2147483647;
			files = (
			);
			runOnlyForDeploymentPostprocessing = 0;
		};
		9407258924BE768A0011AE05 /* Resources */ = {
			isa = PBXResourcesBuildPhase;
			buildActionMask = 2147483647;
			files = (
				9439832D24CB569100CF8CB4 /* README.md in Resources */,
			);
			runOnlyForDeploymentPostprocessing = 0;
		};
		9407259124BE768A0011AE05 /* Resources */ = {
			isa = PBXResourcesBuildPhase;
			buildActionMask = 2147483647;
			files = (
				0FD8755D24D39AB300AB132F /* libPhoneNumberMetadataForTesting in Resources */,
			);
			runOnlyForDeploymentPostprocessing = 0;
		};
/* End PBXResourcesBuildPhase section */

/* Begin PBXSourcesBuildPhase section */
		0FC0D36024A29F510087AFCF /* Sources */ = {
			isa = PBXSourcesBuildPhase;
			buildActionMask = 2147483647;
			files = (
				94C9AF6124B3E24900469F54 /* NBGeocoderMetadataHelper.m in Sources */,
				0FC0D36C24A29F590087AFCF /* NBPhoneNumberOfflineGeocoder.m in Sources */,
			);
			runOnlyForDeploymentPostprocessing = 0;
		};
		0FC0D37224A2A05E0087AFCF /* Sources */ = {
			isa = PBXSourcesBuildPhase;
			buildActionMask = 2147483647;
			files = (
				94C9AF0F24B3AAF900469F54 /* NBPhoneNumberOfflineGeocoderTest.m in Sources */,
			);
			runOnlyForDeploymentPostprocessing = 0;
		};
		14B7A28F1DE9B65D0051AED7 /* Sources */ = {
			isa = PBXSourcesBuildPhase;
			buildActionMask = 2147483647;
			files = (
				1485C5291E06F4890092F541 /* NBPhoneNumberUtilTest.m in Sources */,
				0F4314DC203CA833005FE065 /* NBPhoneNumberParsingPerfTest.m in Sources */,
				1485C5271E06F4890092F541 /* NBAsYouTypeFormatterTest.m in Sources */,
			);
			runOnlyForDeploymentPostprocessing = 0;
		};
		34ACBB801B7122AC0064B3BD /* Sources */ = {
			isa = PBXSourcesBuildPhase;
			buildActionMask = 2147483647;
			files = (
				34ACBBAF1B71230B0064B3BD /* NBMetadataHelper.m in Sources */,
				8B0FD2FF1E4A88AC0049DF81 /* NSArray+NBAdditions.m in Sources */,
				34ACBBAC1B7122FF0064B3BD /* NBPhoneNumberDesc.m in Sources */,
				34ACBBAA1B7122F80064B3BD /* NBPhoneNumber.m in Sources */,
				0F28709C1FCF8F13006230BF /* NBRegExMatcher.m in Sources */,
				34ACBBAE1B7123090064B3BD /* NBPhoneNumberUtil.m in Sources */,
				34ACBBAB1B7122FD0064B3BD /* NBNumberFormat.m in Sources */,
				34ACBBAD1B7123020064B3BD /* NBPhoneMetaData.m in Sources */,
				34ACBBB01B71230E0064B3BD /* NBAsYouTypeFormatter.m in Sources */,
				944B9B062497ED79007E17B5 /* NBGeocoderMetadataHelper.m in Sources */,
				A81D6A2B1BECC44600F68F34 /* NBPhoneNumberDefines.m in Sources */,
				0F2870A61FCF9368006230BF /* NBRegularExpressionCache.m in Sources */,
			);
			runOnlyForDeploymentPostprocessing = 0;
		};
		9407258724BE768A0011AE05 /* Sources */ = {
			isa = PBXSourcesBuildPhase;
			buildActionMask = 2147483647;
			files = (
				940725B624BF90290011AE05 /* NBShortNumberMetadataHelper.m in Sources */,
				940725AA24BE77420011AE05 /* NBShortNumberUtil.m in Sources */,
			);
			runOnlyForDeploymentPostprocessing = 0;
		};
		9407258F24BE768A0011AE05 /* Sources */ = {
			isa = PBXSourcesBuildPhase;
			buildActionMask = 2147483647;
			files = (
				940725AC24BF63050011AE05 /* NBShortNumberInfoTest.m in Sources */,
				940725B224BF7B040011AE05 /* NBShortNumberTestHelper.m in Sources */,
			);
			runOnlyForDeploymentPostprocessing = 0;
		};
/* End PBXSourcesBuildPhase section */

/* Begin PBXTargetDependency section */
		0F8D2B7824D4AF4D00FCC084 /* PBXTargetDependency */ = {
			isa = PBXTargetDependency;
			target = 34ACBB841B7122AC0064B3BD /* libPhoneNumberiOS */;
			targetProxy = 0F8D2B7724D4AF4D00FCC084 /* PBXContainerItemProxy */;
		};
		0FC0D37024A29F680087AFCF /* PBXTargetDependency */ = {
			isa = PBXTargetDependency;
			target = 34ACBB841B7122AC0064B3BD /* libPhoneNumberiOS */;
			targetProxy = 0FC0D36F24A29F680087AFCF /* PBXContainerItemProxy */;
		};
		0FC0D37D24A2A05E0087AFCF /* PBXTargetDependency */ = {
			isa = PBXTargetDependency;
			target = 0FC0D36324A29F510087AFCF /* libPhoneNumberGeocoding */;
			targetProxy = 0FC0D37C24A2A05E0087AFCF /* PBXContainerItemProxy */;
		};
		9407259624BE768A0011AE05 /* PBXTargetDependency */ = {
			isa = PBXTargetDependency;
			target = 9407258A24BE768A0011AE05 /* libPhoneNumberShortNumber */;
			targetProxy = 9407259524BE768A0011AE05 /* PBXContainerItemProxy */;
		};
		940725A524BE769D0011AE05 /* PBXTargetDependency */ = {
			isa = PBXTargetDependency;
			platformFilter = ios;
			target = 34ACBB841B7122AC0064B3BD /* libPhoneNumberiOS */;
			targetProxy = 940725A424BE769D0011AE05 /* PBXContainerItemProxy */;
		};
/* End PBXTargetDependency section */

/* Begin XCBuildConfiguration section */
		0FC0D36A24A29F510087AFCF /* Debug */ = {
			isa = XCBuildConfiguration;
			buildSettings = {
				CLANG_ANALYZER_NONNULL = YES;
				CLANG_ANALYZER_NUMBER_OBJECT_CONVERSION = YES_AGGRESSIVE;
				CLANG_CXX_LANGUAGE_STANDARD = "gnu++14";
				CLANG_ENABLE_MODULES = YES;
				CLANG_ENABLE_OBJC_WEAK = YES;
				CLANG_WARN_DIRECT_OBJC_ISA_USAGE = YES_ERROR;
				CLANG_WARN_DOCUMENTATION_COMMENTS = YES;
				CLANG_WARN_OBJC_ROOT_CLASS = YES_ERROR;
				CLANG_WARN_UNGUARDED_AVAILABILITY = YES_AGGRESSIVE;
				CODE_SIGN_STYLE = Automatic;
				CURRENT_PROJECT_VERSION = 1;
				DEBUG_INFORMATION_FORMAT = dwarf;
				DEFINES_MODULE = YES;
				DEVELOPMENT_ASSET_PATHS = "";
				DEVELOPMENT_TEAM = MQV8HVXR99;
				DYLIB_COMPATIBILITY_VERSION = 1;
				DYLIB_CURRENT_VERSION = 1;
				DYLIB_INSTALL_NAME_BASE = "@rpath";
				GCC_C_LANGUAGE_STANDARD = gnu11;
				GCC_WARN_ABOUT_RETURN_TYPE = YES_ERROR;
				GCC_WARN_UNINITIALIZED_AUTOS = YES_AGGRESSIVE;
				INFOPLIST_FILE = libPhoneNumberGeocoding/Info.plist;
				INSTALL_PATH = "$(LOCAL_LIBRARY_DIR)/Frameworks";
				IPHONEOS_DEPLOYMENT_TARGET = 11.0;
				LD_RUNPATH_SEARCH_PATHS = (
					"$(inherited)",
					"@executable_path/Frameworks",
					"@loader_path/Frameworks",
				);
				MTL_ENABLE_DEBUG_INFO = INCLUDE_SOURCE;
				MTL_FAST_MATH = YES;
				PRODUCT_BUNDLE_IDENTIFIER = com.google.libphonenumber.Geocoding;
				PRODUCT_NAME = "$(TARGET_NAME:c99extidentifier)";
				SKIP_INSTALL = YES;
				SUPPORTS_MACCATALYST = NO;
				TARGETED_DEVICE_FAMILY = "1,2";
				VERSIONING_SYSTEM = "apple-generic";
				VERSION_INFO_PREFIX = "";
			};
			name = Debug;
		};
		0FC0D36B24A29F510087AFCF /* Release */ = {
			isa = XCBuildConfiguration;
			buildSettings = {
				CLANG_ANALYZER_NONNULL = YES;
				CLANG_ANALYZER_NUMBER_OBJECT_CONVERSION = YES_AGGRESSIVE;
				CLANG_CXX_LANGUAGE_STANDARD = "gnu++14";
				CLANG_ENABLE_MODULES = YES;
				CLANG_ENABLE_OBJC_WEAK = YES;
				CLANG_WARN_DIRECT_OBJC_ISA_USAGE = YES_ERROR;
				CLANG_WARN_DOCUMENTATION_COMMENTS = YES;
				CLANG_WARN_OBJC_ROOT_CLASS = YES_ERROR;
				CLANG_WARN_UNGUARDED_AVAILABILITY = YES_AGGRESSIVE;
				CODE_SIGN_STYLE = Automatic;
				COPY_PHASE_STRIP = NO;
				CURRENT_PROJECT_VERSION = 1;
				DEBUG_INFORMATION_FORMAT = "dwarf-with-dsym";
				DEFINES_MODULE = YES;
				DEVELOPMENT_ASSET_PATHS = "";
				DEVELOPMENT_TEAM = MQV8HVXR99;
				DYLIB_COMPATIBILITY_VERSION = 1;
				DYLIB_CURRENT_VERSION = 1;
				DYLIB_INSTALL_NAME_BASE = "@rpath";
				ENABLE_NS_ASSERTIONS = NO;
				GCC_C_LANGUAGE_STANDARD = gnu11;
				GCC_WARN_ABOUT_RETURN_TYPE = YES_ERROR;
				GCC_WARN_UNINITIALIZED_AUTOS = YES_AGGRESSIVE;
				INFOPLIST_FILE = libPhoneNumberGeocoding/Info.plist;
				INSTALL_PATH = "$(LOCAL_LIBRARY_DIR)/Frameworks";
				IPHONEOS_DEPLOYMENT_TARGET = 11.0;
				LD_RUNPATH_SEARCH_PATHS = (
					"$(inherited)",
					"@executable_path/Frameworks",
					"@loader_path/Frameworks",
				);
				MTL_ENABLE_DEBUG_INFO = NO;
				MTL_FAST_MATH = YES;
				PRODUCT_BUNDLE_IDENTIFIER = com.google.libphonenumber.Geocoding;
				PRODUCT_NAME = "$(TARGET_NAME:c99extidentifier)";
				SKIP_INSTALL = YES;
				SUPPORTS_MACCATALYST = NO;
				TARGETED_DEVICE_FAMILY = "1,2";
				VERSIONING_SYSTEM = "apple-generic";
				VERSION_INFO_PREFIX = "";
			};
			name = Release;
		};
		0FC0D37F24A2A05E0087AFCF /* Debug */ = {
			isa = XCBuildConfiguration;
			buildSettings = {
				CLANG_ANALYZER_NONNULL = YES;
				CLANG_ANALYZER_NUMBER_OBJECT_CONVERSION = YES_AGGRESSIVE;
				CLANG_CXX_LANGUAGE_STANDARD = "gnu++14";
				CLANG_ENABLE_CODE_COVERAGE = NO;
				CLANG_ENABLE_MODULES = YES;
				CLANG_ENABLE_OBJC_WEAK = YES;
				CLANG_WARN_DIRECT_OBJC_ISA_USAGE = YES_ERROR;
				CLANG_WARN_DOCUMENTATION_COMMENTS = YES;
				CLANG_WARN_OBJC_ROOT_CLASS = YES_ERROR;
				CLANG_WARN_UNGUARDED_AVAILABILITY = YES_AGGRESSIVE;
				CODE_SIGN_STYLE = Automatic;
				DEBUG_INFORMATION_FORMAT = dwarf;
				GCC_C_LANGUAGE_STANDARD = gnu11;
				GCC_GENERATE_TEST_COVERAGE_FILES = NO;
				GCC_WARN_ABOUT_RETURN_TYPE = YES_ERROR;
				GCC_WARN_UNINITIALIZED_AUTOS = YES_AGGRESSIVE;
				INFOPLIST_FILE = libPhoneNumberGeocodingTests/Info.plist;
				IPHONEOS_DEPLOYMENT_TARGET = 11.0;
				LD_RUNPATH_SEARCH_PATHS = (
					"$(inherited)",
					"@executable_path/Frameworks",
					"@loader_path/Frameworks",
				);
				MTL_ENABLE_DEBUG_INFO = INCLUDE_SOURCE;
				MTL_FAST_MATH = YES;
				PRODUCT_BUNDLE_IDENTIFIER = com.google.libphonenumber.libPhoneNumberGeocodingTests;
				PRODUCT_NAME = "$(TARGET_NAME)";
				TARGETED_DEVICE_FAMILY = "1,2";
			};
			name = Debug;
		};
		0FC0D38024A2A05E0087AFCF /* Release */ = {
			isa = XCBuildConfiguration;
			buildSettings = {
				CLANG_ANALYZER_NONNULL = YES;
				CLANG_ANALYZER_NUMBER_OBJECT_CONVERSION = YES_AGGRESSIVE;
				CLANG_CXX_LANGUAGE_STANDARD = "gnu++14";
				CLANG_ENABLE_CODE_COVERAGE = NO;
				CLANG_ENABLE_MODULES = YES;
				CLANG_ENABLE_OBJC_WEAK = YES;
				CLANG_WARN_DIRECT_OBJC_ISA_USAGE = YES_ERROR;
				CLANG_WARN_DOCUMENTATION_COMMENTS = YES;
				CLANG_WARN_OBJC_ROOT_CLASS = YES_ERROR;
				CLANG_WARN_UNGUARDED_AVAILABILITY = YES_AGGRESSIVE;
				CODE_SIGN_STYLE = Automatic;
				COPY_PHASE_STRIP = NO;
				DEBUG_INFORMATION_FORMAT = "dwarf-with-dsym";
				ENABLE_NS_ASSERTIONS = NO;
				GCC_C_LANGUAGE_STANDARD = gnu11;
				GCC_GENERATE_TEST_COVERAGE_FILES = NO;
				GCC_WARN_ABOUT_RETURN_TYPE = YES_ERROR;
				GCC_WARN_UNINITIALIZED_AUTOS = YES_AGGRESSIVE;
				INFOPLIST_FILE = libPhoneNumberGeocodingTests/Info.plist;
				IPHONEOS_DEPLOYMENT_TARGET = 11.0;
				LD_RUNPATH_SEARCH_PATHS = (
					"$(inherited)",
					"@executable_path/Frameworks",
					"@loader_path/Frameworks",
				);
				MTL_ENABLE_DEBUG_INFO = NO;
				MTL_FAST_MATH = YES;
				PRODUCT_BUNDLE_IDENTIFIER = com.google.libphonenumber.libPhoneNumberGeocodingTests;
				PRODUCT_NAME = "$(TARGET_NAME)";
				TARGETED_DEVICE_FAMILY = "1,2";
			};
			name = Release;
		};
		14B7A29C1DE9B65D0051AED7 /* Debug */ = {
			isa = XCBuildConfiguration;
			buildSettings = {
				APPLICATION_EXTENSION_API_ONLY = NO;
				CLANG_ANALYZER_NONNULL = YES;
				CLANG_ENABLE_CODE_COVERAGE = NO;
				CLANG_ENABLE_MODULES = YES;
				CLANG_WARN_DIRECT_OBJC_ISA_USAGE = YES_ERROR;
				CLANG_WARN_DOCUMENTATION_COMMENTS = YES;
				CLANG_WARN_OBJC_ROOT_CLASS = YES_ERROR;
				CLANG_WARN_SUSPICIOUS_MOVES = YES;
				DEBUG_INFORMATION_FORMAT = dwarf;
				GCC_GENERATE_TEST_COVERAGE_FILES = NO;
				GCC_INSTRUMENT_PROGRAM_FLOW_ARCS = NO;
				GCC_WARN_ABOUT_RETURN_TYPE = YES_ERROR;
				GCC_WARN_UNINITIALIZED_AUTOS = YES_AGGRESSIVE;
				INFOPLIST_FILE = libPhoneNumberTests/Info.plist;
				IPHONEOS_DEPLOYMENT_TARGET = 11.0;
				LD_RUNPATH_SEARCH_PATHS = (
					"$(inherited)",
					"@executable_path/Frameworks",
					"@loader_path/Frameworks",
				);
				MTL_ENABLE_DEBUG_INFO = YES;
				PRODUCT_BUNDLE_IDENTIFIER = me.ohtalk.libPhoneNumberiOSTests;
				PRODUCT_NAME = "$(TARGET_NAME)";
			};
			name = Debug;
		};
		14B7A29D1DE9B65D0051AED7 /* Release */ = {
			isa = XCBuildConfiguration;
			buildSettings = {
				APPLICATION_EXTENSION_API_ONLY = NO;
				CLANG_ANALYZER_NONNULL = YES;
				CLANG_ENABLE_CODE_COVERAGE = NO;
				CLANG_ENABLE_MODULES = YES;
				CLANG_WARN_DIRECT_OBJC_ISA_USAGE = YES_ERROR;
				CLANG_WARN_DOCUMENTATION_COMMENTS = YES;
				CLANG_WARN_OBJC_ROOT_CLASS = YES_ERROR;
				CLANG_WARN_SUSPICIOUS_MOVES = YES;
				COPY_PHASE_STRIP = NO;
				DEBUG_INFORMATION_FORMAT = "dwarf-with-dsym";
				ENABLE_NS_ASSERTIONS = NO;
				GCC_GENERATE_TEST_COVERAGE_FILES = NO;
				GCC_INSTRUMENT_PROGRAM_FLOW_ARCS = NO;
				GCC_WARN_ABOUT_RETURN_TYPE = YES_ERROR;
				GCC_WARN_UNINITIALIZED_AUTOS = YES_AGGRESSIVE;
				INFOPLIST_FILE = libPhoneNumberTests/Info.plist;
				IPHONEOS_DEPLOYMENT_TARGET = 11.0;
				LD_RUNPATH_SEARCH_PATHS = (
					"$(inherited)",
					"@executable_path/Frameworks",
					"@loader_path/Frameworks",
				);
				MTL_ENABLE_DEBUG_INFO = NO;
				PRODUCT_BUNDLE_IDENTIFIER = me.ohtalk.libPhoneNumberiOSTests;
				PRODUCT_NAME = "$(TARGET_NAME)";
			};
			name = Release;
		};
		34ACBB9E1B7122AC0064B3BD /* Debug */ = {
			isa = XCBuildConfiguration;
			buildSettings = {
				CLANG_ENABLE_MODULES = YES;
				CLANG_WARN_BOOL_CONVERSION = YES;
				CLANG_WARN_CONSTANT_CONVERSION = YES;
				CLANG_WARN_DIRECT_OBJC_ISA_USAGE = YES_ERROR;
				CLANG_WARN_ENUM_CONVERSION = YES;
				CLANG_WARN_INT_CONVERSION = YES;
				CLANG_WARN_OBJC_ROOT_CLASS = YES_ERROR;
				CLANG_WARN_UNREACHABLE_CODE = YES;
				"CODE_SIGN_IDENTITY[sdk=iphoneos*]" = "";
				CURRENT_PROJECT_VERSION = 1;
				DEBUG_INFORMATION_FORMAT = "dwarf-with-dsym";
				DEFINES_MODULE = YES;
				DERIVE_MACCATALYST_PRODUCT_BUNDLE_IDENTIFIER = NO;
				DYLIB_COMPATIBILITY_VERSION = 1;
				DYLIB_CURRENT_VERSION = 1;
				DYLIB_INSTALL_NAME_BASE = "@rpath";
				ENABLE_STRICT_OBJC_MSGSEND = YES;
				GCC_NO_COMMON_BLOCKS = YES;
				GCC_WARN_64_TO_32_BIT_CONVERSION = YES;
				GCC_WARN_ABOUT_RETURN_TYPE = YES_ERROR;
				GCC_WARN_UNDECLARED_SELECTOR = YES;
				GCC_WARN_UNINITIALIZED_AUTOS = YES_AGGRESSIVE;
				INFOPLIST_FILE = "libPhoneNumber-iOS/Info.plist";
				INSTALL_PATH = "$(LOCAL_LIBRARY_DIR)/Frameworks";
				IPHONEOS_DEPLOYMENT_TARGET = 11.0;
				LD_RUNPATH_SEARCH_PATHS = (
					"$(inherited)",
					"@executable_path/Frameworks",
					"@loader_path/Frameworks",
				);
				MACOSX_DEPLOYMENT_TARGET = 10.9;
				MARKETING_VERSION = 1.0.4;
				MTL_ENABLE_DEBUG_INFO = YES;
				ONLY_ACTIVE_ARCH = NO;
				PRODUCT_BUNDLE_IDENTIFIER = me.ohtalk.libPhoneNumber.iOS;
				PRODUCT_NAME = libPhoneNumberiOS;
				SKIP_INSTALL = YES;
				SUPPORTS_MACCATALYST = NO;
				TVOS_DEPLOYMENT_TARGET = 10.0;
				VERSIONING_SYSTEM = "apple-generic";
				VERSION_INFO_PREFIX = "";
				WATCHOS_DEPLOYMENT_TARGET = 4.0;
			};
			name = Debug;
		};
		34ACBB9F1B7122AC0064B3BD /* Release */ = {
			isa = XCBuildConfiguration;
			buildSettings = {
				CLANG_ENABLE_MODULES = YES;
				CLANG_WARN_BOOL_CONVERSION = YES;
				CLANG_WARN_CONSTANT_CONVERSION = YES;
				CLANG_WARN_DIRECT_OBJC_ISA_USAGE = YES_ERROR;
				CLANG_WARN_ENUM_CONVERSION = YES;
				CLANG_WARN_INT_CONVERSION = YES;
				CLANG_WARN_OBJC_ROOT_CLASS = YES_ERROR;
				CLANG_WARN_UNREACHABLE_CODE = YES;
				"CODE_SIGN_IDENTITY[sdk=iphoneos*]" = "";
				COPY_PHASE_STRIP = NO;
				CURRENT_PROJECT_VERSION = 1;
				DEBUG_INFORMATION_FORMAT = "dwarf-with-dsym";
				DEFINES_MODULE = YES;
				DERIVE_MACCATALYST_PRODUCT_BUNDLE_IDENTIFIER = NO;
				DYLIB_COMPATIBILITY_VERSION = 1;
				DYLIB_CURRENT_VERSION = 1;
				DYLIB_INSTALL_NAME_BASE = "@rpath";
				ENABLE_NS_ASSERTIONS = NO;
				ENABLE_STRICT_OBJC_MSGSEND = YES;
				GCC_INSTRUMENT_PROGRAM_FLOW_ARCS = NO;
				GCC_NO_COMMON_BLOCKS = YES;
				GCC_WARN_64_TO_32_BIT_CONVERSION = YES;
				GCC_WARN_ABOUT_RETURN_TYPE = YES_ERROR;
				GCC_WARN_UNDECLARED_SELECTOR = YES;
				GCC_WARN_UNINITIALIZED_AUTOS = YES_AGGRESSIVE;
				INFOPLIST_FILE = "libPhoneNumber-iOS/Info.plist";
				INSTALL_PATH = "$(LOCAL_LIBRARY_DIR)/Frameworks";
				IPHONEOS_DEPLOYMENT_TARGET = 11.0;
				LD_RUNPATH_SEARCH_PATHS = (
					"$(inherited)",
					"@executable_path/Frameworks",
					"@loader_path/Frameworks",
				);
				MACOSX_DEPLOYMENT_TARGET = 10.9;
				MARKETING_VERSION = 1.0.4;
				MTL_ENABLE_DEBUG_INFO = NO;
				ONLY_ACTIVE_ARCH = NO;
				PRODUCT_BUNDLE_IDENTIFIER = me.ohtalk.libPhoneNumber.iOS;
				PRODUCT_NAME = libPhoneNumberiOS;
				SKIP_INSTALL = YES;
				SUPPORTS_MACCATALYST = NO;
				TVOS_DEPLOYMENT_TARGET = 10.0;
				VERSIONING_SYSTEM = "apple-generic";
				VERSION_INFO_PREFIX = "";
				WATCHOS_DEPLOYMENT_TARGET = 4.0;
			};
			name = Release;
		};
		9407259C24BE768A0011AE05 /* Debug */ = {
			isa = XCBuildConfiguration;
			buildSettings = {
				CLANG_ANALYZER_NONNULL = YES;
				CLANG_ANALYZER_NUMBER_OBJECT_CONVERSION = YES_AGGRESSIVE;
				CLANG_CXX_LANGUAGE_STANDARD = "gnu++14";
				CLANG_ENABLE_MODULES = YES;
				CLANG_ENABLE_OBJC_WEAK = YES;
				CLANG_WARN_DIRECT_OBJC_ISA_USAGE = YES_ERROR;
				CLANG_WARN_DOCUMENTATION_COMMENTS = YES;
				CLANG_WARN_OBJC_ROOT_CLASS = YES_ERROR;
				CLANG_WARN_UNGUARDED_AVAILABILITY = YES_AGGRESSIVE;
				CODE_SIGN_STYLE = Automatic;
				CURRENT_PROJECT_VERSION = 1;
				DEBUG_INFORMATION_FORMAT = dwarf;
				DEFINES_MODULE = YES;
				DEVELOPMENT_TEAM = 973LHT5R86;
				DYLIB_COMPATIBILITY_VERSION = 1;
				DYLIB_CURRENT_VERSION = 1;
				DYLIB_INSTALL_NAME_BASE = "@rpath";
				GCC_C_LANGUAGE_STANDARD = gnu11;
				GCC_WARN_ABOUT_RETURN_TYPE = YES_ERROR;
				GCC_WARN_UNINITIALIZED_AUTOS = YES_AGGRESSIVE;
				INFOPLIST_FILE = libPhoneNumberShortNumber/Info.plist;
				INSTALL_PATH = "$(LOCAL_LIBRARY_DIR)/Frameworks";
				IPHONEOS_DEPLOYMENT_TARGET = 11.0;
				LD_RUNPATH_SEARCH_PATHS = (
					"$(inherited)",
					"@executable_path/Frameworks",
					"@loader_path/Frameworks",
				);
				MTL_ENABLE_DEBUG_INFO = INCLUDE_SOURCE;
				MTL_FAST_MATH = YES;
				PRODUCT_BUNDLE_IDENTIFIER = com.libPhoneNumberShortNumber;
				PRODUCT_NAME = "$(TARGET_NAME:c99extidentifier)";
				SKIP_INSTALL = YES;
				SUPPORTS_MACCATALYST = NO;
				TARGETED_DEVICE_FAMILY = "1,2";
				VERSIONING_SYSTEM = "apple-generic";
				VERSION_INFO_PREFIX = "";
			};
			name = Debug;
		};
		9407259D24BE768A0011AE05 /* Release */ = {
			isa = XCBuildConfiguration;
			buildSettings = {
				CLANG_ANALYZER_NONNULL = YES;
				CLANG_ANALYZER_NUMBER_OBJECT_CONVERSION = YES_AGGRESSIVE;
				CLANG_CXX_LANGUAGE_STANDARD = "gnu++14";
				CLANG_ENABLE_MODULES = YES;
				CLANG_ENABLE_OBJC_WEAK = YES;
				CLANG_WARN_DIRECT_OBJC_ISA_USAGE = YES_ERROR;
				CLANG_WARN_DOCUMENTATION_COMMENTS = YES;
				CLANG_WARN_OBJC_ROOT_CLASS = YES_ERROR;
				CLANG_WARN_UNGUARDED_AVAILABILITY = YES_AGGRESSIVE;
				CODE_SIGN_STYLE = Automatic;
				COPY_PHASE_STRIP = NO;
				CURRENT_PROJECT_VERSION = 1;
				DEBUG_INFORMATION_FORMAT = "dwarf-with-dsym";
				DEFINES_MODULE = YES;
				DEVELOPMENT_TEAM = 973LHT5R86;
				DYLIB_COMPATIBILITY_VERSION = 1;
				DYLIB_CURRENT_VERSION = 1;
				DYLIB_INSTALL_NAME_BASE = "@rpath";
				ENABLE_NS_ASSERTIONS = NO;
				GCC_C_LANGUAGE_STANDARD = gnu11;
				GCC_WARN_ABOUT_RETURN_TYPE = YES_ERROR;
				GCC_WARN_UNINITIALIZED_AUTOS = YES_AGGRESSIVE;
				INFOPLIST_FILE = libPhoneNumberShortNumber/Info.plist;
				INSTALL_PATH = "$(LOCAL_LIBRARY_DIR)/Frameworks";
				IPHONEOS_DEPLOYMENT_TARGET = 11.0;
				LD_RUNPATH_SEARCH_PATHS = (
					"$(inherited)",
					"@executable_path/Frameworks",
					"@loader_path/Frameworks",
				);
				MTL_ENABLE_DEBUG_INFO = NO;
				MTL_FAST_MATH = YES;
				PRODUCT_BUNDLE_IDENTIFIER = com.libPhoneNumberShortNumber;
				PRODUCT_NAME = "$(TARGET_NAME:c99extidentifier)";
				SKIP_INSTALL = YES;
				SUPPORTS_MACCATALYST = NO;
				TARGETED_DEVICE_FAMILY = "1,2";
				VERSIONING_SYSTEM = "apple-generic";
				VERSION_INFO_PREFIX = "";
			};
			name = Release;
		};
		9407259E24BE768A0011AE05 /* Debug */ = {
			isa = XCBuildConfiguration;
			buildSettings = {
				CLANG_ANALYZER_NONNULL = YES;
				CLANG_ANALYZER_NUMBER_OBJECT_CONVERSION = YES_AGGRESSIVE;
				CLANG_CXX_LANGUAGE_STANDARD = "gnu++14";
				CLANG_ENABLE_MODULES = YES;
				CLANG_ENABLE_OBJC_WEAK = YES;
				CLANG_WARN_DIRECT_OBJC_ISA_USAGE = YES_ERROR;
				CLANG_WARN_DOCUMENTATION_COMMENTS = YES;
				CLANG_WARN_OBJC_ROOT_CLASS = YES_ERROR;
				CLANG_WARN_UNGUARDED_AVAILABILITY = YES_AGGRESSIVE;
				CODE_SIGN_STYLE = Automatic;
				DEBUG_INFORMATION_FORMAT = dwarf;
				DEVELOPMENT_TEAM = 973LHT5R86;
				GCC_C_LANGUAGE_STANDARD = gnu11;
				GCC_WARN_ABOUT_RETURN_TYPE = YES_ERROR;
				GCC_WARN_UNINITIALIZED_AUTOS = YES_AGGRESSIVE;
				INFOPLIST_FILE = libPhoneNumberShortNumberTests/Info.plist;
				IPHONEOS_DEPLOYMENT_TARGET = 11.0;
				LD_RUNPATH_SEARCH_PATHS = (
					"$(inherited)",
					"@executable_path/Frameworks",
					"@loader_path/Frameworks",
				);
				MTL_ENABLE_DEBUG_INFO = INCLUDE_SOURCE;
				MTL_FAST_MATH = YES;
				PRODUCT_BUNDLE_IDENTIFIER = com.libPhoneNumberShortNumberTests;
				PRODUCT_NAME = "$(TARGET_NAME)";
				TARGETED_DEVICE_FAMILY = "1,2";
			};
			name = Debug;
		};
		9407259F24BE768A0011AE05 /* Release */ = {
			isa = XCBuildConfiguration;
			buildSettings = {
				CLANG_ANALYZER_NONNULL = YES;
				CLANG_ANALYZER_NUMBER_OBJECT_CONVERSION = YES_AGGRESSIVE;
				CLANG_CXX_LANGUAGE_STANDARD = "gnu++14";
				CLANG_ENABLE_MODULES = YES;
				CLANG_ENABLE_OBJC_WEAK = YES;
				CLANG_WARN_DIRECT_OBJC_ISA_USAGE = YES_ERROR;
				CLANG_WARN_DOCUMENTATION_COMMENTS = YES;
				CLANG_WARN_OBJC_ROOT_CLASS = YES_ERROR;
				CLANG_WARN_UNGUARDED_AVAILABILITY = YES_AGGRESSIVE;
				CODE_SIGN_STYLE = Automatic;
				COPY_PHASE_STRIP = NO;
				DEBUG_INFORMATION_FORMAT = "dwarf-with-dsym";
				DEVELOPMENT_TEAM = 973LHT5R86;
				ENABLE_NS_ASSERTIONS = NO;
				GCC_C_LANGUAGE_STANDARD = gnu11;
				GCC_WARN_ABOUT_RETURN_TYPE = YES_ERROR;
				GCC_WARN_UNINITIALIZED_AUTOS = YES_AGGRESSIVE;
				INFOPLIST_FILE = libPhoneNumberShortNumberTests/Info.plist;
				IPHONEOS_DEPLOYMENT_TARGET = 11.0;
				LD_RUNPATH_SEARCH_PATHS = (
					"$(inherited)",
					"@executable_path/Frameworks",
					"@loader_path/Frameworks",
				);
				MTL_ENABLE_DEBUG_INFO = NO;
				MTL_FAST_MATH = YES;
				PRODUCT_BUNDLE_IDENTIFIER = com.libPhoneNumberShortNumberTests;
				PRODUCT_NAME = "$(TARGET_NAME)";
				TARGETED_DEVICE_FAMILY = "1,2";
			};
			name = Release;
		};
		FD7A064D167715A1004BBEB6 /* Debug */ = {
			isa = XCBuildConfiguration;
			buildSettings = {
				ALWAYS_SEARCH_USER_PATHS = NO;
				APPLICATION_EXTENSION_API_ONLY = YES;
				CLANG_CXX_LANGUAGE_STANDARD = "gnu++0x";
				CLANG_CXX_LIBRARY = "libc++";
				CLANG_ENABLE_OBJC_ARC = YES;
				CLANG_WARN_BLOCK_CAPTURE_AUTORELEASING = YES;
				CLANG_WARN_BOOL_CONVERSION = YES;
				CLANG_WARN_COMMA = YES;
				CLANG_WARN_CONSTANT_CONVERSION = YES;
				CLANG_WARN_DEPRECATED_OBJC_IMPLEMENTATIONS = YES;
				CLANG_WARN_EMPTY_BODY = YES;
				CLANG_WARN_ENUM_CONVERSION = YES;
				CLANG_WARN_INFINITE_RECURSION = YES;
				CLANG_WARN_INT_CONVERSION = YES;
				CLANG_WARN_NON_LITERAL_NULL_CONVERSION = YES;
				CLANG_WARN_OBJC_IMPLICIT_RETAIN_SELF = YES;
				CLANG_WARN_OBJC_LITERAL_CONVERSION = YES;
				CLANG_WARN_RANGE_LOOP_ANALYSIS = YES;
				CLANG_WARN_STRICT_PROTOTYPES = YES;
				CLANG_WARN_SUSPICIOUS_MOVE = YES;
				CLANG_WARN_UNREACHABLE_CODE = YES;
				CLANG_WARN__DUPLICATE_METHOD_MATCH = YES;
				"CODE_SIGN_IDENTITY[sdk=iphoneos*]" = "iPhone Developer";
				COPY_PHASE_STRIP = NO;
				ENABLE_STRICT_OBJC_MSGSEND = YES;
				ENABLE_TESTABILITY = YES;
				GCC_C_LANGUAGE_STANDARD = gnu99;
				GCC_DYNAMIC_NO_PIC = NO;
				GCC_GENERATE_TEST_COVERAGE_FILES = YES;
				GCC_INSTRUMENT_PROGRAM_FLOW_ARCS = YES;
				GCC_NO_COMMON_BLOCKS = YES;
				GCC_OPTIMIZATION_LEVEL = 0;
				GCC_PREPROCESSOR_DEFINITIONS = (
					"DEBUG=1",
					"$(inherited)",
				);
				GCC_SYMBOLS_PRIVATE_EXTERN = NO;
				GCC_WARN_64_TO_32_BIT_CONVERSION = YES;
				GCC_WARN_ABOUT_RETURN_TYPE = YES;
				GCC_WARN_UNDECLARED_SELECTOR = YES;
				GCC_WARN_UNINITIALIZED_AUTOS = YES;
				GCC_WARN_UNUSED_FUNCTION = YES;
				GCC_WARN_UNUSED_VARIABLE = YES;
				ONLY_ACTIVE_ARCH = YES;
				OTHER_CFLAGS = "";
				SDKROOT = iphoneos;
				SWIFT_OPTIMIZATION_LEVEL = "-Onone";
				TARGETED_DEVICE_FAMILY = "1,2";
				USER_HEADER_SEARCH_PATHS = "${SHARED_DERIVED_FILE_DIR}";
				VALID_ARCHS = "arm64 armv7 armv7s i386 x86_64";
			};
			name = Debug;
		};
		FD7A064E167715A1004BBEB6 /* Release */ = {
			isa = XCBuildConfiguration;
			buildSettings = {
				ALWAYS_SEARCH_USER_PATHS = NO;
				APPLICATION_EXTENSION_API_ONLY = YES;
				CLANG_CXX_LANGUAGE_STANDARD = "gnu++0x";
				CLANG_CXX_LIBRARY = "libc++";
				CLANG_ENABLE_OBJC_ARC = YES;
				CLANG_WARN_BLOCK_CAPTURE_AUTORELEASING = YES;
				CLANG_WARN_BOOL_CONVERSION = YES;
				CLANG_WARN_COMMA = YES;
				CLANG_WARN_CONSTANT_CONVERSION = YES;
				CLANG_WARN_DEPRECATED_OBJC_IMPLEMENTATIONS = YES;
				CLANG_WARN_EMPTY_BODY = YES;
				CLANG_WARN_ENUM_CONVERSION = YES;
				CLANG_WARN_INFINITE_RECURSION = YES;
				CLANG_WARN_INT_CONVERSION = YES;
				CLANG_WARN_NON_LITERAL_NULL_CONVERSION = YES;
				CLANG_WARN_OBJC_IMPLICIT_RETAIN_SELF = YES;
				CLANG_WARN_OBJC_LITERAL_CONVERSION = YES;
				CLANG_WARN_RANGE_LOOP_ANALYSIS = YES;
				CLANG_WARN_STRICT_PROTOTYPES = YES;
				CLANG_WARN_SUSPICIOUS_MOVE = YES;
				CLANG_WARN_UNREACHABLE_CODE = YES;
				CLANG_WARN__DUPLICATE_METHOD_MATCH = YES;
				"CODE_SIGN_IDENTITY[sdk=iphoneos*]" = "iPhone Developer";
				COPY_PHASE_STRIP = YES;
				ENABLE_STRICT_OBJC_MSGSEND = YES;
				GCC_C_LANGUAGE_STANDARD = gnu99;
				GCC_GENERATE_TEST_COVERAGE_FILES = YES;
				GCC_INSTRUMENT_PROGRAM_FLOW_ARCS = YES;
				GCC_NO_COMMON_BLOCKS = YES;
				GCC_WARN_64_TO_32_BIT_CONVERSION = YES;
				GCC_WARN_ABOUT_RETURN_TYPE = YES;
				GCC_WARN_UNDECLARED_SELECTOR = YES;
				GCC_WARN_UNINITIALIZED_AUTOS = YES;
				GCC_WARN_UNUSED_FUNCTION = YES;
				GCC_WARN_UNUSED_VARIABLE = YES;
				OTHER_CFLAGS = "";
				SDKROOT = iphoneos;
				SWIFT_COMPILATION_MODE = wholemodule;
				SWIFT_OPTIMIZATION_LEVEL = "-O";
				TARGETED_DEVICE_FAMILY = "1,2";
				USER_HEADER_SEARCH_PATHS = "${SHARED_DERIVED_FILE_DIR}";
				VALIDATE_PRODUCT = YES;
				VALID_ARCHS = "arm64 armv7 armv7s i386 x86_64";
			};
			name = Release;
		};
/* End XCBuildConfiguration section */

/* Begin XCConfigurationList section */
		0FC0D36924A29F510087AFCF /* Build configuration list for PBXNativeTarget "libPhoneNumberGeocoding" */ = {
			isa = XCConfigurationList;
			buildConfigurations = (
				0FC0D36A24A29F510087AFCF /* Debug */,
				0FC0D36B24A29F510087AFCF /* Release */,
			);
			defaultConfigurationIsVisible = 0;
			defaultConfigurationName = Release;
		};
		0FC0D37E24A2A05E0087AFCF /* Build configuration list for PBXNativeTarget "libPhoneNumberGeocodingTests" */ = {
			isa = XCConfigurationList;
			buildConfigurations = (
				0FC0D37F24A2A05E0087AFCF /* Debug */,
				0FC0D38024A2A05E0087AFCF /* Release */,
			);
			defaultConfigurationIsVisible = 0;
			defaultConfigurationName = Release;
		};
		14B7A29B1DE9B65D0051AED7 /* Build configuration list for PBXNativeTarget "libPhoneNumberiOSTests" */ = {
			isa = XCConfigurationList;
			buildConfigurations = (
				14B7A29C1DE9B65D0051AED7 /* Debug */,
				14B7A29D1DE9B65D0051AED7 /* Release */,
			);
			defaultConfigurationIsVisible = 0;
			defaultConfigurationName = Release;
		};
		34ACBBA21B7122AC0064B3BD /* Build configuration list for PBXNativeTarget "libPhoneNumberiOS" */ = {
			isa = XCConfigurationList;
			buildConfigurations = (
				34ACBB9E1B7122AC0064B3BD /* Debug */,
				34ACBB9F1B7122AC0064B3BD /* Release */,
			);
			defaultConfigurationIsVisible = 0;
			defaultConfigurationName = Release;
		};
		940725A024BE768A0011AE05 /* Build configuration list for PBXNativeTarget "libPhoneNumberShortNumber" */ = {
			isa = XCConfigurationList;
			buildConfigurations = (
				9407259C24BE768A0011AE05 /* Debug */,
				9407259D24BE768A0011AE05 /* Release */,
			);
			defaultConfigurationIsVisible = 0;
			defaultConfigurationName = Release;
		};
		940725A124BE768A0011AE05 /* Build configuration list for PBXNativeTarget "libPhoneNumberShortNumberTests" */ = {
			isa = XCConfigurationList;
			buildConfigurations = (
				9407259E24BE768A0011AE05 /* Debug */,
				9407259F24BE768A0011AE05 /* Release */,
			);
			defaultConfigurationIsVisible = 0;
			defaultConfigurationName = Release;
		};
		FD7A0616167715A0004BBEB6 /* Build configuration list for PBXProject "libPhoneNumber" */ = {
			isa = XCConfigurationList;
			buildConfigurations = (
				FD7A064D167715A1004BBEB6 /* Debug */,
				FD7A064E167715A1004BBEB6 /* Release */,
			);
			defaultConfigurationIsVisible = 0;
			defaultConfigurationName = Release;
		};
/* End XCConfigurationList section */
	};
	rootObject = FD7A0613167715A0004BBEB6 /* Project object */;
}
