PODS:
  - libPhoneNumber-iOS (0.9.15)
  - libPhoneNumberGeocoding (0.9.15):
    - libPhoneNumber-iOS

DEPENDENCIES:
  - libPhoneNumber-iOS
  - libPhoneNumberGeocoding (from `https://github.com/iziz/libPhoneNumber-iOS`)

SPEC REPOS:
  trunk:
    - libPhoneNumber-iOS

EXTERNAL SOURCES:
  libPhoneNumberGeocoding:
    :git: https://github.com/iziz/libPhoneNumber-iOS

CHECKOUT OPTIONS:
  libPhoneNumberGeocoding:
    :commit: 912eb46df9dfd500270fc43c189aa020b53e1d00
    :git: https://github.com/iziz/libPhoneNumber-iOS

SPEC CHECKSUMS:
  libPhoneNumber-iOS: 0a32a9525cf8744fe02c5206eb30d571e38f7d75
  libPhoneNumberGeocoding: 1e0dc80edb34a7866c22ef6ece77b715101a70ab

PODFILE CHECKSUM: 94d3205d02e7e9618be31f52301092cce6a98d6d

COCOAPODS: 1.9.3
