<?xml version="1.0" encoding="UTF-8"?>
<Scheme
   LastUpgradeVersion = "1640"
   version = "1.7">
   <BuildAction
      parallelizeBuildables = "YES"
      buildImplicitDependencies = "YES"
      buildArchitectures = "Automatic">
      <BuildActionEntries>
         <BuildActionEntry
            buildForTesting = "YES"
            buildForRunning = "YES"
            buildForProfiling = "YES"
            buildForArchiving = "YES"
            buildForAnalyzing = "YES">
            <BuildableReference
               BuildableIdentifier = "primary"
               BlueprintIdentifier = "94AEB61824C21FAD00204E11"
               BuildableName = "libPhoneNumber-Demo.app"
               BlueprintName = "libPhoneNumber-Demo"
               ReferencedContainer = "container:libPhoneNumber-Demo.xcodeproj">
            </BuildableReference>
         </BuildActionEntry>
      </BuildActionEntries>
   </BuildAction>
   <TestAction
      buildConfiguration = "Debug"
      selectedDebuggerIdentifier = "Xcode.DebuggerFoundation.Debugger.LLDB"
      selectedLauncherIdentifier = "Xcode.DebuggerFoundation.Launcher.LLDB"
      shouldUseLaunchSchemeArgsEnv = "YES"
      shouldAutocreateTestPlan = "YES">
      <Testables>
         <TestableReference
            skipped = "NO">
            <BuildableReference
               BuildableIdentifier = "primary"
               BlueprintIdentifier = "94AEB62E24C21FAE00204E11"
               BuildableName = "libPhoneNumber-DemoTests.xctest"
               BlueprintName = "libPhoneNumber-DemoTests"
               ReferencedContainer = "container:libPhoneNumber-Demo.xcodeproj">
            </BuildableReference>
         </TestableReference>
         <TestableReference
            skipped = "NO">
            <BuildableReference
               BuildableIdentifier = "primary"
               BlueprintIdentifier = "94AEB63924C21FAE00204E11"
               BuildableName = "libPhoneNumber-DemoUITests.xctest"
               BlueprintName = "libPhoneNumber-DemoUITests"
               ReferencedContainer = "container:libPhoneNumber-Demo.xcodeproj">
            </BuildableReference>
         </TestableReference>
      </Testables>
   </TestAction>
   <LaunchAction
      buildConfiguration = "Debug"
      selectedDebuggerIdentifier = "Xcode.DebuggerFoundation.Debugger.LLDB"
      selectedLauncherIdentifier = "Xcode.DebuggerFoundation.Launcher.LLDB"
      launchStyle = "0"
      useCustomWorkingDirectory = "NO"
      ignoresPersistentStateOnLaunch = "NO"
      debugDocumentVersioning = "YES"
      debugServiceExtension = "internal"
      allowLocationSimulation = "YES">
      <BuildableProductRunnable
         runnableDebuggingMode = "0">
         <BuildableReference
            BuildableIdentifier = "primary"
            BlueprintIdentifier = "94AEB61824C21FAD00204E11"
            BuildableName = "libPhoneNumber-Demo.app"
            BlueprintName = "libPhoneNumber-Demo"
            ReferencedContainer = "container:libPhoneNumber-Demo-SPM.xcodeproj">
         </BuildableReference>
      </BuildableProductRunnable>
      <MacroExpansion>
         <BuildableReference
            BuildableIdentifier = "primary"
            BlueprintIdentifier = "94AEB61824C21FAD00204E11"
            BuildableName = "libPhoneNumber-Demo.app"
            BlueprintName = "libPhoneNumber-Demo"
            ReferencedContainer = "container:libPhoneNumber-Demo.xcodeproj">
         </BuildableReference>
      </MacroExpansion>
   </LaunchAction>
   <ProfileAction
      buildConfiguration = "Release"
      shouldUseLaunchSchemeArgsEnv = "YES"
      savedToolIdentifier = ""
      useCustomWorkingDirectory = "NO"
      debugDocumentVersioning = "YES">
      <BuildableProductRunnable
         runnableDebuggingMode = "0">
         <BuildableReference
            BuildableIdentifier = "primary"
            BlueprintIdentifier = "94AEB61824C21FAD00204E11"
            BuildableName = "libPhoneNumber-Demo.app"
            BlueprintName = "libPhoneNumber-Demo"
            ReferencedContainer = "container:libPhoneNumber-Demo.xcodeproj">
         </BuildableReference>
      </BuildableProductRunnable>
      <MacroExpansion>
         <BuildableReference
            BuildableIdentifier = "primary"
            BlueprintIdentifier = "94AEB61824C21FAD00204E11"
            BuildableName = "libPhoneNumber-Demo.app"
            BlueprintName = "libPhoneNumber-Demo"
            ReferencedContainer = "container:libPhoneNumber-Demo.xcodeproj">
         </BuildableReference>
      </MacroExpansion>
   </ProfileAction>
   <AnalyzeAction
      buildConfiguration = "Debug">
   </AnalyzeAction>
   <ArchiveAction
      buildConfiguration = "Release"
      revealArchiveInOrganizer = "YES">
   </ArchiveAction>
</Scheme>
